// !$*UTF8*$!
{
	archiveVersion = 1;
	classes = {
	};
	objectVersion = 54;
	objects = {

/* Begin PBXBuildFile section */
		26C2D9122C9092FB00FB968B /* Media.xcassets in Resources */ = {isa = PBXBuildFile; fileRef = 26C2D9102C9092FB00FB968B /* Media.xcassets */; };
		A98611F12D091C8900111154 /* FeedbackService.swift in Sources */ = {isa = PBXBuildFile; fileRef = A98611CE2D091C8900111154 /* FeedbackService.swift */; };
		A98611F22D091C8900111154 /* TextLiterals.swift in Sources */ = {isa = PBXBuildFile; fileRef = A98611A52D091C8900111154 /* TextLiterals.swift */; };
		A98611F32D091C8900111154 /* TimedButton.swift in Sources */ = {isa = PBXBuildFile; fileRef = A98611BD2D091C8900111154 /* TimedButton.swift */; };
		A98611F42D091C8900111154 /* DateExtension.swift in Sources */ = {isa = PBXBuildFile; fileRef = A98611D32D091C8900111154 /* DateExtension.swift */; };
		A98611F52D091C8900111154 /* AppliveryWebViewManager.swift in Sources */ = {isa = PBXBuildFile; fileRef = A98611A02D091C8900111154 /* AppliveryWebViewManager.swift */; };
		A98611F62D091C8900111154 /* GlobalConfig.swift in Sources */ = {isa = PBXBuildFile; fileRef = A98611CA2D091C8900111154 /* GlobalConfig.swift */; };
		A98611F72D091C8900111154 /* HTTPMethod.swift in Sources */ = {isa = PBXBuildFile; fileRef = A98611962D091C8900111154 /* HTTPMethod.swift */; };
		A98611F82D091C8900111154 /* Wifi.swift in Sources */ = {isa = PBXBuildFile; fileRef = A98611E42D091C8900111154 /* Wifi.swift */; };
		A98611F92D091C8900111154 /* Environments.swift in Sources */ = {isa = PBXBuildFile; fileRef = A98611D52D091C8900111154 /* Environments.swift */; };
		A98611FA2D091C8900111154 /* Keyboard.swift in Sources */ = {isa = PBXBuildFile; fileRef = A98611ED2D091C8900111154 /* Keyboard.swift */; };
		A98611FB2D091C8900111154 /* EventDetector.swift in Sources */ = {isa = PBXBuildFile; fileRef = A98611EC2D091C8900111154 /* EventDetector.swift */; };
		A98611FC2D091C8900111154 /* VideoFile.swift in Sources */ = {isa = PBXBuildFile; fileRef = A98611AF2D091C8900111154 /* VideoFile.swift */; };
		A98611FD2D091C8900111154 /* RecordingViewController.swift in Sources */ = {isa = PBXBuildFile; fileRef = A98611BC2D091C8900111154 /* RecordingViewController.swift */; };
		A98611FE2D091C8900111154 /* Log.swift in Sources */ = {isa = PBXBuildFile; fileRef = A98611DB2D091C8900111154 /* Log.swift */; };
		A98611FF2D091C8900111154 /* AppliveryEndpoint.swift in Sources */ = {isa = PBXBuildFile; fileRef = A98611942D091C8900111154 /* AppliveryEndpoint.swift */; };
		A98612002D091C8900111154 /* Localize.swift in Sources */ = {isa = PBXBuildFile; fileRef = A98611DA2D091C8900111154 /* Localize.swift */; };
		A98612012D091C8900111154 /* ScreenRecorderManager.swift in Sources */ = {isa = PBXBuildFile; fileRef = A98611EE2D091C8900111154 /* ScreenRecorderManager.swift */; };
		A98612022D091C8900111154 /* VideoPreviewScreen.swift in Sources */ = {isa = PBXBuildFile; fileRef = A98611BF2D091C8900111154 /* VideoPreviewScreen.swift */; };
		A98612032D091C8900111154 /* Keychain.swift in Sources */ = {isa = PBXBuildFile; fileRef = A986119A2D091C8900111154 /* Keychain.swift */; };
		A98612042D091C8900111154 /* LoginService.swift in Sources */ = {isa = PBXBuildFile; fileRef = A98611CF2D091C8900111154 /* LoginService.swift */; };
		A98612052D091C8900111154 /* Endpoint.swift in Sources */ = {isa = PBXBuildFile; fileRef = A98611952D091C8900111154 /* Endpoint.swift */; };
		A98612062D091C8900111154 /* AppliveryNavigationController.swift in Sources */ = {isa = PBXBuildFile; fileRef = A98611EA2D091C8900111154 /* AppliveryNavigationController.swift */; };
		A98612072D091C8900111154 /* LoginRepository.swift in Sources */ = {isa = PBXBuildFile; fileRef = A98611C42D091C8900111154 /* LoginRepository.swift */; };
		A98612082D091C8900111154 /* VideoPreviewRow.swift in Sources */ = {isa = PBXBuildFile; fileRef = A98611BE2D091C8900111154 /* VideoPreviewRow.swift */; };
		A98612092D091C8900111154 /* ErrorCodes.swift in Sources */ = {isa = PBXBuildFile; fileRef = A98611C62D091C8900111154 /* ErrorCodes.swift */; };
		A986120A2D091C8900111154 /* Device.swift in Sources */ = {isa = PBXBuildFile; fileRef = A98611EB2D091C8900111154 /* Device.swift */; };
		A986120B2D091C8900111154 /* Screenshot.swift in Sources */ = {isa = PBXBuildFile; fileRef = A98611EF2D091C8900111154 /* Screenshot.swift */; };
		A986120C2D091C8900111154 /* UIDevice+ModelName.swift in Sources */ = {isa = PBXBuildFile; fileRef = A98611E12D091C8900111154 /* UIDevice+ModelName.swift */; };
		A986120D2D091C8900111154 /* Configurator.swift in Sources */ = {isa = PBXBuildFile; fileRef = A98611C92D091C8900111154 /* Configurator.swift */; };
		A986120E2D091C8900111154 /* UpdateConfigResponse.swift in Sources */ = {isa = PBXBuildFile; fileRef = A98611AD2D091C8900111154 /* UpdateConfigResponse.swift */; };
		A986120F2D091C8900111154 /* ScreenshootPreviewScreen.swift in Sources */ = {isa = PBXBuildFile; fileRef = A98611B12D091C8900111154 /* ScreenshootPreviewScreen.swift */; };
		A98612102D091C8900111154 /* SessionPersister.swift in Sources */ = {isa = PBXBuildFile; fileRef = A986119B2D091C8900111154 /* SessionPersister.swift */; };
		A98612112D091C8900111154 /* ReportTypeView.swift in Sources */ = {isa = PBXBuildFile; fileRef = A98611B92D091C8900111154 /* ReportTypeView.swift */; };
		A98612122D091C8900111154 /* APIErrorResponse.swift in Sources */ = {isa = PBXBuildFile; fileRef = A98611932D091C8900111154 /* APIErrorResponse.swift */; };
		A98612132D091C8900111154 /* EditScreenshotView.swift in Sources */ = {isa = PBXBuildFile; fileRef = A98611B72D091C8900111154 /* EditScreenshotView.swift */; };
		A98612142D091C8900111154 /* Applivery.swift in Sources */ = {isa = PBXBuildFile; fileRef = A98611982D091C8900111154 /* Applivery.swift */; };
		A98612152D091C8900111154 /* Layout.swift in Sources */ = {isa = PBXBuildFile; fileRef = A98611D82D091C8900111154 /* Layout.swift */; };
		A98612162D091C8900111154 /* Config.swift in Sources */ = {isa = PBXBuildFile; fileRef = A98611A82D091C8900111154 /* Config.swift */; };
		A98612172D091C8900111154 /* App.swift in Sources */ = {isa = PBXBuildFile; fileRef = A98611E92D091C8900111154 /* App.swift */; };
		A98612182D091C8900111154 /* UIImageExtension.swift in Sources */ = {isa = PBXBuildFile; fileRef = A98611E22D091C8900111154 /* UIImageExtension.swift */; };
		A98612192D091C8900111154 /* ImageManager.swift in Sources */ = {isa = PBXBuildFile; fileRef = A98611A22D091C8900111154 /* ImageManager.swift */; };
		A986121A2D091C8900111154 /* TokenData.swift in Sources */ = {isa = PBXBuildFile; fileRef = A98611AC2D091C8900111154 /* TokenData.swift */; };
		A986121B2D091C8900111154 /* UpdateService.swift in Sources */ = {isa = PBXBuildFile; fileRef = A98611D02D091C8900111154 /* UpdateService.swift */; };
		A986121C2D091C8900111154 /* Ram.swift in Sources */ = {isa = PBXBuildFile; fileRef = A98611DE2D091C8900111154 /* Ram.swift */; };
		A986121D2D091C8900111154 /* Storyboard+Applivery.swift in Sources */ = {isa = PBXBuildFile; fileRef = A98611E02D091C8900111154 /* Storyboard+Applivery.swift */; };
		A986121E2D091C8900111154 /* DownloadService.swift in Sources */ = {isa = PBXBuildFile; fileRef = A98611CD2D091C8900111154 /* DownloadService.swift */; };
		A986121F2D091C8900111154 /* APIError.swift in Sources */ = {isa = PBXBuildFile; fileRef = A98611922D091C8900111154 /* APIError.swift */; };
		A98612202D091C8900111154 /* Feedback.swift in Sources */ = {isa = PBXBuildFile; fileRef = A98611A92D091C8900111154 /* Feedback.swift */; };
		A98612212D091C8900111154 /* ScreenshootViewModel.swift in Sources */ = {isa = PBXBuildFile; fileRef = A98611B32D091C8900111154 /* ScreenshootViewModel.swift */; };
		A98612222D091C8900111154 /* AccessToken.swift in Sources */ = {isa = PBXBuildFile; fileRef = A98611A72D091C8900111154 /* AccessToken.swift */; };
		A98612232D091C8900111154 /* UserDefaultsExtension.swift in Sources */ = {isa = PBXBuildFile; fileRef = A98611E32D091C8900111154 /* UserDefaultsExtension.swift */; };
		A98612242D091C8900111154 /* ScreenShootRowView.swift in Sources */ = {isa = PBXBuildFile; fileRef = A98611B52D091C8900111154 /* ScreenShootRowView.swift */; };
		A98612252D091C8900111154 /* Result.swift in Sources */ = {isa = PBXBuildFile; fileRef = A98611DF2D091C8900111154 /* Result.swift */; };
		A98612262D091C8900111154 /* ForceUpdateScreen.swift in Sources */ = {isa = PBXBuildFile; fileRef = A98611C22D091C8900111154 /* ForceUpdateScreen.swift */; };
		A98612272D091C8900111154 /* DiskStatus.swift in Sources */ = {isa = PBXBuildFile; fileRef = A98611D42D091C8900111154 /* DiskStatus.swift */; };
		A98612282D091C8900111154 /* Background.swift in Sources */ = {isa = PBXBuildFile; fileRef = A98611D22D091C8900111154 /* Background.swift */; };
		A98612292D091C8900111154 /* ErrorManager.swift in Sources */ = {isa = PBXBuildFile; fileRef = A98611A12D091C8900111154 /* ErrorManager.swift */; };
		A986122A2D091C8900111154 /* ConfigService.swift in Sources */ = {isa = PBXBuildFile; fileRef = A98611CC2D091C8900111154 /* ConfigService.swift */; };
		A986122B2D091C8900111154 /* LoginManager.swift in Sources */ = {isa = PBXBuildFile; fileRef = A98611A32D091C8900111154 /* LoginManager.swift */; };
		A986122C2D091C8900111154 /* APIClient.swift in Sources */ = {isa = PBXBuildFile; fileRef = A98611912D091C8900111154 /* APIClient.swift */; };
		A986122D2D091C8900111154 /* EmailTextFieldView.swift in Sources */ = {isa = PBXBuildFile; fileRef = A98611B82D091C8900111154 /* EmailTextFieldView.swift */; };
		A986122E2D091C8900111154 /* ViedeoPlayerView.swift in Sources */ = {isa = PBXBuildFile; fileRef = A98611C02D091C8900111154 /* ViedeoPlayerView.swift */; };
		A986122F2D091C8900111154 /* GeometryExtensions.swift in Sources */ = {isa = PBXBuildFile; fileRef = A98611D62D091C8900111154 /* GeometryExtensions.swift */; };
		A98612302D091C8900111154 /* Palette.swift in Sources */ = {isa = PBXBuildFile; fileRef = A98611AB2D091C8900111154 /* Palette.swift */; };
		A98612312D091C8900111154 /* ListHelper.swift in Sources */ = {isa = PBXBuildFile; fileRef = A98611D92D091C8900111154 /* ListHelper.swift */; };
		A98612322D091C8900111154 /* ConfigPersister.swift in Sources */ = {isa = PBXBuildFile; fileRef = A98611992D091C8900111154 /* ConfigPersister.swift */; };
		A98612332D091C8900111154 /* FeedbackData.swift in Sources */ = {isa = PBXBuildFile; fileRef = A98611AA2D091C8900111154 /* FeedbackData.swift */; };
		A98612342D091C8900111154 /* Colors.swift in Sources */ = {isa = PBXBuildFile; fileRef = A98611C82D091C8900111154 /* Colors.swift */; };
		A98612352D091C8900111154 /* Json.swift in Sources */ = {isa = PBXBuildFile; fileRef = A98611D72D091C8900111154 /* Json.swift */; };
		A98612362D091C8900111154 /* User.swift in Sources */ = {isa = PBXBuildFile; fileRef = A98611AE2D091C8900111154 /* User.swift */; };
		A98612372D091C8900111154 /* NSError+Applivery.swift in Sources */ = {isa = PBXBuildFile; fileRef = A98611DD2D091C8900111154 /* NSError+Applivery.swift */; };
		A98612382D091C8900111154 /* StartInteractor.swift in Sources */ = {isa = PBXBuildFile; fileRef = A986119E2D091C8900111154 /* StartInteractor.swift */; };
		A98612392D091C8900111154 /* NSBundle+Applivery.swift in Sources */ = {isa = PBXBuildFile; fileRef = A98611DC2D091C8900111154 /* NSBundle+Applivery.swift */; };
		A986123A2D091C8900111154 /* AppliveryWindow.swift in Sources */ = {isa = PBXBuildFile; fileRef = A98611E72D091C8900111154 /* AppliveryWindow.swift */; };
		A986123B2D091C8900111154 /* Applivery.storyboard in Resources */ = {isa = PBXBuildFile; fileRef = A98611E62D091C8900111154 /* Applivery.storyboard */; };
		D880104325D00582005490FA /* Nimble in Frameworks */ = {isa = PBXBuildFile; productRef = D880104225D00582005490FA /* Nimble */; };
		D880104725D005A5005490FA /* Quick in Frameworks */ = {isa = PBXBuildFile; productRef = D880104625D005A5005490FA /* Quick */; };
		D880104B25D005C9005490FA /* OHHTTPStubs in Frameworks */ = {isa = PBXBuildFile; productRef = D880104A25D005C9005490FA /* OHHTTPStubs */; };
		D880104D25D005C9005490FA /* OHHTTPStubsSwift in Frameworks */ = {isa = PBXBuildFile; productRef = D880104C25D005C9005490FA /* OHHTTPStubsSwift */; };
		D8F3DE3D25D0066E009E036C /* DeviceMock.swift in Sources */ = {isa = PBXBuildFile; fileRef = D8F3DE2725D0066E009E036C /* DeviceMock.swift */; };
		D8F3DE3E25D0066E009E036C /* DownloadDataManagerMock.swift in Sources */ = {isa = PBXBuildFile; fileRef = D8F3DE2825D0066E009E036C /* DownloadDataManagerMock.swift */; };
		D8F3DE3F25D0066E009E036C /* FeedbackInteractorMock.swift in Sources */ = {isa = PBXBuildFile; fileRef = D8F3DE2925D0066E009E036C /* FeedbackInteractorMock.swift */; };
		D8F3DE4025D0066E009E036C /* UpdateCoordinatorMock.swift in Sources */ = {isa = PBXBuildFile; fileRef = D8F3DE2A25D0066E009E036C /* UpdateCoordinatorMock.swift */; };
		D8F3DE4125D0066E009E036C /* UpdateInteractoMock.swift in Sources */ = {isa = PBXBuildFile; fileRef = D8F3DE2B25D0066E009E036C /* UpdateInteractoMock.swift */; };
		D8F3DE4225D0066E009E036C /* ConfigServiceMock.swift in Sources */ = {isa = PBXBuildFile; fileRef = D8F3DE2C25D0066E009E036C /* ConfigServiceMock.swift */; };
		D8F3DE4325D0066E009E036C /* FeedbackServiceMock.swift in Sources */ = {isa = PBXBuildFile; fileRef = D8F3DE2D25D0066E009E036C /* FeedbackServiceMock.swift */; };
		D8F3DE4425D0066E009E036C /* ImageManagerMock.swift in Sources */ = {isa = PBXBuildFile; fileRef = D8F3DE2E25D0066E009E036C /* ImageManagerMock.swift */; };
		D8F3DE4525D0066E009E036C /* Images in Resources */ = {isa = PBXBuildFile; fileRef = D8F3DE2F25D0066E009E036C /* Images */; };
		D8F3DE4625D0066E009E036C /* FeedbackCoordinatorMock.swift in Sources */ = {isa = PBXBuildFile; fileRef = D8F3DE3025D0066E009E036C /* FeedbackCoordinatorMock.swift */; };
		D8F3DE4725D0066E009E036C /* EventDetectorMock.swift in Sources */ = {isa = PBXBuildFile; fileRef = D8F3DE3125D0066E009E036C /* EventDetectorMock.swift */; };
		D8F3DE4825D0066E009E036C /* UserDefaultsMock.swift in Sources */ = {isa = PBXBuildFile; fileRef = D8F3DE3225D0066E009E036C /* UserDefaultsMock.swift */; };
		D8F3DE4925D0066E009E036C /* JSON in Resources */ = {isa = PBXBuildFile; fileRef = D8F3DE3325D0066E009E036C /* JSON */; };
		D8F3DE4A25D0066E009E036C /* StartInteractorOutputMock.swift in Sources */ = {isa = PBXBuildFile; fileRef = D8F3DE3425D0066E009E036C /* StartInteractorOutputMock.swift */; };
		D8F3DE4B25D0066E009E036C /* ConfigPersisterMock.swift in Sources */ = {isa = PBXBuildFile; fileRef = D8F3DE3525D0066E009E036C /* ConfigPersisterMock.swift */; };
		D8F3DE4C25D0066E009E036C /* AppMock.swift in Sources */ = {isa = PBXBuildFile; fileRef = D8F3DE3625D0066E009E036C /* AppMock.swift */; };
		D8F3DE4D25D0066E009E036C /* StartInteractorMock.swift in Sources */ = {isa = PBXBuildFile; fileRef = D8F3DE3725D0066E009E036C /* StartInteractorMock.swift */; };
		D8F3DE4E25D0066E009E036C /* UpdateInteractorOutputMock.swift in Sources */ = {isa = PBXBuildFile; fileRef = D8F3DE3825D0066E009E036C /* UpdateInteractorOutputMock.swift */; };
		D8F3DE4F25D0066E009E036C /* FeedbackViewMock.swift in Sources */ = {isa = PBXBuildFile; fileRef = D8F3DE3925D0066E009E036C /* FeedbackViewMock.swift */; };
		D8F3DE5025D0066E009E036C /* UpdateViewMock.swift in Sources */ = {isa = PBXBuildFile; fileRef = D8F3DE3A25D0066E009E036C /* UpdateViewMock.swift */; };
		D8F3DE5125D0066E009E036C /* ScreenshotInteractorMock.swift in Sources */ = {isa = PBXBuildFile; fileRef = D8F3DE3B25D0066E009E036C /* ScreenshotInteractorMock.swift */; };
		D8F3DE5225D0066E009E036C /* DownloadServiceMock.swift in Sources */ = {isa = PBXBuildFile; fileRef = D8F3DE3C25D0066E009E036C /* DownloadServiceMock.swift */; };
		D8F3DE5625D00686009E036C /* StubResponseHelper.swift in Sources */ = {isa = PBXBuildFile; fileRef = D8F3DE5525D00686009E036C /* StubResponseHelper.swift */; };
		D8F3DE6025D008C0009E036C /* request_token_ok_no_token.json in Resources */ = {isa = PBXBuildFile; fileRef = D8F3DE5C25D008C0009E036C /* request_token_ok_no_token.json */; };
		D8F3DE6125D008C0009E036C /* ko.json in Resources */ = {isa = PBXBuildFile; fileRef = D8F3DE5D25D008C0009E036C /* ko.json */; };
		D8F3DE6225D008C0009E036C /* request_token_ok.json in Resources */ = {isa = PBXBuildFile; fileRef = D8F3DE5E25D008C0009E036C /* request_token_ok.json */; };
		D8F3DE6325D008C0009E036C /* feedback_ok.json in Resources */ = {isa = PBXBuildFile; fileRef = D8F3DE5F25D008C0009E036C /* feedback_ok.json */; };
		FA201F751E9049410090128F /* StartSpecs.swift in Sources */ = {isa = PBXBuildFile; fileRef = FA201F741E9049410090128F /* StartSpecs.swift */; };
		FA2C455A1C4D20A300E72847 /* Localizable.strings in Resources */ = {isa = PBXBuildFile; fileRef = FA2C455C1C4D20A300E72847 /* Localizable.strings */; };
		FA2EAC871E915EFE00CC9BBF /* UserDefaults.swift in Sources */ = {isa = PBXBuildFile; fileRef = FA2EAC861E915EFE00CC9BBF /* UserDefaults.swift */; };
		FA3AB8EA2055AE3B00B49D3A /* login_success.json in Resources */ = {isa = PBXBuildFile; fileRef = FA3AB8E92055AE3B00B49D3A /* login_success.json */; };
		FA3AB8EF2055FB4700B49D3A /* invalid_credentials.json in Resources */ = {isa = PBXBuildFile; fileRef = FA3AB8EE2055FB4700B49D3A /* invalid_credentials.json */; };
		FA486A2C2311DD2100E464F5 /* LocalizableConstants.swift in Sources */ = {isa = PBXBuildFile; fileRef = FA486A2B2311DD2000E464F5 /* LocalizableConstants.swift */; };
		FA5EA6501E6CCB6600590120 /* Applivery.framework in Frameworks */ = {isa = PBXBuildFile; fileRef = FA68D8F21BC040B000589DE4 /* Applivery.framework */; };
		FA68D8F61BC040B100589DE4 /* Applivery.h in Headers */ = {isa = PBXBuildFile; fileRef = FA68D8F51BC040B100589DE4 /* Applivery.h */; settings = {ATTRIBUTES = (Public, ); }; };
		FA7F4CDE1EE763A600BA2F52 /* test_images.xcassets in Resources */ = {isa = PBXBuildFile; fileRef = FA7F4CDC1EE7615100BA2F52 /* test_images.xcassets */; };
		FA879950231455DE0033B392 /* RequestSpecs.swift in Sources */ = {isa = PBXBuildFile; fileRef = FA87994F231455DE0033B392 /* RequestSpecs.swift */; };
		FA8DDA081E99671000A2BB95 /* OTAUpdateSpecs.swift in Sources */ = {isa = PBXBuildFile; fileRef = FA8DDA071E99671000A2BB95 /* OTAUpdateSpecs.swift */; };
		FA9A70C1248D6402001DF55E /* error_5003.json in Resources */ = {isa = PBXBuildFile; fileRef = FA9A70C0248D6402001DF55E /* error_5003.json */; };
		FA9F506F2368F599008D591C /* ConfiguratorMock.swift in Sources */ = {isa = PBXBuildFile; fileRef = FA9F506E2368F599008D591C /* ConfiguratorMock.swift */; };
		FAA043EA2311B2E600F8C42B /* error_5004.json in Resources */ = {isa = PBXBuildFile; fileRef = FAA043E92311B2E600F8C42B /* error_5004.json */; };
		FAAFFA28249EAB43009CC5DF /* error_4002.json in Resources */ = {isa = PBXBuildFile; fileRef = FAAFFA27249EAB43009CC5DF /* error_4002.json */; };
		FABA22F71E9D30040000EBA9 /* ForceUpdateSpecs.swift in Sources */ = {isa = PBXBuildFile; fileRef = FABA22F61E9D30040000EBA9 /* ForceUpdateSpecs.swift */; };
		FADA301C1E90677500DAC96E /* config_success.json in Resources */ = {isa = PBXBuildFile; fileRef = FADA301B1E90677500DAC96E /* config_success.json */; };
		FAFF91B61EA14794007B20C9 /* FeedbackSpecs.swift in Sources */ = {isa = PBXBuildFile; fileRef = FAFF91B51EA14794007B20C9 /* FeedbackSpecs.swift */; };
/* End PBXBuildFile section */

/* Begin PBXContainerItemProxy section */
		FA5EA6511E6CCB6600590120 /* PBXContainerItemProxy */ = {
			isa = PBXContainerItemProxy;
			containerPortal = FA68D8E91BC040B000589DE4 /* Project object */;
			proxyType = 1;
			remoteGlobalIDString = FA68D8F11BC040B000589DE4;
			remoteInfo = Applivery;
		};
/* End PBXContainerItemProxy section */

/* Begin PBXCopyFilesBuildPhase section */
		FA5EA6591E6CCBFD00590120 /* Frameworks */ = {
			isa = PBXCopyFilesBuildPhase;
			buildActionMask = 2147483647;
			dstPath = "";
			dstSubfolderSpec = 10;
			files = (
			);
			name = Frameworks;
			runOnlyForDeploymentPostprocessing = 0;
		};
/* End PBXCopyFilesBuildPhase section */

/* Begin PBXFileReference section */
		26C2D9102C9092FB00FB968B /* Media.xcassets */ = {isa = PBXFileReference; lastKnownFileType = folder.assetcatalog; path = Media.xcassets; sourceTree = "<group>"; };
		A98611912D091C8900111154 /* APIClient.swift */ = {isa = PBXFileReference; lastKnownFileType = sourcecode.swift; path = APIClient.swift; sourceTree = "<group>"; };
		A98611922D091C8900111154 /* APIError.swift */ = {isa = PBXFileReference; lastKnownFileType = sourcecode.swift; path = APIError.swift; sourceTree = "<group>"; };
		A98611932D091C8900111154 /* APIErrorResponse.swift */ = {isa = PBXFileReference; lastKnownFileType = sourcecode.swift; path = APIErrorResponse.swift; sourceTree = "<group>"; };
		A98611942D091C8900111154 /* AppliveryEndpoint.swift */ = {isa = PBXFileReference; lastKnownFileType = sourcecode.swift; path = AppliveryEndpoint.swift; sourceTree = "<group>"; };
		A98611952D091C8900111154 /* Endpoint.swift */ = {isa = PBXFileReference; lastKnownFileType = sourcecode.swift; path = Endpoint.swift; sourceTree = "<group>"; };
		A98611962D091C8900111154 /* HTTPMethod.swift */ = {isa = PBXFileReference; lastKnownFileType = sourcecode.swift; path = HTTPMethod.swift; sourceTree = "<group>"; };
		A98611982D091C8900111154 /* Applivery.swift */ = {isa = PBXFileReference; lastKnownFileType = sourcecode.swift; path = Applivery.swift; sourceTree = "<group>"; };
		A98611992D091C8900111154 /* ConfigPersister.swift */ = {isa = PBXFileReference; lastKnownFileType = sourcecode.swift; path = ConfigPersister.swift; sourceTree = "<group>"; };
		A986119A2D091C8900111154 /* Keychain.swift */ = {isa = PBXFileReference; lastKnownFileType = sourcecode.swift; path = Keychain.swift; sourceTree = "<group>"; };
		A986119B2D091C8900111154 /* SessionPersister.swift */ = {isa = PBXFileReference; lastKnownFileType = sourcecode.swift; path = SessionPersister.swift; sourceTree = "<group>"; };
		A986119E2D091C8900111154 /* StartInteractor.swift */ = {isa = PBXFileReference; lastKnownFileType = sourcecode.swift; path = StartInteractor.swift; sourceTree = "<group>"; };
		A98611A02D091C8900111154 /* AppliveryWebViewManager.swift */ = {isa = PBXFileReference; lastKnownFileType = sourcecode.swift; path = AppliveryWebViewManager.swift; sourceTree = "<group>"; };
		A98611A12D091C8900111154 /* ErrorManager.swift */ = {isa = PBXFileReference; lastKnownFileType = sourcecode.swift; path = ErrorManager.swift; sourceTree = "<group>"; };
		A98611A22D091C8900111154 /* ImageManager.swift */ = {isa = PBXFileReference; lastKnownFileType = sourcecode.swift; path = ImageManager.swift; sourceTree = "<group>"; };
		A98611A32D091C8900111154 /* LoginManager.swift */ = {isa = PBXFileReference; lastKnownFileType = sourcecode.swift; path = LoginManager.swift; sourceTree = "<group>"; };
		A98611A52D091C8900111154 /* TextLiterals.swift */ = {isa = PBXFileReference; lastKnownFileType = sourcecode.swift; path = TextLiterals.swift; sourceTree = "<group>"; };
		A98611A72D091C8900111154 /* AccessToken.swift */ = {isa = PBXFileReference; lastKnownFileType = sourcecode.swift; path = AccessToken.swift; sourceTree = "<group>"; };
		A98611A82D091C8900111154 /* Config.swift */ = {isa = PBXFileReference; lastKnownFileType = sourcecode.swift; path = Config.swift; sourceTree = "<group>"; };
		A98611A92D091C8900111154 /* Feedback.swift */ = {isa = PBXFileReference; lastKnownFileType = sourcecode.swift; path = Feedback.swift; sourceTree = "<group>"; };
		A98611AA2D091C8900111154 /* FeedbackData.swift */ = {isa = PBXFileReference; lastKnownFileType = sourcecode.swift; path = FeedbackData.swift; sourceTree = "<group>"; };
		A98611AB2D091C8900111154 /* Palette.swift */ = {isa = PBXFileReference; lastKnownFileType = sourcecode.swift; path = Palette.swift; sourceTree = "<group>"; };
		A98611AC2D091C8900111154 /* TokenData.swift */ = {isa = PBXFileReference; lastKnownFileType = sourcecode.swift; path = TokenData.swift; sourceTree = "<group>"; };
		A98611AD2D091C8900111154 /* UpdateConfigResponse.swift */ = {isa = PBXFileReference; lastKnownFileType = sourcecode.swift; path = UpdateConfigResponse.swift; sourceTree = "<group>"; };
		A98611AE2D091C8900111154 /* User.swift */ = {isa = PBXFileReference; lastKnownFileType = sourcecode.swift; path = User.swift; sourceTree = "<group>"; };
		A98611AF2D091C8900111154 /* VideoFile.swift */ = {isa = PBXFileReference; lastKnownFileType = sourcecode.swift; path = VideoFile.swift; sourceTree = "<group>"; };
		A98611B12D091C8900111154 /* ScreenshootPreviewScreen.swift */ = {isa = PBXFileReference; lastKnownFileType = sourcecode.swift; path = ScreenshootPreviewScreen.swift; sourceTree = "<group>"; };
		A98611B32D091C8900111154 /* ScreenshootViewModel.swift */ = {isa = PBXFileReference; lastKnownFileType = sourcecode.swift; path = ScreenshootViewModel.swift; sourceTree = "<group>"; };
		A98611B52D091C8900111154 /* ScreenShootRowView.swift */ = {isa = PBXFileReference; lastKnownFileType = sourcecode.swift; path = ScreenShootRowView.swift; sourceTree = "<group>"; };
		A98611B72D091C8900111154 /* EditScreenshotView.swift */ = {isa = PBXFileReference; lastKnownFileType = sourcecode.swift; path = EditScreenshotView.swift; sourceTree = "<group>"; };
		A98611B82D091C8900111154 /* EmailTextFieldView.swift */ = {isa = PBXFileReference; lastKnownFileType = sourcecode.swift; path = EmailTextFieldView.swift; sourceTree = "<group>"; };
		A98611B92D091C8900111154 /* ReportTypeView.swift */ = {isa = PBXFileReference; lastKnownFileType = sourcecode.swift; path = ReportTypeView.swift; sourceTree = "<group>"; };
		A98611BC2D091C8900111154 /* RecordingViewController.swift */ = {isa = PBXFileReference; lastKnownFileType = sourcecode.swift; path = RecordingViewController.swift; sourceTree = "<group>"; };
		A98611BD2D091C8900111154 /* TimedButton.swift */ = {isa = PBXFileReference; lastKnownFileType = sourcecode.swift; path = TimedButton.swift; sourceTree = "<group>"; };
		A98611BE2D091C8900111154 /* VideoPreviewRow.swift */ = {isa = PBXFileReference; lastKnownFileType = sourcecode.swift; path = VideoPreviewRow.swift; sourceTree = "<group>"; };
		A98611BF2D091C8900111154 /* VideoPreviewScreen.swift */ = {isa = PBXFileReference; lastKnownFileType = sourcecode.swift; path = VideoPreviewScreen.swift; sourceTree = "<group>"; };
		A98611C02D091C8900111154 /* ViedeoPlayerView.swift */ = {isa = PBXFileReference; lastKnownFileType = sourcecode.swift; path = ViedeoPlayerView.swift; sourceTree = "<group>"; };
		A98611C22D091C8900111154 /* ForceUpdateScreen.swift */ = {isa = PBXFileReference; lastKnownFileType = sourcecode.swift; path = ForceUpdateScreen.swift; sourceTree = "<group>"; };
		A98611C42D091C8900111154 /* LoginRepository.swift */ = {isa = PBXFileReference; lastKnownFileType = sourcecode.swift; path = LoginRepository.swift; sourceTree = "<group>"; };
		A98611C62D091C8900111154 /* ErrorCodes.swift */ = {isa = PBXFileReference; lastKnownFileType = sourcecode.swift; path = ErrorCodes.swift; sourceTree = "<group>"; };
		A98611C82D091C8900111154 /* Colors.swift */ = {isa = PBXFileReference; lastKnownFileType = sourcecode.swift; path = Colors.swift; sourceTree = "<group>"; };
		A98611C92D091C8900111154 /* Configurator.swift */ = {isa = PBXFileReference; lastKnownFileType = sourcecode.swift; path = Configurator.swift; sourceTree = "<group>"; };
		A98611CA2D091C8900111154 /* GlobalConfig.swift */ = {isa = PBXFileReference; lastKnownFileType = sourcecode.swift; path = GlobalConfig.swift; sourceTree = "<group>"; };
		A98611CC2D091C8900111154 /* ConfigService.swift */ = {isa = PBXFileReference; lastKnownFileType = sourcecode.swift; path = ConfigService.swift; sourceTree = "<group>"; };
		A98611CD2D091C8900111154 /* DownloadService.swift */ = {isa = PBXFileReference; lastKnownFileType = sourcecode.swift; path = DownloadService.swift; sourceTree = "<group>"; };
		A98611CE2D091C8900111154 /* FeedbackService.swift */ = {isa = PBXFileReference; lastKnownFileType = sourcecode.swift; path = FeedbackService.swift; sourceTree = "<group>"; };
		A98611CF2D091C8900111154 /* LoginService.swift */ = {isa = PBXFileReference; lastKnownFileType = sourcecode.swift; path = LoginService.swift; sourceTree = "<group>"; };
		A98611D02D091C8900111154 /* UpdateService.swift */ = {isa = PBXFileReference; lastKnownFileType = sourcecode.swift; path = UpdateService.swift; sourceTree = "<group>"; };
		A98611D22D091C8900111154 /* Background.swift */ = {isa = PBXFileReference; lastKnownFileType = sourcecode.swift; path = Background.swift; sourceTree = "<group>"; };
		A98611D32D091C8900111154 /* DateExtension.swift */ = {isa = PBXFileReference; lastKnownFileType = sourcecode.swift; path = DateExtension.swift; sourceTree = "<group>"; };
		A98611D42D091C8900111154 /* DiskStatus.swift */ = {isa = PBXFileReference; lastKnownFileType = sourcecode.swift; path = DiskStatus.swift; sourceTree = "<group>"; };
		A98611D52D091C8900111154 /* Environments.swift */ = {isa = PBXFileReference; lastKnownFileType = sourcecode.swift; path = Environments.swift; sourceTree = "<group>"; };
		A98611D62D091C8900111154 /* GeometryExtensions.swift */ = {isa = PBXFileReference; lastKnownFileType = sourcecode.swift; path = GeometryExtensions.swift; sourceTree = "<group>"; };
		A98611D72D091C8900111154 /* Json.swift */ = {isa = PBXFileReference; lastKnownFileType = sourcecode.swift; path = Json.swift; sourceTree = "<group>"; };
		A98611D82D091C8900111154 /* Layout.swift */ = {isa = PBXFileReference; lastKnownFileType = sourcecode.swift; path = Layout.swift; sourceTree = "<group>"; };
		A98611D92D091C8900111154 /* ListHelper.swift */ = {isa = PBXFileReference; lastKnownFileType = sourcecode.swift; path = ListHelper.swift; sourceTree = "<group>"; };
		A98611DA2D091C8900111154 /* Localize.swift */ = {isa = PBXFileReference; lastKnownFileType = sourcecode.swift; path = Localize.swift; sourceTree = "<group>"; };
		A98611DB2D091C8900111154 /* Log.swift */ = {isa = PBXFileReference; lastKnownFileType = sourcecode.swift; path = Log.swift; sourceTree = "<group>"; };
		A98611DC2D091C8900111154 /* NSBundle+Applivery.swift */ = {isa = PBXFileReference; lastKnownFileType = sourcecode.swift; path = "NSBundle+Applivery.swift"; sourceTree = "<group>"; };
		A98611DD2D091C8900111154 /* NSError+Applivery.swift */ = {isa = PBXFileReference; lastKnownFileType = sourcecode.swift; path = "NSError+Applivery.swift"; sourceTree = "<group>"; };
		A98611DE2D091C8900111154 /* Ram.swift */ = {isa = PBXFileReference; lastKnownFileType = sourcecode.swift; path = Ram.swift; sourceTree = "<group>"; };
		A98611DF2D091C8900111154 /* Result.swift */ = {isa = PBXFileReference; lastKnownFileType = sourcecode.swift; path = Result.swift; sourceTree = "<group>"; };
		A98611E02D091C8900111154 /* Storyboard+Applivery.swift */ = {isa = PBXFileReference; lastKnownFileType = sourcecode.swift; path = "Storyboard+Applivery.swift"; sourceTree = "<group>"; };
		A98611E12D091C8900111154 /* UIDevice+ModelName.swift */ = {isa = PBXFileReference; lastKnownFileType = sourcecode.swift; path = "UIDevice+ModelName.swift"; sourceTree = "<group>"; };
		A98611E22D091C8900111154 /* UIImageExtension.swift */ = {isa = PBXFileReference; lastKnownFileType = sourcecode.swift; path = UIImageExtension.swift; sourceTree = "<group>"; };
		A98611E32D091C8900111154 /* UserDefaultsExtension.swift */ = {isa = PBXFileReference; lastKnownFileType = sourcecode.swift; path = UserDefaultsExtension.swift; sourceTree = "<group>"; };
		A98611E42D091C8900111154 /* Wifi.swift */ = {isa = PBXFileReference; lastKnownFileType = sourcecode.swift; path = Wifi.swift; sourceTree = "<group>"; };
		A98611E62D091C8900111154 /* Applivery.storyboard */ = {isa = PBXFileReference; lastKnownFileType = file.storyboard; path = Applivery.storyboard; sourceTree = "<group>"; };
		A98611E72D091C8900111154 /* AppliveryWindow.swift */ = {isa = PBXFileReference; lastKnownFileType = sourcecode.swift; path = AppliveryWindow.swift; sourceTree = "<group>"; };
		A98611E92D091C8900111154 /* App.swift */ = {isa = PBXFileReference; lastKnownFileType = sourcecode.swift; path = App.swift; sourceTree = "<group>"; };
		A98611EA2D091C8900111154 /* AppliveryNavigationController.swift */ = {isa = PBXFileReference; lastKnownFileType = sourcecode.swift; path = AppliveryNavigationController.swift; sourceTree = "<group>"; };
		A98611EB2D091C8900111154 /* Device.swift */ = {isa = PBXFileReference; lastKnownFileType = sourcecode.swift; path = Device.swift; sourceTree = "<group>"; };
		A98611EC2D091C8900111154 /* EventDetector.swift */ = {isa = PBXFileReference; lastKnownFileType = sourcecode.swift; path = EventDetector.swift; sourceTree = "<group>"; };
		A98611ED2D091C8900111154 /* Keyboard.swift */ = {isa = PBXFileReference; lastKnownFileType = sourcecode.swift; path = Keyboard.swift; sourceTree = "<group>"; };
		A98611EE2D091C8900111154 /* ScreenRecorderManager.swift */ = {isa = PBXFileReference; lastKnownFileType = sourcecode.swift; path = ScreenRecorderManager.swift; sourceTree = "<group>"; };
		A98611EF2D091C8900111154 /* Screenshot.swift */ = {isa = PBXFileReference; lastKnownFileType = sourcecode.swift; path = Screenshot.swift; sourceTree = "<group>"; };
		D8F3DE2725D0066E009E036C /* DeviceMock.swift */ = {isa = PBXFileReference; fileEncoding = 4; lastKnownFileType = sourcecode.swift; name = DeviceMock.swift; path = Mocks/DeviceMock.swift; sourceTree = "<group>"; };
		D8F3DE2825D0066E009E036C /* DownloadDataManagerMock.swift */ = {isa = PBXFileReference; fileEncoding = 4; lastKnownFileType = sourcecode.swift; name = DownloadDataManagerMock.swift; path = Mocks/DownloadDataManagerMock.swift; sourceTree = "<group>"; };
		D8F3DE2925D0066E009E036C /* FeedbackInteractorMock.swift */ = {isa = PBXFileReference; fileEncoding = 4; lastKnownFileType = sourcecode.swift; name = FeedbackInteractorMock.swift; path = Mocks/FeedbackInteractorMock.swift; sourceTree = "<group>"; };
		D8F3DE2A25D0066E009E036C /* UpdateCoordinatorMock.swift */ = {isa = PBXFileReference; fileEncoding = 4; lastKnownFileType = sourcecode.swift; name = UpdateCoordinatorMock.swift; path = Mocks/UpdateCoordinatorMock.swift; sourceTree = "<group>"; };
		D8F3DE2B25D0066E009E036C /* UpdateInteractoMock.swift */ = {isa = PBXFileReference; fileEncoding = 4; lastKnownFileType = sourcecode.swift; name = UpdateInteractoMock.swift; path = Mocks/UpdateInteractoMock.swift; sourceTree = "<group>"; };
		D8F3DE2C25D0066E009E036C /* ConfigServiceMock.swift */ = {isa = PBXFileReference; fileEncoding = 4; lastKnownFileType = sourcecode.swift; name = ConfigServiceMock.swift; path = Mocks/ConfigServiceMock.swift; sourceTree = "<group>"; };
		D8F3DE2D25D0066E009E036C /* FeedbackServiceMock.swift */ = {isa = PBXFileReference; fileEncoding = 4; lastKnownFileType = sourcecode.swift; name = FeedbackServiceMock.swift; path = Mocks/FeedbackServiceMock.swift; sourceTree = "<group>"; };
		D8F3DE2E25D0066E009E036C /* ImageManagerMock.swift */ = {isa = PBXFileReference; fileEncoding = 4; lastKnownFileType = sourcecode.swift; name = ImageManagerMock.swift; path = Mocks/ImageManagerMock.swift; sourceTree = "<group>"; };
		D8F3DE2F25D0066E009E036C /* Images */ = {isa = PBXFileReference; lastKnownFileType = folder; name = Images; path = Mocks/Images; sourceTree = "<group>"; };
		D8F3DE3025D0066E009E036C /* FeedbackCoordinatorMock.swift */ = {isa = PBXFileReference; fileEncoding = 4; lastKnownFileType = sourcecode.swift; name = FeedbackCoordinatorMock.swift; path = Mocks/FeedbackCoordinatorMock.swift; sourceTree = "<group>"; };
		D8F3DE3125D0066E009E036C /* EventDetectorMock.swift */ = {isa = PBXFileReference; fileEncoding = 4; lastKnownFileType = sourcecode.swift; name = EventDetectorMock.swift; path = Mocks/EventDetectorMock.swift; sourceTree = "<group>"; };
		D8F3DE3225D0066E009E036C /* UserDefaultsMock.swift */ = {isa = PBXFileReference; fileEncoding = 4; lastKnownFileType = sourcecode.swift; name = UserDefaultsMock.swift; path = Mocks/UserDefaultsMock.swift; sourceTree = "<group>"; };
		D8F3DE3325D0066E009E036C /* JSON */ = {isa = PBXFileReference; lastKnownFileType = folder; name = JSON; path = Mocks/JSON; sourceTree = "<group>"; };
		D8F3DE3425D0066E009E036C /* StartInteractorOutputMock.swift */ = {isa = PBXFileReference; fileEncoding = 4; lastKnownFileType = sourcecode.swift; name = StartInteractorOutputMock.swift; path = Mocks/StartInteractorOutputMock.swift; sourceTree = "<group>"; };
		D8F3DE3525D0066E009E036C /* ConfigPersisterMock.swift */ = {isa = PBXFileReference; fileEncoding = 4; lastKnownFileType = sourcecode.swift; name = ConfigPersisterMock.swift; path = Mocks/ConfigPersisterMock.swift; sourceTree = "<group>"; };
		D8F3DE3625D0066E009E036C /* AppMock.swift */ = {isa = PBXFileReference; fileEncoding = 4; lastKnownFileType = sourcecode.swift; name = AppMock.swift; path = Mocks/AppMock.swift; sourceTree = "<group>"; };
		D8F3DE3725D0066E009E036C /* StartInteractorMock.swift */ = {isa = PBXFileReference; fileEncoding = 4; lastKnownFileType = sourcecode.swift; name = StartInteractorMock.swift; path = Mocks/StartInteractorMock.swift; sourceTree = "<group>"; };
		D8F3DE3825D0066E009E036C /* UpdateInteractorOutputMock.swift */ = {isa = PBXFileReference; fileEncoding = 4; lastKnownFileType = sourcecode.swift; name = UpdateInteractorOutputMock.swift; path = Mocks/UpdateInteractorOutputMock.swift; sourceTree = "<group>"; };
		D8F3DE3925D0066E009E036C /* FeedbackViewMock.swift */ = {isa = PBXFileReference; fileEncoding = 4; lastKnownFileType = sourcecode.swift; name = FeedbackViewMock.swift; path = Mocks/FeedbackViewMock.swift; sourceTree = "<group>"; };
		D8F3DE3A25D0066E009E036C /* UpdateViewMock.swift */ = {isa = PBXFileReference; fileEncoding = 4; lastKnownFileType = sourcecode.swift; name = UpdateViewMock.swift; path = Mocks/UpdateViewMock.swift; sourceTree = "<group>"; };
		D8F3DE3B25D0066E009E036C /* ScreenshotInteractorMock.swift */ = {isa = PBXFileReference; fileEncoding = 4; lastKnownFileType = sourcecode.swift; name = ScreenshotInteractorMock.swift; path = Mocks/ScreenshotInteractorMock.swift; sourceTree = "<group>"; };
		D8F3DE3C25D0066E009E036C /* DownloadServiceMock.swift */ = {isa = PBXFileReference; fileEncoding = 4; lastKnownFileType = sourcecode.swift; name = DownloadServiceMock.swift; path = Mocks/DownloadServiceMock.swift; sourceTree = "<group>"; };
		D8F3DE5525D00686009E036C /* StubResponseHelper.swift */ = {isa = PBXFileReference; fileEncoding = 4; lastKnownFileType = sourcecode.swift; name = StubResponseHelper.swift; path = Helpers/StubResponseHelper.swift; sourceTree = "<group>"; };
		D8F3DE5C25D008C0009E036C /* request_token_ok_no_token.json */ = {isa = PBXFileReference; fileEncoding = 4; lastKnownFileType = text.json; name = request_token_ok_no_token.json; path = Mocks/JSON/request_token_ok_no_token.json; sourceTree = "<group>"; };
		D8F3DE5D25D008C0009E036C /* ko.json */ = {isa = PBXFileReference; fileEncoding = 4; lastKnownFileType = text.json; name = ko.json; path = Mocks/JSON/ko.json; sourceTree = "<group>"; };
		D8F3DE5E25D008C0009E036C /* request_token_ok.json */ = {isa = PBXFileReference; fileEncoding = 4; lastKnownFileType = text.json; name = request_token_ok.json; path = Mocks/JSON/request_token_ok.json; sourceTree = "<group>"; };
		D8F3DE5F25D008C0009E036C /* feedback_ok.json */ = {isa = PBXFileReference; fileEncoding = 4; lastKnownFileType = text.json; name = feedback_ok.json; path = Mocks/JSON/feedback_ok.json; sourceTree = "<group>"; };
		FA201F731E9049410090128F /* AppliveryBehaviorTests-Bridging-Header.h */ = {isa = PBXFileReference; lastKnownFileType = sourcecode.c.h; path = "AppliveryBehaviorTests-Bridging-Header.h"; sourceTree = "<group>"; };
		FA201F741E9049410090128F /* StartSpecs.swift */ = {isa = PBXFileReference; fileEncoding = 4; lastKnownFileType = sourcecode.swift; name = StartSpecs.swift; path = Specs/StartSpecs.swift; sourceTree = "<group>"; };
		FA2C455B1C4D20A300E72847 /* en */ = {isa = PBXFileReference; lastKnownFileType = text.plist.strings; name = en; path = en.lproj/Localizable.strings; sourceTree = "<group>"; };
		FA2D30AC2414363300F04B5D /* Package.swift */ = {isa = PBXFileReference; lastKnownFileType = sourcecode.swift; path = Package.swift; sourceTree = "<group>"; };
		FA2EAC861E915EFE00CC9BBF /* UserDefaults.swift */ = {isa = PBXFileReference; fileEncoding = 4; lastKnownFileType = sourcecode.swift; name = UserDefaults.swift; path = Fakes/UserDefaults.swift; sourceTree = "<group>"; };
		FA3AB8E92055AE3B00B49D3A /* login_success.json */ = {isa = PBXFileReference; lastKnownFileType = text.json; name = login_success.json; path = Mocks/JSON/login_success.json; sourceTree = "<group>"; };
		FA3AB8EE2055FB4700B49D3A /* invalid_credentials.json */ = {isa = PBXFileReference; lastKnownFileType = text.json; name = invalid_credentials.json; path = Mocks/JSON/invalid_credentials.json; sourceTree = "<group>"; };
		FA486A2B2311DD2000E464F5 /* LocalizableConstants.swift */ = {isa = PBXFileReference; fileEncoding = 4; lastKnownFileType = sourcecode.swift; name = LocalizableConstants.swift; path = Resources/LocalizableConstants.swift; sourceTree = "<group>"; };
		FA5EA64B1E6CCB6600590120 /* AppliveryBehaviorTests.xctest */ = {isa = PBXFileReference; explicitFileType = wrapper.cfbundle; includeInIndex = 0; path = AppliveryBehaviorTests.xctest; sourceTree = BUILT_PRODUCTS_DIR; };
		FA5EA64F1E6CCB6600590120 /* Info.plist */ = {isa = PBXFileReference; lastKnownFileType = text.plist.xml; path = Info.plist; sourceTree = "<group>"; };
		FA68D8F21BC040B000589DE4 /* Applivery.framework */ = {isa = PBXFileReference; explicitFileType = wrapper.framework; includeInIndex = 0; path = Applivery.framework; sourceTree = BUILT_PRODUCTS_DIR; };
		FA68D8F51BC040B100589DE4 /* Applivery.h */ = {isa = PBXFileReference; lastKnownFileType = sourcecode.c.h; path = Applivery.h; sourceTree = "<group>"; };
		FA68D8F71BC040B100589DE4 /* Info.plist */ = {isa = PBXFileReference; lastKnownFileType = text.plist.xml; path = Info.plist; sourceTree = "<group>"; };
		FA7F4CDC1EE7615100BA2F52 /* test_images.xcassets */ = {isa = PBXFileReference; lastKnownFileType = folder.assetcatalog; path = test_images.xcassets; sourceTree = "<group>"; };
		FA87994F231455DE0033B392 /* RequestSpecs.swift */ = {isa = PBXFileReference; lastKnownFileType = sourcecode.swift; name = RequestSpecs.swift; path = Specs/RequestSpecs.swift; sourceTree = "<group>"; };
		FA8DDA071E99671000A2BB95 /* OTAUpdateSpecs.swift */ = {isa = PBXFileReference; fileEncoding = 4; lastKnownFileType = sourcecode.swift; name = OTAUpdateSpecs.swift; path = Specs/OTAUpdateSpecs.swift; sourceTree = "<group>"; };
		FA9A70C0248D6402001DF55E /* error_5003.json */ = {isa = PBXFileReference; lastKnownFileType = text.json; name = error_5003.json; path = Mocks/JSON/error_5003.json; sourceTree = "<group>"; };
		FA9F506E2368F599008D591C /* ConfiguratorMock.swift */ = {isa = PBXFileReference; lastKnownFileType = sourcecode.swift; name = ConfiguratorMock.swift; path = Helpers/ConfiguratorMock.swift; sourceTree = "<group>"; };
		FAA043E92311B2E600F8C42B /* error_5004.json */ = {isa = PBXFileReference; lastKnownFileType = text.json; name = error_5004.json; path = Mocks/JSON/error_5004.json; sourceTree = "<group>"; };
		FAAFFA27249EAB43009CC5DF /* error_4002.json */ = {isa = PBXFileReference; lastKnownFileType = text.json; name = error_4002.json; path = Mocks/JSON/error_4002.json; sourceTree = "<group>"; };
		FABA22F61E9D30040000EBA9 /* ForceUpdateSpecs.swift */ = {isa = PBXFileReference; fileEncoding = 4; lastKnownFileType = sourcecode.swift; name = ForceUpdateSpecs.swift; path = Specs/ForceUpdateSpecs.swift; sourceTree = "<group>"; };
		FADA301B1E90677500DAC96E /* config_success.json */ = {isa = PBXFileReference; fileEncoding = 4; lastKnownFileType = text.json; name = config_success.json; path = Mocks/JSON/config_success.json; sourceTree = "<group>"; };
		FAFF91B51EA14794007B20C9 /* FeedbackSpecs.swift */ = {isa = PBXFileReference; fileEncoding = 4; lastKnownFileType = sourcecode.swift; name = FeedbackSpecs.swift; path = Specs/FeedbackSpecs.swift; sourceTree = "<group>"; };
/* End PBXFileReference section */

/* Begin PBXFrameworksBuildPhase section */
		FA5EA6481E6CCB6600590120 /* Frameworks */ = {
			isa = PBXFrameworksBuildPhase;
			buildActionMask = 2147483647;
			files = (
				D880104725D005A5005490FA /* Quick in Frameworks */,
				D880104325D00582005490FA /* Nimble in Frameworks */,
				FA5EA6501E6CCB6600590120 /* Applivery.framework in Frameworks */,
				D880104B25D005C9005490FA /* OHHTTPStubs in Frameworks */,
				D880104D25D005C9005490FA /* OHHTTPStubsSwift in Frameworks */,
			);
			runOnlyForDeploymentPostprocessing = 0;
		};
		FA68D8EE1BC040B000589DE4 /* Frameworks */ = {
			isa = PBXFrameworksBuildPhase;
			buildActionMask = 2147483647;
			files = (
			);
			runOnlyForDeploymentPostprocessing = 0;
		};
/* End PBXFrameworksBuildPhase section */

/* Begin PBXGroup section */
		26C2D9112C9092FB00FB968B /* Assets */ = {
			isa = PBXGroup;
			children = (
				26C2D9102C9092FB00FB968B /* Media.xcassets */,
			);
			name = Assets;
			path = Resources/Assets;
			sourceTree = "<group>";
		};
		A98611972D091C8900111154 /* API */ = {
			isa = PBXGroup;
			children = (
				A98611912D091C8900111154 /* APIClient.swift */,
				A98611922D091C8900111154 /* APIError.swift */,
				A98611932D091C8900111154 /* APIErrorResponse.swift */,
				A98611942D091C8900111154 /* AppliveryEndpoint.swift */,
				A98611952D091C8900111154 /* Endpoint.swift */,
				A98611962D091C8900111154 /* HTTPMethod.swift */,
			);
			path = API;
			sourceTree = "<group>";
		};
		A986119C2D091C8900111154 /* Persisters */ = {
			isa = PBXGroup;
			children = (
				A98611992D091C8900111154 /* ConfigPersister.swift */,
				A986119A2D091C8900111154 /* Keychain.swift */,
				A986119B2D091C8900111154 /* SessionPersister.swift */,
			);
			path = Persisters;
			sourceTree = "<group>";
		};
		A986119D2D091C8900111154 /* Data */ = {
			isa = PBXGroup;
			children = (
				A986119C2D091C8900111154 /* Persisters */,
			);
			path = Data;
			sourceTree = "<group>";
		};
		A986119F2D091C8900111154 /* Interactors */ = {
			isa = PBXGroup;
			children = (
				A986119E2D091C8900111154 /* StartInteractor.swift */,
			);
			path = Interactors;
			sourceTree = "<group>";
		};
		A98611A42D091C8900111154 /* Managers */ = {
			isa = PBXGroup;
			children = (
				A98611A02D091C8900111154 /* AppliveryWebViewManager.swift */,
				A98611A12D091C8900111154 /* ErrorManager.swift */,
				A98611A22D091C8900111154 /* ImageManager.swift */,
				A98611A32D091C8900111154 /* LoginManager.swift */,
			);
			path = Managers;
			sourceTree = "<group>";
		};
		A98611A62D091C8900111154 /* Public */ = {
			isa = PBXGroup;
			children = (
				A98611A52D091C8900111154 /* TextLiterals.swift */,
			);
			path = Public;
			sourceTree = "<group>";
		};
		A98611B02D091C8900111154 /* Model */ = {
			isa = PBXGroup;
			children = (
				A98611A62D091C8900111154 /* Public */,
				A98611A72D091C8900111154 /* AccessToken.swift */,
				A98611A82D091C8900111154 /* Config.swift */,
				A98611A92D091C8900111154 /* Feedback.swift */,
				A98611AA2D091C8900111154 /* FeedbackData.swift */,
				A98611AB2D091C8900111154 /* Palette.swift */,
				A98611AC2D091C8900111154 /* TokenData.swift */,
				A98611AD2D091C8900111154 /* UpdateConfigResponse.swift */,
				A98611AE2D091C8900111154 /* User.swift */,
				A98611AF2D091C8900111154 /* VideoFile.swift */,
			);
			path = Model;
			sourceTree = "<group>";
		};
		A98611B22D091C8900111154 /* Screens */ = {
			isa = PBXGroup;
			children = (
				A98611B12D091C8900111154 /* ScreenshootPreviewScreen.swift */,
			);
			path = Screens;
			sourceTree = "<group>";
		};
		A98611B42D091C8900111154 /* ViewModel */ = {
			isa = PBXGroup;
			children = (
				A98611B32D091C8900111154 /* ScreenshootViewModel.swift */,
			);
			path = ViewModel;
			sourceTree = "<group>";
		};
		A98611B62D091C8900111154 /* Rows */ = {
			isa = PBXGroup;
			children = (
				A98611B52D091C8900111154 /* ScreenShootRowView.swift */,
			);
			path = Rows;
			sourceTree = "<group>";
		};
		A98611BA2D091C8900111154 /* Views */ = {
			isa = PBXGroup;
			children = (
				A98611B62D091C8900111154 /* Rows */,
				A98611B72D091C8900111154 /* EditScreenshotView.swift */,
				A98611B82D091C8900111154 /* EmailTextFieldView.swift */,
				A98611B92D091C8900111154 /* ReportTypeView.swift */,
			);
			path = Views;
			sourceTree = "<group>";
		};
		A98611BB2D091C8900111154 /* ScreenshotReport */ = {
			isa = PBXGroup;
			children = (
				A98611B22D091C8900111154 /* Screens */,
				A98611B42D091C8900111154 /* ViewModel */,
				A98611BA2D091C8900111154 /* Views */,
			);
			path = ScreenshotReport;
			sourceTree = "<group>";
		};
		A98611C12D091C8900111154 /* VideoReport */ = {
			isa = PBXGroup;
			children = (
				A98611BC2D091C8900111154 /* RecordingViewController.swift */,
				A98611BD2D091C8900111154 /* TimedButton.swift */,
				A98611BE2D091C8900111154 /* VideoPreviewRow.swift */,
				A98611BF2D091C8900111154 /* VideoPreviewScreen.swift */,
				A98611C02D091C8900111154 /* ViedeoPlayerView.swift */,
			);
			path = VideoReport;
			sourceTree = "<group>";
		};
		A98611C32D091C8900111154 /* Modules */ = {
			isa = PBXGroup;
			children = (
				A98611BB2D091C8900111154 /* ScreenshotReport */,
				A98611C12D091C8900111154 /* VideoReport */,
				A98611C22D091C8900111154 /* ForceUpdateScreen.swift */,
			);
			path = Modules;
			sourceTree = "<group>";
		};
		A98611C52D091C8900111154 /* Repositories */ = {
			isa = PBXGroup;
			children = (
				A98611C42D091C8900111154 /* LoginRepository.swift */,
			);
			path = Repositories;
			sourceTree = "<group>";
		};
		A98611C72D091C8900111154 /* ErrorCodes */ = {
			isa = PBXGroup;
			children = (
				A98611C62D091C8900111154 /* ErrorCodes.swift */,
			);
			path = ErrorCodes;
			sourceTree = "<group>";
		};
		A98611CB2D091C8900111154 /* SDKConfig */ = {
			isa = PBXGroup;
			children = (
				A98611C72D091C8900111154 /* ErrorCodes */,
				A98611C82D091C8900111154 /* Colors.swift */,
				A98611C92D091C8900111154 /* Configurator.swift */,
				A98611CA2D091C8900111154 /* GlobalConfig.swift */,
			);
			path = SDKConfig;
			sourceTree = "<group>";
		};
		A98611D12D091C8900111154 /* Services */ = {
			isa = PBXGroup;
			children = (
				A98611CC2D091C8900111154 /* ConfigService.swift */,
				A98611CD2D091C8900111154 /* DownloadService.swift */,
				A98611CE2D091C8900111154 /* FeedbackService.swift */,
				A98611CF2D091C8900111154 /* LoginService.swift */,
				A98611D02D091C8900111154 /* UpdateService.swift */,
			);
			path = Services;
			sourceTree = "<group>";
		};
		A98611E52D091C8900111154 /* Utils */ = {
			isa = PBXGroup;
			children = (
				A98611D22D091C8900111154 /* Background.swift */,
				A98611D32D091C8900111154 /* DateExtension.swift */,
				A98611D42D091C8900111154 /* DiskStatus.swift */,
				A98611D52D091C8900111154 /* Environments.swift */,
				A98611D62D091C8900111154 /* GeometryExtensions.swift */,
				A98611D72D091C8900111154 /* Json.swift */,
				A98611D82D091C8900111154 /* Layout.swift */,
				A98611D92D091C8900111154 /* ListHelper.swift */,
				A98611DA2D091C8900111154 /* Localize.swift */,
				A98611DB2D091C8900111154 /* Log.swift */,
				A98611DC2D091C8900111154 /* NSBundle+Applivery.swift */,
				A98611DD2D091C8900111154 /* NSError+Applivery.swift */,
				A98611DE2D091C8900111154 /* Ram.swift */,
				A98611DF2D091C8900111154 /* Result.swift */,
				A98611E02D091C8900111154 /* Storyboard+Applivery.swift */,
				A98611E12D091C8900111154 /* UIDevice+ModelName.swift */,
				A98611E22D091C8900111154 /* UIImageExtension.swift */,
				A98611E32D091C8900111154 /* UserDefaultsExtension.swift */,
				A98611E42D091C8900111154 /* Wifi.swift */,
			);
			path = Utils;
			sourceTree = "<group>";
		};
		A98611E82D091C8900111154 /* Views */ = {
			isa = PBXGroup;
			children = (
				A98611E62D091C8900111154 /* Applivery.storyboard */,
				A98611E72D091C8900111154 /* AppliveryWindow.swift */,
			);
			path = Views;
			sourceTree = "<group>";
		};
		A98611F02D091C8900111154 /* Wrappers */ = {
			isa = PBXGroup;
			children = (
				A98611E92D091C8900111154 /* App.swift */,
				A98611EA2D091C8900111154 /* AppliveryNavigationController.swift */,
				A98611EB2D091C8900111154 /* Device.swift */,
				A98611EC2D091C8900111154 /* EventDetector.swift */,
				A98611ED2D091C8900111154 /* Keyboard.swift */,
				A98611EE2D091C8900111154 /* ScreenRecorderManager.swift */,
				A98611EF2D091C8900111154 /* Screenshot.swift */,
			);
			path = Wrappers;
			sourceTree = "<group>";
		};
		FA0FCE5B1DC4D22500B92075 /* Supporting Files */ = {
			isa = PBXGroup;
			children = (
				FA68D8F51BC040B100589DE4 /* Applivery.h */,
				FA68D8F71BC040B100589DE4 /* Info.plist */,
			);
			name = "Supporting Files";
			sourceTree = "<group>";
		};
		FA201F711E90489A0090128F /* Supporting Files */ = {
			isa = PBXGroup;
			children = (
				FA201F731E9049410090128F /* AppliveryBehaviorTests-Bridging-Header.h */,
				FA5EA64F1E6CCB6600590120 /* Info.plist */,
			);
			name = "Supporting Files";
			sourceTree = "<group>";
		};
		FA201F721E9048A60090128F /* Specs */ = {
			isa = PBXGroup;
			children = (
				FA201F741E9049410090128F /* StartSpecs.swift */,
				FA8DDA071E99671000A2BB95 /* OTAUpdateSpecs.swift */,
				FABA22F61E9D30040000EBA9 /* ForceUpdateSpecs.swift */,
				FAFF91B51EA14794007B20C9 /* FeedbackSpecs.swift */,
				FA87994F231455DE0033B392 /* RequestSpecs.swift */,
			);
			name = Specs;
			sourceTree = "<group>";
		};
		FA201F7A1E9065BF0090128F /* Mocks */ = {
			isa = PBXGroup;
			children = (
				FA201F7B1E9065C80090128F /* JSON */,
				FA7F4CD71EE760DD00BA2F52 /* Images */,
				D8F3DE3625D0066E009E036C /* AppMock.swift */,
				D8F3DE3525D0066E009E036C /* ConfigPersisterMock.swift */,
				D8F3DE2C25D0066E009E036C /* ConfigServiceMock.swift */,
				D8F3DE2725D0066E009E036C /* DeviceMock.swift */,
				D8F3DE2825D0066E009E036C /* DownloadDataManagerMock.swift */,
				D8F3DE3C25D0066E009E036C /* DownloadServiceMock.swift */,
				D8F3DE3125D0066E009E036C /* EventDetectorMock.swift */,
				D8F3DE3025D0066E009E036C /* FeedbackCoordinatorMock.swift */,
				D8F3DE2925D0066E009E036C /* FeedbackInteractorMock.swift */,
				D8F3DE2D25D0066E009E036C /* FeedbackServiceMock.swift */,
				D8F3DE3925D0066E009E036C /* FeedbackViewMock.swift */,
				D8F3DE2E25D0066E009E036C /* ImageManagerMock.swift */,
				D8F3DE2F25D0066E009E036C /* Images */,
				D8F3DE3325D0066E009E036C /* JSON */,
				D8F3DE3B25D0066E009E036C /* ScreenshotInteractorMock.swift */,
				D8F3DE3725D0066E009E036C /* StartInteractorMock.swift */,
				D8F3DE3425D0066E009E036C /* StartInteractorOutputMock.swift */,
				D8F3DE2A25D0066E009E036C /* UpdateCoordinatorMock.swift */,
				D8F3DE2B25D0066E009E036C /* UpdateInteractoMock.swift */,
				D8F3DE3825D0066E009E036C /* UpdateInteractorOutputMock.swift */,
				D8F3DE3A25D0066E009E036C /* UpdateViewMock.swift */,
				D8F3DE3225D0066E009E036C /* UserDefaultsMock.swift */,
				FA2EAC851E915EDE00CC9BBF /* Fakes */,
			);
			name = Mocks;
			sourceTree = "<group>";
		};
		FA201F7B1E9065C80090128F /* JSON */ = {
			isa = PBXGroup;
			children = (
				D8F3DE5F25D008C0009E036C /* feedback_ok.json */,
				D8F3DE5D25D008C0009E036C /* ko.json */,
				D8F3DE5C25D008C0009E036C /* request_token_ok_no_token.json */,
				D8F3DE5E25D008C0009E036C /* request_token_ok.json */,
				FADA301B1E90677500DAC96E /* config_success.json */,
				FA3AB8E92055AE3B00B49D3A /* login_success.json */,
				FA3AB8EE2055FB4700B49D3A /* invalid_credentials.json */,
				FAA043E92311B2E600F8C42B /* error_5004.json */,
				FA9A70C0248D6402001DF55E /* error_5003.json */,
				FAAFFA27249EAB43009CC5DF /* error_4002.json */,
			);
			name = JSON;
			sourceTree = "<group>";
		};
		FA2EAC851E915EDE00CC9BBF /* Fakes */ = {
			isa = PBXGroup;
			children = (
				FA2EAC861E915EFE00CC9BBF /* UserDefaults.swift */,
			);
			name = Fakes;
			sourceTree = "<group>";
		};
		FA5EA64C1E6CCB6600590120 /* AppliveryBehaviorTests */ = {
			isa = PBXGroup;
			children = (
				FA201F721E9048A60090128F /* Specs */,
				FA201F7A1E9065BF0090128F /* Mocks */,
				FA9F506D2368F3E1008D591C /* Helpers */,
				FA201F711E90489A0090128F /* Supporting Files */,
			);
			path = AppliveryBehaviorTests;
			sourceTree = "<group>";
		};
		FA68D8E81BC040B000589DE4 = {
			isa = PBXGroup;
			children = (
				FA2D30AC2414363300F04B5D /* Package.swift */,
				FA68D8F41BC040B000589DE4 /* AppliverySDK */,
				FA5EA64C1E6CCB6600590120 /* AppliveryBehaviorTests */,
				FA68D8F31BC040B000589DE4 /* Products */,
			);
			sourceTree = "<group>";
		};
		FA68D8F31BC040B000589DE4 /* Products */ = {
			isa = PBXGroup;
			children = (
				FA68D8F21BC040B000589DE4 /* Applivery.framework */,
				FA5EA64B1E6CCB6600590120 /* AppliveryBehaviorTests.xctest */,
			);
			name = Products;
			sourceTree = "<group>";
		};
		FA68D8F41BC040B000589DE4 /* AppliverySDK */ = {
			isa = PBXGroup;
			children = (
				FA68D90D1BC046AB00589DE4 /* Source */,
				FAF382051C2614F6007AF670 /* Resources */,
				FA0FCE5B1DC4D22500B92075 /* Supporting Files */,
			);
			path = AppliverySDK;
			sourceTree = "<group>";
		};
		FA68D90D1BC046AB00589DE4 /* Source */ = {
			isa = PBXGroup;
			children = (
				A98611972D091C8900111154 /* API */,
				A98611982D091C8900111154 /* Applivery.swift */,
				A986119D2D091C8900111154 /* Data */,
				A986119F2D091C8900111154 /* Interactors */,
				A98611A42D091C8900111154 /* Managers */,
				A98611B02D091C8900111154 /* Model */,
				A98611C32D091C8900111154 /* Modules */,
				A98611C52D091C8900111154 /* Repositories */,
				A98611CB2D091C8900111154 /* SDKConfig */,
				A98611D12D091C8900111154 /* Services */,
				A98611E52D091C8900111154 /* Utils */,
				A98611E82D091C8900111154 /* Views */,
				A98611F02D091C8900111154 /* Wrappers */,
			);
			name = Source;
			sourceTree = "<group>";
		};
		FA7F4CD71EE760DD00BA2F52 /* Images */ = {
			isa = PBXGroup;
			children = (
				FA7F4CDC1EE7615100BA2F52 /* test_images.xcassets */,
			);
			name = Images;
			path = Mocks/Images;
			sourceTree = "<group>";
		};
		FA9F506D2368F3E1008D591C /* Helpers */ = {
			isa = PBXGroup;
			children = (
				D8F3DE5525D00686009E036C /* StubResponseHelper.swift */,
				FA9F506E2368F599008D591C /* ConfiguratorMock.swift */,
			);
			name = Helpers;
			sourceTree = "<group>";
		};
		FAF382051C2614F6007AF670 /* Resources */ = {
			isa = PBXGroup;
			children = (
				26C2D9112C9092FB00FB968B /* Assets */,
				FA486A2B2311DD2000E464F5 /* LocalizableConstants.swift */,
				FA2C455C1C4D20A300E72847 /* Localizable.strings */,
			);
			name = Resources;
			sourceTree = "<group>";
		};
/* End PBXGroup section */

/* Begin PBXHeadersBuildPhase section */
		FA68D8EF1BC040B000589DE4 /* Headers */ = {
			isa = PBXHeadersBuildPhase;
			buildActionMask = 2147483647;
			files = (
				FA68D8F61BC040B100589DE4 /* Applivery.h in Headers */,
			);
			runOnlyForDeploymentPostprocessing = 0;
		};
/* End PBXHeadersBuildPhase section */

/* Begin PBXNativeTarget section */
		FA5EA64A1E6CCB6600590120 /* AppliveryBehaviorTests */ = {
			isa = PBXNativeTarget;
			buildConfigurationList = FA5EA6551E6CCB6600590120 /* Build configuration list for PBXNativeTarget "AppliveryBehaviorTests" */;
			buildPhases = (
				FA5EA6471E6CCB6600590120 /* Sources */,
				FA5EA6481E6CCB6600590120 /* Frameworks */,
				FA5EA6491E6CCB6600590120 /* Resources */,
				FA5EA6591E6CCBFD00590120 /* Frameworks */,
			);
			buildRules = (
			);
			dependencies = (
				FA5EA6521E6CCB6600590120 /* PBXTargetDependency */,
			);
			name = AppliveryBehaviorTests;
			packageProductDependencies = (
				D880104225D00582005490FA /* Nimble */,
				D880104625D005A5005490FA /* Quick */,
				D880104A25D005C9005490FA /* OHHTTPStubs */,
				D880104C25D005C9005490FA /* OHHTTPStubsSwift */,
			);
			productName = AppliveryBehaviorTests;
			productReference = FA5EA64B1E6CCB6600590120 /* AppliveryBehaviorTests.xctest */;
			productType = "com.apple.product-type.bundle.unit-test";
		};
		FA68D8F11BC040B000589DE4 /* Applivery */ = {
			isa = PBXNativeTarget;
			buildConfigurationList = FA68D9061BC040B100589DE4 /* Build configuration list for PBXNativeTarget "Applivery" */;
			buildPhases = (
				FA68D8ED1BC040B000589DE4 /* Sources */,
				FAADA5321DBAC05D00300A5E /* Swiftlint */,
				FA68D8EE1BC040B000589DE4 /* Frameworks */,
				FA68D8EF1BC040B000589DE4 /* Headers */,
				FA68D8F01BC040B000589DE4 /* Resources */,
			);
			buildRules = (
			);
			dependencies = (
			);
			name = Applivery;
			productName = AppliverySDK;
			productReference = FA68D8F21BC040B000589DE4 /* Applivery.framework */;
			productType = "com.apple.product-type.framework";
		};
/* End PBXNativeTarget section */

/* Begin PBXProject section */
		FA68D8E91BC040B000589DE4 /* Project object */ = {
			isa = PBXProject;
			attributes = {
				BuildIndependentTargetsInParallel = YES;
				LastSwiftMigration = 0700;
				LastSwiftUpdateCheck = 0820;
				LastUpgradeCheck = 1540;
				ORGANIZATIONNAME = "Applivery S.L.";
				TargetAttributes = {
					FA5EA64A1E6CCB6600590120 = {
						CreatedOnToolsVersion = 8.2.1;
						LastSwiftMigration = 1020;
						ProvisioningStyle = Automatic;
					};
					FA68D8F11BC040B000589DE4 = {
						CreatedOnToolsVersion = 7.0.1;
						LastSwiftMigration = 1020;
					};
				};
			};
			buildConfigurationList = FA68D8EC1BC040B000589DE4 /* Build configuration list for PBXProject "AppliverySDK" */;
			compatibilityVersion = "Xcode 10.0";
			developmentRegion = en;
			hasScannedForEncodings = 0;
			knownRegions = (
				en,
				Base,
			);
			mainGroup = FA68D8E81BC040B000589DE4;
			packageReferences = (
				D880104125D00582005490FA /* XCRemoteSwiftPackageReference "Nimble" */,
				D880104525D005A5005490FA /* XCRemoteSwiftPackageReference "Quick" */,
				D880104925D005C9005490FA /* XCRemoteSwiftPackageReference "OHHTTPStubs" */,
			);
			productRefGroup = FA68D8F31BC040B000589DE4 /* Products */;
			projectDirPath = "";
			projectRoot = "";
			targets = (
				FA68D8F11BC040B000589DE4 /* Applivery */,
				FA5EA64A1E6CCB6600590120 /* AppliveryBehaviorTests */,
			);
		};
/* End PBXProject section */

/* Begin PBXResourcesBuildPhase section */
		FA5EA6491E6CCB6600590120 /* Resources */ = {
			isa = PBXResourcesBuildPhase;
			buildActionMask = 2147483647;
			files = (
				D8F3DE6325D008C0009E036C /* feedback_ok.json in Resources */,
				FA3AB8EF2055FB4700B49D3A /* invalid_credentials.json in Resources */,
				D8F3DE4925D0066E009E036C /* JSON in Resources */,
				FAA043EA2311B2E600F8C42B /* error_5004.json in Resources */,
				FADA301C1E90677500DAC96E /* config_success.json in Resources */,
				FA7F4CDE1EE763A600BA2F52 /* test_images.xcassets in Resources */,
				D8F3DE6125D008C0009E036C /* ko.json in Resources */,
				D8F3DE4525D0066E009E036C /* Images in Resources */,
				D8F3DE6225D008C0009E036C /* request_token_ok.json in Resources */,
				D8F3DE6025D008C0009E036C /* request_token_ok_no_token.json in Resources */,
				FA3AB8EA2055AE3B00B49D3A /* login_success.json in Resources */,
				FA9A70C1248D6402001DF55E /* error_5003.json in Resources */,
				FAAFFA28249EAB43009CC5DF /* error_4002.json in Resources */,
			);
			runOnlyForDeploymentPostprocessing = 0;
		};
		FA68D8F01BC040B000589DE4 /* Resources */ = {
			isa = PBXResourcesBuildPhase;
			buildActionMask = 2147483647;
			files = (
				FA2C455A1C4D20A300E72847 /* Localizable.strings in Resources */,
				A986123B2D091C8900111154 /* Applivery.storyboard in Resources */,
				26C2D9122C9092FB00FB968B /* Media.xcassets in Resources */,
			);
			runOnlyForDeploymentPostprocessing = 0;
		};
/* End PBXResourcesBuildPhase section */

/* Begin PBXShellScriptBuildPhase section */
		FAADA5321DBAC05D00300A5E /* Swiftlint */ = {
			isa = PBXShellScriptBuildPhase;
			buildActionMask = 2147483647;
			files = (
			);
			inputPaths = (
			);
			name = Swiftlint;
			outputPaths = (
			);
			runOnlyForDeploymentPostprocessing = 0;
			shellPath = /bin/sh;
			shellScript = "if [ \"${CONFIGURATION}\" != \"Release\" ]; then\n    if which swiftlint >/dev/null; then\n        swiftlint\n    else\n        echo \"warning: SwiftLint not installed, download from https://github.com/realm/SwiftLint\"\n    fi\nfi\n";
		};
/* End PBXShellScriptBuildPhase section */

/* Begin PBXSourcesBuildPhase section */
		FA5EA6471E6CCB6600590120 /* Sources */ = {
			isa = PBXSourcesBuildPhase;
			buildActionMask = 2147483647;
			files = (
				FAFF91B61EA14794007B20C9 /* FeedbackSpecs.swift in Sources */,
				FA879950231455DE0033B392 /* RequestSpecs.swift in Sources */,
				FA2EAC871E915EFE00CC9BBF /* UserDefaults.swift in Sources */,
				D8F3DE3F25D0066E009E036C /* FeedbackInteractorMock.swift in Sources */,
				D8F3DE4225D0066E009E036C /* ConfigServiceMock.swift in Sources */,
				FA8DDA081E99671000A2BB95 /* OTAUpdateSpecs.swift in Sources */,
				D8F3DE4025D0066E009E036C /* UpdateCoordinatorMock.swift in Sources */,
				D8F3DE4125D0066E009E036C /* UpdateInteractoMock.swift in Sources */,
				D8F3DE5625D00686009E036C /* StubResponseHelper.swift in Sources */,
				FABA22F71E9D30040000EBA9 /* ForceUpdateSpecs.swift in Sources */,
				D8F3DE4A25D0066E009E036C /* StartInteractorOutputMock.swift in Sources */,
				D8F3DE5125D0066E009E036C /* ScreenshotInteractorMock.swift in Sources */,
				D8F3DE3D25D0066E009E036C /* DeviceMock.swift in Sources */,
				D8F3DE4F25D0066E009E036C /* FeedbackViewMock.swift in Sources */,
				D8F3DE4D25D0066E009E036C /* StartInteractorMock.swift in Sources */,
				D8F3DE4325D0066E009E036C /* FeedbackServiceMock.swift in Sources */,
				D8F3DE5225D0066E009E036C /* DownloadServiceMock.swift in Sources */,
				D8F3DE4725D0066E009E036C /* EventDetectorMock.swift in Sources */,
				D8F3DE4825D0066E009E036C /* UserDefaultsMock.swift in Sources */,
				D8F3DE4625D0066E009E036C /* FeedbackCoordinatorMock.swift in Sources */,
				D8F3DE4C25D0066E009E036C /* AppMock.swift in Sources */,
				D8F3DE5025D0066E009E036C /* UpdateViewMock.swift in Sources */,
				FA9F506F2368F599008D591C /* ConfiguratorMock.swift in Sources */,
				D8F3DE4425D0066E009E036C /* ImageManagerMock.swift in Sources */,
				D8F3DE4E25D0066E009E036C /* UpdateInteractorOutputMock.swift in Sources */,
				D8F3DE4B25D0066E009E036C /* ConfigPersisterMock.swift in Sources */,
				FA201F751E9049410090128F /* StartSpecs.swift in Sources */,
				D8F3DE3E25D0066E009E036C /* DownloadDataManagerMock.swift in Sources */,
			);
			runOnlyForDeploymentPostprocessing = 0;
		};
		FA68D8ED1BC040B000589DE4 /* Sources */ = {
			isa = PBXSourcesBuildPhase;
			buildActionMask = 2147483647;
			files = (
				A98611F12D091C8900111154 /* FeedbackService.swift in Sources */,
				A98611F22D091C8900111154 /* TextLiterals.swift in Sources */,
				A98611F32D091C8900111154 /* TimedButton.swift in Sources */,
				A98611F42D091C8900111154 /* DateExtension.swift in Sources */,
				A98611F52D091C8900111154 /* AppliveryWebViewManager.swift in Sources */,
				A98611F62D091C8900111154 /* GlobalConfig.swift in Sources */,
				A98611F72D091C8900111154 /* HTTPMethod.swift in Sources */,
				A98611F82D091C8900111154 /* Wifi.swift in Sources */,
				A98611F92D091C8900111154 /* Environments.swift in Sources */,
				A98611FA2D091C8900111154 /* Keyboard.swift in Sources */,
				A98611FB2D091C8900111154 /* EventDetector.swift in Sources */,
				A98611FC2D091C8900111154 /* VideoFile.swift in Sources */,
				A98611FD2D091C8900111154 /* RecordingViewController.swift in Sources */,
				A98611FE2D091C8900111154 /* Log.swift in Sources */,
				A98611FF2D091C8900111154 /* AppliveryEndpoint.swift in Sources */,
				A98612002D091C8900111154 /* Localize.swift in Sources */,
				A98612012D091C8900111154 /* ScreenRecorderManager.swift in Sources */,
				A98612022D091C8900111154 /* VideoPreviewScreen.swift in Sources */,
				A98612032D091C8900111154 /* Keychain.swift in Sources */,
				A98612042D091C8900111154 /* LoginService.swift in Sources */,
				A98612052D091C8900111154 /* Endpoint.swift in Sources */,
				A98612062D091C8900111154 /* AppliveryNavigationController.swift in Sources */,
				A98612072D091C8900111154 /* LoginRepository.swift in Sources */,
				A98612082D091C8900111154 /* VideoPreviewRow.swift in Sources */,
				A98612092D091C8900111154 /* ErrorCodes.swift in Sources */,
				A986120A2D091C8900111154 /* Device.swift in Sources */,
				A986120B2D091C8900111154 /* Screenshot.swift in Sources */,
				A986120C2D091C8900111154 /* UIDevice+ModelName.swift in Sources */,
				A986120D2D091C8900111154 /* Configurator.swift in Sources */,
				A986120E2D091C8900111154 /* UpdateConfigResponse.swift in Sources */,
				A986120F2D091C8900111154 /* ScreenshootPreviewScreen.swift in Sources */,
				A98612102D091C8900111154 /* SessionPersister.swift in Sources */,
				A98612112D091C8900111154 /* ReportTypeView.swift in Sources */,
				A98612122D091C8900111154 /* APIErrorResponse.swift in Sources */,
				A98612132D091C8900111154 /* EditScreenshotView.swift in Sources */,
				A98612142D091C8900111154 /* Applivery.swift in Sources */,
				A98612152D091C8900111154 /* Layout.swift in Sources */,
				A98612162D091C8900111154 /* Config.swift in Sources */,
				A98612172D091C8900111154 /* App.swift in Sources */,
				A98612182D091C8900111154 /* UIImageExtension.swift in Sources */,
				A98612192D091C8900111154 /* ImageManager.swift in Sources */,
				A986121A2D091C8900111154 /* TokenData.swift in Sources */,
				A986121B2D091C8900111154 /* UpdateService.swift in Sources */,
				A986121C2D091C8900111154 /* Ram.swift in Sources */,
				A986121D2D091C8900111154 /* Storyboard+Applivery.swift in Sources */,
				A986121E2D091C8900111154 /* DownloadService.swift in Sources */,
				A986121F2D091C8900111154 /* APIError.swift in Sources */,
				A98612202D091C8900111154 /* Feedback.swift in Sources */,
				A98612212D091C8900111154 /* ScreenshootViewModel.swift in Sources */,
				A98612222D091C8900111154 /* AccessToken.swift in Sources */,
				A98612232D091C8900111154 /* UserDefaultsExtension.swift in Sources */,
				A98612242D091C8900111154 /* ScreenShootRowView.swift in Sources */,
				A98612252D091C8900111154 /* Result.swift in Sources */,
				A98612262D091C8900111154 /* ForceUpdateScreen.swift in Sources */,
				A98612272D091C8900111154 /* DiskStatus.swift in Sources */,
				A98612282D091C8900111154 /* Background.swift in Sources */,
				A98612292D091C8900111154 /* ErrorManager.swift in Sources */,
				A986122A2D091C8900111154 /* ConfigService.swift in Sources */,
				A986122B2D091C8900111154 /* LoginManager.swift in Sources */,
				A986122C2D091C8900111154 /* APIClient.swift in Sources */,
				A986122D2D091C8900111154 /* EmailTextFieldView.swift in Sources */,
				A986122E2D091C8900111154 /* ViedeoPlayerView.swift in Sources */,
				A986122F2D091C8900111154 /* GeometryExtensions.swift in Sources */,
				A98612302D091C8900111154 /* Palette.swift in Sources */,
				A98612312D091C8900111154 /* ListHelper.swift in Sources */,
				A98612322D091C8900111154 /* ConfigPersister.swift in Sources */,
				A98612332D091C8900111154 /* FeedbackData.swift in Sources */,
				A98612342D091C8900111154 /* Colors.swift in Sources */,
				A98612352D091C8900111154 /* Json.swift in Sources */,
				A98612362D091C8900111154 /* User.swift in Sources */,
				A98612372D091C8900111154 /* NSError+Applivery.swift in Sources */,
				A98612382D091C8900111154 /* StartInteractor.swift in Sources */,
				A98612392D091C8900111154 /* NSBundle+Applivery.swift in Sources */,
				A986123A2D091C8900111154 /* AppliveryWindow.swift in Sources */,
				FA486A2C2311DD2100E464F5 /* LocalizableConstants.swift in Sources */,
			);
			runOnlyForDeploymentPostprocessing = 0;
		};
/* End PBXSourcesBuildPhase section */

/* Begin PBXTargetDependency section */
		FA5EA6521E6CCB6600590120 /* PBXTargetDependency */ = {
			isa = PBXTargetDependency;
			target = FA68D8F11BC040B000589DE4 /* Applivery */;
			targetProxy = FA5EA6511E6CCB6600590120 /* PBXContainerItemProxy */;
		};
/* End PBXTargetDependency section */

/* Begin PBXVariantGroup section */
		FA2C455C1C4D20A300E72847 /* Localizable.strings */ = {
			isa = PBXVariantGroup;
			children = (
				FA2C455B1C4D20A300E72847 /* en */,
			);
			name = Localizable.strings;
			path = Resources;
			sourceTree = "<group>";
		};
/* End PBXVariantGroup section */

/* Begin XCBuildConfiguration section */
		FA5EA6531E6CCB6600590120 /* Debug */ = {
			isa = XCBuildConfiguration;
			buildSettings = {
				CLANG_ANALYZER_NONNULL = YES;
				CLANG_ENABLE_MODULES = YES;
				CLANG_WARN_DOCUMENTATION_COMMENTS = YES;
				INFOPLIST_FILE = AppliveryBehaviorTests/Info.plist;
				IPHONEOS_DEPLOYMENT_TARGET = 12.0;
				LD_RUNPATH_SEARCH_PATHS = (
					"$(inherited)",
					"@executable_path/Frameworks",
					"@loader_path/Frameworks",
				);
				PRODUCT_BUNDLE_IDENTIFIER = com.applivery.AppliveryBehaviorTests;
				PRODUCT_NAME = "$(TARGET_NAME)";
				SWIFT_ACTIVE_COMPILATION_CONDITIONS = DEBUG;
				SWIFT_OBJC_BRIDGING_HEADER = "AppliveryBehaviorTests/AppliveryBehaviorTests-Bridging-Header.h";
				SWIFT_OPTIMIZATION_LEVEL = "-Onone";
				SWIFT_SWIFT3_OBJC_INFERENCE = Default;
				SWIFT_VERSION = 5.0;
			};
			name = Debug;
		};
		FA5EA6541E6CCB6600590120 /* Release */ = {
			isa = XCBuildConfiguration;
			buildSettings = {
				CLANG_ANALYZER_NONNULL = YES;
				CLANG_ENABLE_MODULES = YES;
				CLANG_WARN_DOCUMENTATION_COMMENTS = YES;
				INFOPLIST_FILE = AppliveryBehaviorTests/Info.plist;
				IPHONEOS_DEPLOYMENT_TARGET = 12.0;
				LD_RUNPATH_SEARCH_PATHS = (
					"$(inherited)",
					"@executable_path/Frameworks",
					"@loader_path/Frameworks",
				);
				PRODUCT_BUNDLE_IDENTIFIER = com.applivery.AppliveryBehaviorTests;
				PRODUCT_NAME = "$(TARGET_NAME)";
				SWIFT_OBJC_BRIDGING_HEADER = "AppliveryBehaviorTests/AppliveryBehaviorTests-Bridging-Header.h";
				SWIFT_SWIFT3_OBJC_INFERENCE = Default;
				SWIFT_VERSION = 5.0;
			};
			name = Release;
		};
		FA68D9041BC040B100589DE4 /* Debug */ = {
			isa = XCBuildConfiguration;
			buildSettings = {
				ALWAYS_SEARCH_USER_PATHS = NO;
				CLANG_ANALYZER_LOCALIZABILITY_NONLOCALIZED = YES;
				CLANG_CXX_LANGUAGE_STANDARD = "gnu++0x";
				CLANG_CXX_LIBRARY = "libc++";
				CLANG_ENABLE_MODULES = YES;
				CLANG_ENABLE_OBJC_ARC = YES;
				CLANG_WARN_BLOCK_CAPTURE_AUTORELEASING = YES;
				CLANG_WARN_BOOL_CONVERSION = YES;
				CLANG_WARN_COMMA = YES;
				CLANG_WARN_CONSTANT_CONVERSION = YES;
				CLANG_WARN_DEPRECATED_OBJC_IMPLEMENTATIONS = YES;
				CLANG_WARN_DIRECT_OBJC_ISA_USAGE = YES_ERROR;
				CLANG_WARN_EMPTY_BODY = YES;
				CLANG_WARN_ENUM_CONVERSION = YES;
				CLANG_WARN_INFINITE_RECURSION = YES;
				CLANG_WARN_INT_CONVERSION = YES;
				CLANG_WARN_NON_LITERAL_NULL_CONVERSION = YES;
				CLANG_WARN_OBJC_IMPLICIT_RETAIN_SELF = YES;
				CLANG_WARN_OBJC_LITERAL_CONVERSION = YES;
				CLANG_WARN_OBJC_ROOT_CLASS = YES_ERROR;
				CLANG_WARN_QUOTED_INCLUDE_IN_FRAMEWORK_HEADER = YES;
				CLANG_WARN_RANGE_LOOP_ANALYSIS = YES;
				CLANG_WARN_STRICT_PROTOTYPES = YES;
				CLANG_WARN_SUSPICIOUS_MOVE = YES;
				CLANG_WARN_UNREACHABLE_CODE = YES;
				CLANG_WARN__DUPLICATE_METHOD_MATCH = YES;
				"CODE_SIGN_IDENTITY[sdk=iphoneos*]" = "iPhone Developer";
				COPY_PHASE_STRIP = NO;
				CURRENT_PROJECT_VERSION = 1;
				DEBUG_INFORMATION_FORMAT = dwarf;
				ENABLE_STRICT_OBJC_MSGSEND = YES;
				ENABLE_TESTABILITY = YES;
				ENABLE_USER_SCRIPT_SANDBOXING = YES;
				GCC_C_LANGUAGE_STANDARD = gnu99;
				GCC_DYNAMIC_NO_PIC = NO;
				GCC_NO_COMMON_BLOCKS = YES;
				GCC_OPTIMIZATION_LEVEL = 0;
				GCC_PREPROCESSOR_DEFINITIONS = (
					"DEBUG=1",
					"$(inherited)",
				);
				GCC_WARN_64_TO_32_BIT_CONVERSION = YES;
				GCC_WARN_ABOUT_RETURN_TYPE = YES_ERROR;
				GCC_WARN_UNDECLARED_SELECTOR = YES;
				GCC_WARN_UNINITIALIZED_AUTOS = YES_AGGRESSIVE;
				GCC_WARN_UNUSED_FUNCTION = YES;
				GCC_WARN_UNUSED_VARIABLE = YES;
				IPHONEOS_DEPLOYMENT_TARGET = 15.0;
				MTL_ENABLE_DEBUG_INFO = YES;
				ONLY_ACTIVE_ARCH = YES;
				SDKROOT = iphoneos;
				SWIFT_OPTIMIZATION_LEVEL = "-Onone";
				SWIFT_VERSION = 5.0;
				TARGETED_DEVICE_FAMILY = "1,2";
				VERSIONING_SYSTEM = "apple-generic";
				VERSION_INFO_PREFIX = "";
			};
			name = Debug;
		};
		FA68D9051BC040B100589DE4 /* Release */ = {
			isa = XCBuildConfiguration;
			buildSettings = {
				ALWAYS_SEARCH_USER_PATHS = NO;
				CLANG_ANALYZER_LOCALIZABILITY_NONLOCALIZED = YES;
				CLANG_CXX_LANGUAGE_STANDARD = "gnu++0x";
				CLANG_CXX_LIBRARY = "libc++";
				CLANG_ENABLE_MODULES = YES;
				CLANG_ENABLE_OBJC_ARC = YES;
				CLANG_WARN_BLOCK_CAPTURE_AUTORELEASING = YES;
				CLANG_WARN_BOOL_CONVERSION = YES;
				CLANG_WARN_COMMA = YES;
				CLANG_WARN_CONSTANT_CONVERSION = YES;
				CLANG_WARN_DEPRECATED_OBJC_IMPLEMENTATIONS = YES;
				CLANG_WARN_DIRECT_OBJC_ISA_USAGE = YES_ERROR;
				CLANG_WARN_EMPTY_BODY = YES;
				CLANG_WARN_ENUM_CONVERSION = YES;
				CLANG_WARN_INFINITE_RECURSION = YES;
				CLANG_WARN_INT_CONVERSION = YES;
				CLANG_WARN_NON_LITERAL_NULL_CONVERSION = YES;
				CLANG_WARN_OBJC_IMPLICIT_RETAIN_SELF = YES;
				CLANG_WARN_OBJC_LITERAL_CONVERSION = YES;
				CLANG_WARN_OBJC_ROOT_CLASS = YES_ERROR;
				CLANG_WARN_QUOTED_INCLUDE_IN_FRAMEWORK_HEADER = YES;
				CLANG_WARN_RANGE_LOOP_ANALYSIS = YES;
				CLANG_WARN_STRICT_PROTOTYPES = YES;
				CLANG_WARN_SUSPICIOUS_MOVE = YES;
				CLANG_WARN_UNREACHABLE_CODE = YES;
				CLANG_WARN__DUPLICATE_METHOD_MATCH = YES;
				"CODE_SIGN_IDENTITY[sdk=iphoneos*]" = "iPhone Developer";
				COPY_PHASE_STRIP = NO;
				CURRENT_PROJECT_VERSION = 1;
				DEBUG_INFORMATION_FORMAT = "dwarf-with-dsym";
				ENABLE_NS_ASSERTIONS = NO;
				ENABLE_STRICT_OBJC_MSGSEND = YES;
				ENABLE_USER_SCRIPT_SANDBOXING = YES;
				GCC_C_LANGUAGE_STANDARD = gnu99;
				GCC_NO_COMMON_BLOCKS = YES;
				GCC_WARN_64_TO_32_BIT_CONVERSION = YES;
				GCC_WARN_ABOUT_RETURN_TYPE = YES_ERROR;
				GCC_WARN_UNDECLARED_SELECTOR = YES;
				GCC_WARN_UNINITIALIZED_AUTOS = YES_AGGRESSIVE;
				GCC_WARN_UNUSED_FUNCTION = YES;
				GCC_WARN_UNUSED_VARIABLE = YES;
				IPHONEOS_DEPLOYMENT_TARGET = 15.0;
				MTL_ENABLE_DEBUG_INFO = NO;
				SDKROOT = iphoneos;
				SWIFT_COMPILATION_MODE = wholemodule;
				SWIFT_OPTIMIZATION_LEVEL = "-O";
				SWIFT_VERSION = 5.0;
				TARGETED_DEVICE_FAMILY = "1,2";
				VALIDATE_PRODUCT = YES;
				VERSIONING_SYSTEM = "apple-generic";
				VERSION_INFO_PREFIX = "";
			};
			name = Release;
		};
		FA68D9071BC040B100589DE4 /* Debug */ = {
			isa = XCBuildConfiguration;
			buildSettings = {
				APPLICATION_EXTENSION_API_ONLY = NO;
				BITCODE_GENERATION_MODE = bitcode;
				BUILD_LIBRARY_FOR_DISTRIBUTION = YES;
				CLANG_ENABLE_MODULES = YES;
				CODE_SIGN_IDENTITY = "Apple Development";
				CODE_SIGN_STYLE = Automatic;
				CURRENT_PROJECT_VERSION = 3.3;
				DEBUG_INFORMATION_FORMAT = dwarf;
				DEFINES_MODULE = YES;
				DEVELOPMENT_TEAM = 58TN26CK22;
				DYLIB_COMPATIBILITY_VERSION = 3.3;
				DYLIB_CURRENT_VERSION = 3.3;
				DYLIB_INSTALL_NAME_BASE = "@rpath";
				ENABLE_MODULE_VERIFIER = YES;
				INFOPLIST_FILE = AppliverySDK/Info.plist;
				INSTALL_PATH = "$(LOCAL_LIBRARY_DIR)/Frameworks";
				IPHONEOS_DEPLOYMENT_TARGET = 15.0;
				LD_RUNPATH_SEARCH_PATHS = (
					"$(inherited)",
					"@executable_path/Frameworks",
					"@loader_path/Frameworks",
				);
				MARKETING_VERSION = 3.3;
				MODULE_VERIFIER_SUPPORTED_LANGUAGE_STANDARDS = "gnu99 gnu++11";
				PRODUCT_BUNDLE_IDENTIFIER = com.applivery.sdk.ale;
				PRODUCT_NAME = Applivery;
				PROVISIONING_PROFILE_SPECIFIER = "";
				SKIP_INSTALL = YES;
				SWIFT_OPTIMIZATION_LEVEL = "-Onone";
				SWIFT_SWIFT3_OBJC_INFERENCE = Default;
				SWIFT_VERSION = 5.0;
			};
			name = Debug;
		};
		FA68D9081BC040B100589DE4 /* Release */ = {
			isa = XCBuildConfiguration;
			buildSettings = {
				APPLICATION_EXTENSION_API_ONLY = NO;
				BITCODE_GENERATION_MODE = bitcode;
				BUILD_LIBRARY_FOR_DISTRIBUTION = YES;
				CLANG_ENABLE_MODULES = YES;
				CODE_SIGN_IDENTITY = "Apple Development";
				CODE_SIGN_STYLE = Automatic;
				CURRENT_PROJECT_VERSION = 3.3;
				DEBUG_INFORMATION_FORMAT = "dwarf-with-dsym";
				DEFINES_MODULE = YES;
				DEVELOPMENT_TEAM = 58TN26CK22;
				DYLIB_COMPATIBILITY_VERSION = 3.3;
				DYLIB_CURRENT_VERSION = 3.3;
				DYLIB_INSTALL_NAME_BASE = "@rpath";
				ENABLE_MODULE_VERIFIER = YES;
				INFOPLIST_FILE = AppliverySDK/Info.plist;
				INSTALL_PATH = "$(LOCAL_LIBRARY_DIR)/Frameworks";
				IPHONEOS_DEPLOYMENT_TARGET = 15.0;
				LD_RUNPATH_SEARCH_PATHS = (
					"$(inherited)",
					"@executable_path/Frameworks",
					"@loader_path/Frameworks",
				);
				MARKETING_VERSION = 3.3;
				MODULE_VERIFIER_SUPPORTED_LANGUAGE_STANDARDS = "gnu99 gnu++11";
				PRODUCT_BUNDLE_IDENTIFIER = com.applivery.sdk.ale;
				PRODUCT_NAME = Applivery;
				PROVISIONING_PROFILE_SPECIFIER = "";
				SKIP_INSTALL = YES;
				SWIFT_COMPILATION_MODE = wholemodule;
				SWIFT_OPTIMIZATION_LEVEL = "-O";
				SWIFT_SWIFT3_OBJC_INFERENCE = Default;
				SWIFT_VERSION = 5.0;
			};
			name = Release;
		};
/* End XCBuildConfiguration section */

/* Begin XCConfigurationList section */
		FA5EA6551E6CCB6600590120 /* Build configuration list for PBXNativeTarget "AppliveryBehaviorTests" */ = {
			isa = XCConfigurationList;
			buildConfigurations = (
				FA5EA6531E6CCB6600590120 /* Debug */,
				FA5EA6541E6CCB6600590120 /* Release */,
			);
			defaultConfigurationIsVisible = 0;
			defaultConfigurationName = Release;
		};
		FA68D8EC1BC040B000589DE4 /* Build configuration list for PBXProject "AppliverySDK" */ = {
			isa = XCConfigurationList;
			buildConfigurations = (
				FA68D9041BC040B100589DE4 /* Debug */,
				FA68D9051BC040B100589DE4 /* Release */,
			);
			defaultConfigurationIsVisible = 0;
			defaultConfigurationName = Release;
		};
		FA68D9061BC040B100589DE4 /* Build configuration list for PBXNativeTarget "Applivery" */ = {
			isa = XCConfigurationList;
			buildConfigurations = (
				FA68D9071BC040B100589DE4 /* Debug */,
				FA68D9081BC040B100589DE4 /* Release */,
			);
			defaultConfigurationIsVisible = 0;
			defaultConfigurationName = Release;
		};
/* End XCConfigurationList section */

/* Begin XCRemoteSwiftPackageReference section */
		D880104125D00582005490FA /* XCRemoteSwiftPackageReference "Nimble" */ = {
			isa = XCRemoteSwiftPackageReference;
			repositoryURL = "https://github.com/Quick/Nimble.git";
			requirement = {
				kind = upToNextMajorVersion;
				minimumVersion = 9.0.0;
			};
		};
		D880104525D005A5005490FA /* XCRemoteSwiftPackageReference "Quick" */ = {
			isa = XCRemoteSwiftPackageReference;
			repositoryURL = "https://github.com/Quick/Quick.git";
			requirement = {
				kind = upToNextMajorVersion;
				minimumVersion = 4.0.0;
			};
		};
		D880104925D005C9005490FA /* XCRemoteSwiftPackageReference "OHHTTPStubs" */ = {
			isa = XCRemoteSwiftPackageReference;
			repositoryURL = "https://github.com/AliSoftware/OHHTTPStubs.git";
			requirement = {
				kind = upToNextMajorVersion;
				minimumVersion = 9.1.0;
			};
		};
/* End XCRemoteSwiftPackageReference section */

/* Begin XCSwiftPackageProductDependency section */
		D880104225D00582005490FA /* Nimble */ = {
			isa = XCSwiftPackageProductDependency;
			package = D880104125D00582005490FA /* XCRemoteSwiftPackageReference "Nimble" */;
			productName = Nimble;
		};
		D880104625D005A5005490FA /* Quick */ = {
			isa = XCSwiftPackageProductDependency;
			package = D880104525D005A5005490FA /* XCRemoteSwiftPackageReference "Quick" */;
			productName = Quick;
		};
		D880104A25D005C9005490FA /* OHHTTPStubs */ = {
			isa = XCSwiftPackageProductDependency;
			package = D880104925D005C9005490FA /* XCRemoteSwiftPackageReference "OHHTTPStubs" */;
			productName = OHHTTPStubs;
		};
		D880104C25D005C9005490FA /* OHHTTPStubsSwift */ = {
			isa = XCSwiftPackageProductDependency;
			package = D880104925D005C9005490FA /* XCRemoteSwiftPackageReference "OHHTTPStubs" */;
			productName = OHHTTPStubsSwift;
		};
/* End XCSwiftPackageProductDependency section */
	};
	rootObject = FA68D8E91BC040B000589DE4 /* Project object */;
}
