// !$*UTF8*$!
{
	archiveVersion = 1;
	classes = {
	};
	objectVersion = 46;
	objects = {

/* Begin PBXBuildFile section */
		FA0883D31DBC1AF4008A553A /* OHHTTPStubs.framework in Frameworks */ = {isa = PBXBuildFile; fileRef = FAADA53A1DBC14EB00300A5E /* OHHTTPStubs.framework */; };
		FA0883D41DBC1AFA008A553A /* OHHTTPStubs.framework in Frameworks */ = {isa = PBXBuildFile; fileRef = FAADA53A1DBC14EB00300A5E /* OHHTTPStubs.framework */; settings = {ATTRIBUTES = (CodeSignOnCopy, RemoveHeadersOnCopy, ); }; };
		FA0883D81DBC231E008A553A /* feedback_ok.json in Resources */ = {isa = PBXBuildFile; fileRef = FA0883D71DBC231E008A553A /* feedback_ok.json */; };
		FA0883DA1DBC311C008A553A /* Result.swift in Sources */ = {isa = PBXBuildFile; fileRef = FA0883D91DBC311C008A553A /* Result.swift */; };
		FA0883DC1DBC3C03008A553A /* ko.json in Resources */ = {isa = PBXBuildFile; fileRef = FA0883DB1DBC3C03008A553A /* ko.json */; };
		FA1569B31DBCFB7700C651D4 /* Device.swift in Sources */ = {isa = PBXBuildFile; fileRef = FA1569B21DBCFB7700C651D4 /* Device.swift */; };
		FA1569B51DBD313200C651D4 /* Wifi.swift in Sources */ = {isa = PBXBuildFile; fileRef = FA1569B41DBD313200C651D4 /* Wifi.swift */; };
		FA1569B71DBD465100C651D4 /* DiskStatus.swift in Sources */ = {isa = PBXBuildFile; fileRef = FA1569B61DBD465100C651D4 /* DiskStatus.swift */; };
		FA1569B91DBD498900C651D4 /* Ram.swift in Sources */ = {isa = PBXBuildFile; fileRef = FA1569B81DBD498900C651D4 /* Ram.swift */; };
		FA1569BB1DBD52CF00C651D4 /* DeviceMock.swift in Sources */ = {isa = PBXBuildFile; fileRef = FA1569BA1DBD52CF00C651D4 /* DeviceMock.swift */; };
		FA19E48B1C822CA900DC31E8 /* Environments.swift in Sources */ = {isa = PBXBuildFile; fileRef = FA19E48A1C822CA900DC31E8 /* Environments.swift */; };
		FA1EE2E61BEAADC800B6EE11 /* JsonTests.swift in Sources */ = {isa = PBXBuildFile; fileRef = FA1EE2E51BEAADC800B6EE11 /* JsonTests.swift */; };
		FA2257E31C8B56E2000B0333 /* Screenshot.swift in Sources */ = {isa = PBXBuildFile; fileRef = FA2257E21C8B56E2000B0333 /* Screenshot.swift */; };
		FA232D2D1C75388A0097AE79 /* ConfigPersisterTests.swift in Sources */ = {isa = PBXBuildFile; fileRef = FA232D2C1C75388A0097AE79 /* ConfigPersisterTests.swift */; };
		FA232D2F1C753A5F0097AE79 /* UserDefaultsMock.swift in Sources */ = {isa = PBXBuildFile; fileRef = FA232D2E1C753A5F0097AE79 /* UserDefaultsMock.swift */; };
		FA2900E41C064DAD00778A4C /* Applivery.storyboard in Resources */ = {isa = PBXBuildFile; fileRef = FA2900E31C064DAD00778A4C /* Applivery.storyboard */; };
		FA2A61CB1C8CE59800DC21FD /* Keyboard.swift in Sources */ = {isa = PBXBuildFile; fileRef = FA2A61CA1C8CE59800DC21FD /* Keyboard.swift */; };
		FA2B3DCA1C178705002DC5C9 /* UpdatePresenterTests.swift in Sources */ = {isa = PBXBuildFile; fileRef = FA2B3DC91C178705002DC5C9 /* UpdatePresenterTests.swift */; };
		FA2B3DCC1C1789AF002DC5C9 /* UpdateViewMock.swift in Sources */ = {isa = PBXBuildFile; fileRef = FA2B3DCB1C1789AF002DC5C9 /* UpdateViewMock.swift */; };
		FA2B3DCE1C178A0F002DC5C9 /* UpdateInteractoMock.swift in Sources */ = {isa = PBXBuildFile; fileRef = FA2B3DCD1C178A0F002DC5C9 /* UpdateInteractoMock.swift */; };
		FA2B9C021DC29935009F11C5 /* ErrorCodes.swift in Sources */ = {isa = PBXBuildFile; fileRef = FA2B9C011DC29935009F11C5 /* ErrorCodes.swift */; };
		FA2B9C061DC2AB4F009F11C5 /* DownloadServiceTests.swift in Sources */ = {isa = PBXBuildFile; fileRef = FA2B9C051DC2AB4F009F11C5 /* DownloadServiceTests.swift */; };
		FA2B9C091DC2AC65009F11C5 /* StubResponseHelper.swift in Sources */ = {isa = PBXBuildFile; fileRef = FA2B9C081DC2AC65009F11C5 /* StubResponseHelper.swift */; };
		FA2B9C0B1DC2AFEE009F11C5 /* request_token_ok.json in Resources */ = {isa = PBXBuildFile; fileRef = FA2B9C0A1DC2AFEE009F11C5 /* request_token_ok.json */; };
		FA2B9C0D1DC2B3AC009F11C5 /* request_token_ok_no_token.json in Resources */ = {isa = PBXBuildFile; fileRef = FA2B9C0C1DC2B3AC009F11C5 /* request_token_ok_no_token.json */; };
		FA2C455A1C4D20A300E72847 /* Localizable.strings in Resources */ = {isa = PBXBuildFile; fileRef = FA2C455C1C4D20A300E72847 /* Localizable.strings */; };
		FA2C455E1C4D228A00E72847 /* NSBundle+Applivery.swift in Sources */ = {isa = PBXBuildFile; fileRef = FA2C455D1C4D228A00E72847 /* NSBundle+Applivery.swift */; };
		FA3211D41C3EA11700668099 /* DownloadDataManager.swift in Sources */ = {isa = PBXBuildFile; fileRef = FA3211D31C3EA11700668099 /* DownloadDataManager.swift */; };
		FA3211D61C3EA6D300668099 /* Localize.swift in Sources */ = {isa = PBXBuildFile; fileRef = FA3211D51C3EA6D300668099 /* Localize.swift */; };
		FA3211D81C3EE15E00668099 /* DownloadDataManagerMock.swift in Sources */ = {isa = PBXBuildFile; fileRef = FA3211D71C3EE15E00668099 /* DownloadDataManagerMock.swift */; };
		FA388B6B1C7CF3D500004042 /* EventDetector.swift in Sources */ = {isa = PBXBuildFile; fileRef = FA388B6A1C7CF3D500004042 /* EventDetector.swift */; };
		FA3A693D1BC2F9B700179176 /* ConfigDataManagerTests.swift in Sources */ = {isa = PBXBuildFile; fileRef = FA3A693C1BC2F9B700179176 /* ConfigDataManagerTests.swift */; };
		FA3A69401BC2FC1200179176 /* App.swift in Sources */ = {isa = PBXBuildFile; fileRef = FA3A693F1BC2FC1200179176 /* App.swift */; };
		FA3A69421BC2FC6F00179176 /* AppMock.swift in Sources */ = {isa = PBXBuildFile; fileRef = FA3A69411BC2FC6F00179176 /* AppMock.swift */; };
		FA3A69451BC2FCFB00179176 /* ConfigPersister.swift in Sources */ = {isa = PBXBuildFile; fileRef = FA3A69441BC2FCFB00179176 /* ConfigPersister.swift */; };
		FA3A69471BC3064A00179176 /* ConfigPersisterMock.swift in Sources */ = {isa = PBXBuildFile; fileRef = FA3A69461BC3064A00179176 /* ConfigPersisterMock.swift */; };
		FA3D97841DEB79DB00CCC11B /* PreviewVC.swift in Sources */ = {isa = PBXBuildFile; fileRef = FA3D97831DEB79DB00CCC11B /* PreviewVC.swift */; };
		FA48CB551CC2CCEF007A5293 /* ScreenshotInteractorTests.swift in Sources */ = {isa = PBXBuildFile; fileRef = FA48CB541CC2CCEF007A5293 /* ScreenshotInteractorTests.swift */; };
		FA48CB581CC2CE43007A5293 /* ImageManagerMock.swift in Sources */ = {isa = PBXBuildFile; fileRef = FA48CB561CC2CE24007A5293 /* ImageManagerMock.swift */; };
		FA48CB5A1CC2D08A007A5293 /* FeedbackInteractorTests.swift in Sources */ = {isa = PBXBuildFile; fileRef = FA48CB591CC2D08A007A5293 /* FeedbackInteractorTests.swift */; };
		FA48CB5C1CC2D15B007A5293 /* FeedbackServiceMock.swift in Sources */ = {isa = PBXBuildFile; fileRef = FA48CB5B1CC2D15B007A5293 /* FeedbackServiceMock.swift */; };
		FA49AEBB1C4AF95B000D5DFF /* Images.xcassets in Resources */ = {isa = PBXBuildFile; fileRef = FA49AEBA1C4AF95B000D5DFF /* Images.xcassets */; };
		FA4EBF531C7D009000664C1E /* EventDetectorMock.swift in Sources */ = {isa = PBXBuildFile; fileRef = FA4EBF521C7D009000664C1E /* EventDetectorMock.swift */; };
		FA4F1C5B1C53920300AC3E61 /* UpdateCoordinatorTests.swift in Sources */ = {isa = PBXBuildFile; fileRef = FA4F1C5A1C53920300AC3E61 /* UpdateCoordinatorTests.swift */; };
		FA53DE271BC188E200DF2EB1 /* StartInteractor.swift in Sources */ = {isa = PBXBuildFile; fileRef = FA53DE261BC188E200DF2EB1 /* StartInteractor.swift */; };
		FA53DE2D1BC18D4100DF2EB1 /* StartInteractorTests.swift in Sources */ = {isa = PBXBuildFile; fileRef = FA53DE2C1BC18D4100DF2EB1 /* StartInteractorTests.swift */; };
		FA53DE301BC18ECB00DF2EB1 /* ConfigDataManager.swift in Sources */ = {isa = PBXBuildFile; fileRef = FA53DE2F1BC18ECB00DF2EB1 /* ConfigDataManager.swift */; };
		FA53DE331BC18F6D00DF2EB1 /* Config.swift in Sources */ = {isa = PBXBuildFile; fileRef = FA53DE321BC18F6D00DF2EB1 /* Config.swift */; };
		FA53DE351BC193EA00DF2EB1 /* ConfigDataManagerMock.swift in Sources */ = {isa = PBXBuildFile; fileRef = FA53DE341BC193EA00DF2EB1 /* ConfigDataManagerMock.swift */; };
		FA53DE371BC1950300DF2EB1 /* StartInteractorOutputMock.swift in Sources */ = {isa = PBXBuildFile; fileRef = FA53DE361BC1950300DF2EB1 /* StartInteractorOutputMock.swift */; };
		FA53DE3C1BC1B38900DF2EB1 /* StartInteractorMock.swift in Sources */ = {isa = PBXBuildFile; fileRef = FA53DE3B1BC1B38900DF2EB1 /* StartInteractorMock.swift */; };
		FA5EA64E1E6CCB6600590120 /* AppliveryBehaviorTests.swift in Sources */ = {isa = PBXBuildFile; fileRef = FA5EA64D1E6CCB6600590120 /* AppliveryBehaviorTests.swift */; };
		FA5EA6501E6CCB6600590120 /* Applivery.framework in Frameworks */ = {isa = PBXBuildFile; fileRef = FA68D8F21BC040B000589DE4 /* Applivery.framework */; };
		FA5EA6561E6CCBC800590120 /* Nimble.framework in Frameworks */ = {isa = PBXBuildFile; fileRef = FA5EA63F1E6CB61500590120 /* Nimble.framework */; };
		FA5EA6571E6CCBCB00590120 /* Quick.framework in Frameworks */ = {isa = PBXBuildFile; fileRef = FA5EA6401E6CB61500590120 /* Quick.framework */; };
		FA5EA6581E6CCBCE00590120 /* OHHTTPStubs.framework in Frameworks */ = {isa = PBXBuildFile; fileRef = FAADA53A1DBC14EB00300A5E /* OHHTTPStubs.framework */; };
		FA5EA65A1E6CCC1100590120 /* Nimble.framework in Frameworks */ = {isa = PBXBuildFile; fileRef = FA5EA63F1E6CB61500590120 /* Nimble.framework */; settings = {ATTRIBUTES = (CodeSignOnCopy, RemoveHeadersOnCopy, ); }; };
		FA5EA65B1E6CCC1100590120 /* Quick.framework in Frameworks */ = {isa = PBXBuildFile; fileRef = FA5EA6401E6CB61500590120 /* Quick.framework */; settings = {ATTRIBUTES = (CodeSignOnCopy, RemoveHeadersOnCopy, ); }; };
		FA5EA65C1E6CCC1100590120 /* OHHTTPStubs.framework in Frameworks */ = {isa = PBXBuildFile; fileRef = FAADA53A1DBC14EB00300A5E /* OHHTTPStubs.framework */; settings = {ATTRIBUTES = (CodeSignOnCopy, RemoveHeadersOnCopy, ); }; };
		FA68D8F61BC040B100589DE4 /* Applivery.h in Headers */ = {isa = PBXBuildFile; fileRef = FA68D8F51BC040B100589DE4 /* Applivery.h */; settings = {ATTRIBUTES = (Public, ); }; };
		FA68D8FD1BC040B100589DE4 /* Applivery.framework in Frameworks */ = {isa = PBXBuildFile; fileRef = FA68D8F21BC040B000589DE4 /* Applivery.framework */; };
		FA68D9021BC040B100589DE4 /* AppliveryTests.swift in Sources */ = {isa = PBXBuildFile; fileRef = FA68D9011BC040B100589DE4 /* AppliveryTests.swift */; };
		FA68D90F1BC046E300589DE4 /* Applivery.swift in Sources */ = {isa = PBXBuildFile; fileRef = FA68D90E1BC046E300589DE4 /* Applivery.swift */; };
		FA73BF7D1C8B02E800619258 /* ScreenshotInteractor.swift in Sources */ = {isa = PBXBuildFile; fileRef = FA73BF7C1C8B02E800619258 /* ScreenshotInteractor.swift */; };
		FA73BF801C8B040D00619258 /* ImageManager.swift in Sources */ = {isa = PBXBuildFile; fileRef = FA73BF7F1C8B040D00619258 /* ImageManager.swift */; };
		FA8D78161BC46064005741D8 /* ConfigService.swift in Sources */ = {isa = PBXBuildFile; fileRef = FA8D78151BC46064005741D8 /* ConfigService.swift */; };
		FA8D78181BC46584005741D8 /* ConfigServiceMock.swift in Sources */ = {isa = PBXBuildFile; fileRef = FA8D78171BC46584005741D8 /* ConfigServiceMock.swift */; };
		FA929A091C4AF13700130DF4 /* Font+Load.swift in Sources */ = {isa = PBXBuildFile; fileRef = FA929A081C4AF13700130DF4 /* Font+Load.swift */; };
		FA952FD01C838CE000C32DD0 /* FeedbackCoordinatorMock.swift in Sources */ = {isa = PBXBuildFile; fileRef = FA952FCE1C838C9700C32DD0 /* FeedbackCoordinatorMock.swift */; };
		FA952FD41C838FB500C32DD0 /* UpdatePresenter.swift in Sources */ = {isa = PBXBuildFile; fileRef = FA952FD21C838FB500C32DD0 /* UpdatePresenter.swift */; };
		FA952FD51C838FB500C32DD0 /* UpdateVC.swift in Sources */ = {isa = PBXBuildFile; fileRef = FA952FD31C838FB500C32DD0 /* UpdateVC.swift */; };
		FA952FD81C83901000C32DD0 /* FeedbackVC.swift in Sources */ = {isa = PBXBuildFile; fileRef = FA952FD71C83901000C32DD0 /* FeedbackVC.swift */; };
		FA952FDA1C83904100C32DD0 /* FeedbackPresenter.swift in Sources */ = {isa = PBXBuildFile; fileRef = FA952FD91C83904100C32DD0 /* FeedbackPresenter.swift */; };
		FA952FDC1C83909000C32DD0 /* FeedbackInteractor.swift in Sources */ = {isa = PBXBuildFile; fileRef = FA952FDB1C83909000C32DD0 /* FeedbackInteractor.swift */; };
		FA952FDE1C83929100C32DD0 /* Storyboard+Applivery.swift in Sources */ = {isa = PBXBuildFile; fileRef = FA952FDD1C83929100C32DD0 /* Storyboard+Applivery.swift */; };
		FAA50D4C1C7D21D300CE7B65 /* ResponseTests.swift in Sources */ = {isa = PBXBuildFile; fileRef = FAA50D4B1C7D21D300CE7B65 /* ResponseTests.swift */; };
		FAA50D4E1C7D232500CE7B65 /* NSError+Applivery.swift in Sources */ = {isa = PBXBuildFile; fileRef = FAA50D4D1C7D232500CE7B65 /* NSError+Applivery.swift */; };
		FAADA5351DBBF25B00300A5E /* FeedbackServiceTests.swift in Sources */ = {isa = PBXBuildFile; fileRef = FAADA5341DBBF25B00300A5E /* FeedbackServiceTests.swift */; };
		FAC394751C95996B00F14778 /* ButtonFeedbackType.swift in Sources */ = {isa = PBXBuildFile; fileRef = FAC394741C95996B00F14778 /* ButtonFeedbackType.swift */; };
		FAC3947A1C959ADE00F14778 /* UIColor+Applivery.swift in Sources */ = {isa = PBXBuildFile; fileRef = FAC394791C959ADE00F14778 /* UIColor+Applivery.swift */; };
		FAC3947C1C959EB100F14778 /* UIColor+Hex.swift in Sources */ = {isa = PBXBuildFile; fileRef = FAC3947B1C959EB100F14778 /* UIColor+Hex.swift */; };
		FAC3947E1C95D9FF00F14778 /* Feedback.swift in Sources */ = {isa = PBXBuildFile; fileRef = FAC3947D1C95D9FF00F14778 /* Feedback.swift */; };
		FAC394801C95EA3000F14778 /* FeedbackService.swift in Sources */ = {isa = PBXBuildFile; fileRef = FAC3947F1C95EA3000F14778 /* FeedbackService.swift */; };
		FAC394821C96078A00F14778 /* UIDevice+ModelName.swift in Sources */ = {isa = PBXBuildFile; fileRef = FAC394811C96078A00F14778 /* UIDevice+ModelName.swift */; };
		FACEF8C81C14663B00B03FC0 /* Background.swift in Sources */ = {isa = PBXBuildFile; fileRef = FACEF8C71C14663B00B03FC0 /* Background.swift */; };
		FAD2A15B1C010D8B001967FD /* UpdateCoordinator.swift in Sources */ = {isa = PBXBuildFile; fileRef = FAD2A15A1C010D8B001967FD /* UpdateCoordinator.swift */; };
		FAD2A15D1C010EA6001967FD /* UpdateCoordinatorMock.swift in Sources */ = {isa = PBXBuildFile; fileRef = FAD2A15C1C010EA6001967FD /* UpdateCoordinatorMock.swift */; };
		FAD2A1651C011E2B001967FD /* UpdateInteractor.swift in Sources */ = {isa = PBXBuildFile; fileRef = FAD2A1641C011E2B001967FD /* UpdateInteractor.swift */; };
		FAD911001BCEE58B00D56617 /* Json.swift in Sources */ = {isa = PBXBuildFile; fileRef = FAD910FF1BCEE58B00D56617 /* Json.swift */; };
		FAEC86661C83824D00A43298 /* FeedbackCoordinator.swift in Sources */ = {isa = PBXBuildFile; fileRef = FAEC86651C83824D00A43298 /* FeedbackCoordinator.swift */; };
		FAED0E781CC97C99000FD5EB /* FeedbackPresenterTests.swift in Sources */ = {isa = PBXBuildFile; fileRef = FAED0E771CC97C99000FD5EB /* FeedbackPresenterTests.swift */; };
		FAED0E7A1CC97EF2000FD5EB /* ScreenshotInteractorMock.swift in Sources */ = {isa = PBXBuildFile; fileRef = FAED0E791CC97EF2000FD5EB /* ScreenshotInteractorMock.swift */; };
		FAED0E7C1CC980D2000FD5EB /* FeedbackViewMock.swift in Sources */ = {isa = PBXBuildFile; fileRef = FAED0E7B1CC980D2000FD5EB /* FeedbackViewMock.swift */; };
		FAED0E7E1CC991DD000FD5EB /* FeedbackInteractorMock.swift in Sources */ = {isa = PBXBuildFile; fileRef = FAED0E7D1CC991DD000FD5EB /* FeedbackInteractorMock.swift */; };
		FAF382041C25E828007AF670 /* UpdateInteractorTests.swift in Sources */ = {isa = PBXBuildFile; fileRef = FAF382031C25E828007AF670 /* UpdateInteractorTests.swift */; };
		FAFA85761BCBDB26004E1974 /* GlobalConfig.swift in Sources */ = {isa = PBXBuildFile; fileRef = FAFA85751BCBDB26004E1974 /* GlobalConfig.swift */; };
		FAFA857A1BCC07B6004E1974 /* Log.swift in Sources */ = {isa = PBXBuildFile; fileRef = FAFA85791BCC07B6004E1974 /* Log.swift */; };
		FAFA857D1BCC2EE7004E1974 /* Request.swift in Sources */ = {isa = PBXBuildFile; fileRef = FAFA857C1BCC2EE7004E1974 /* Request.swift */; };
		FAFA857F1BCC3389004E1974 /* Response.swift in Sources */ = {isa = PBXBuildFile; fileRef = FAFA857E1BCC3389004E1974 /* Response.swift */; };
		FAFBE4611C3EEA9A0039BD8C /* UpdateInteractorOutputMock.swift in Sources */ = {isa = PBXBuildFile; fileRef = FAFBE4601C3EEA9A0039BD8C /* UpdateInteractorOutputMock.swift */; };
		FAFBE4631C3EF66E0039BD8C /* DownloadService.swift in Sources */ = {isa = PBXBuildFile; fileRef = FAFBE4621C3EF66E0039BD8C /* DownloadService.swift */; };
		FAFBE4651C3EFD890039BD8C /* DownloadDataManagerTests.swift in Sources */ = {isa = PBXBuildFile; fileRef = FAFBE4641C3EFD890039BD8C /* DownloadDataManagerTests.swift */; };
		FAFBE4671C3EFEC40039BD8C /* DownloadServiceMock.swift in Sources */ = {isa = PBXBuildFile; fileRef = FAFBE4661C3EFEC40039BD8C /* DownloadServiceMock.swift */; };
		FAFF01271C57A2DE00DB7C8E /* fontawesome-webfont.ttf in Resources */ = {isa = PBXBuildFile; fileRef = FAFF01241C57A2DE00DB7C8E /* fontawesome-webfont.ttf */; };
		FAFF01281C57A2DE00DB7C8E /* Lato-Light.ttf in Resources */ = {isa = PBXBuildFile; fileRef = FAFF01251C57A2DE00DB7C8E /* Lato-Light.ttf */; };
		FAFF01291C57A2DE00DB7C8E /* Lato-Regular.ttf in Resources */ = {isa = PBXBuildFile; fileRef = FAFF01261C57A2DE00DB7C8E /* Lato-Regular.ttf */; };
/* End PBXBuildFile section */

/* Begin PBXContainerItemProxy section */
		FA5EA6511E6CCB6600590120 /* PBXContainerItemProxy */ = {
			isa = PBXContainerItemProxy;
			containerPortal = FA68D8E91BC040B000589DE4 /* Project object */;
			proxyType = 1;
			remoteGlobalIDString = FA68D8F11BC040B000589DE4;
			remoteInfo = Applivery;
		};
		FA68D8FE1BC040B100589DE4 /* PBXContainerItemProxy */ = {
			isa = PBXContainerItemProxy;
			containerPortal = FA68D8E91BC040B000589DE4 /* Project object */;
			proxyType = 1;
			remoteGlobalIDString = FA68D8F11BC040B000589DE4;
			remoteInfo = AppliverySDK;
		};
/* End PBXContainerItemProxy section */

/* Begin PBXCopyFilesBuildPhase section */
		FA5EA6591E6CCBFD00590120 /* Frameworks */ = {
			isa = PBXCopyFilesBuildPhase;
			buildActionMask = 2147483647;
			dstPath = "";
			dstSubfolderSpec = 10;
			files = (
				FA5EA65A1E6CCC1100590120 /* Nimble.framework in Frameworks */,
				FA5EA65B1E6CCC1100590120 /* Quick.framework in Frameworks */,
				FA5EA65C1E6CCC1100590120 /* OHHTTPStubs.framework in Frameworks */,
			);
			name = Frameworks;
			runOnlyForDeploymentPostprocessing = 0;
		};
		FAB2ED151DBC1AD800A2E2E0 /* Frameworks */ = {
			isa = PBXCopyFilesBuildPhase;
			buildActionMask = 2147483647;
			dstPath = "";
			dstSubfolderSpec = 10;
			files = (
				FA0883D41DBC1AFA008A553A /* OHHTTPStubs.framework in Frameworks */,
			);
			name = Frameworks;
			runOnlyForDeploymentPostprocessing = 0;
		};
/* End PBXCopyFilesBuildPhase section */

/* Begin PBXFileReference section */
		FA0883D71DBC231E008A553A /* feedback_ok.json */ = {isa = PBXFileReference; fileEncoding = 4; lastKnownFileType = text.json; name = feedback_ok.json; path = Mocks/JSON/feedback_ok.json; sourceTree = "<group>"; };
		FA0883D91DBC311C008A553A /* Result.swift */ = {isa = PBXFileReference; fileEncoding = 4; lastKnownFileType = sourcecode.swift; name = Result.swift; path = Applivery/Utils/Result.swift; sourceTree = "<group>"; };
		FA0883DB1DBC3C03008A553A /* ko.json */ = {isa = PBXFileReference; fileEncoding = 4; lastKnownFileType = text.json; name = ko.json; path = Mocks/JSON/ko.json; sourceTree = "<group>"; };
		FA1569B21DBCFB7700C651D4 /* Device.swift */ = {isa = PBXFileReference; fileEncoding = 4; lastKnownFileType = sourcecode.swift; name = Device.swift; path = Applivery/Wrappers/Device.swift; sourceTree = "<group>"; };
		FA1569B41DBD313200C651D4 /* Wifi.swift */ = {isa = PBXFileReference; fileEncoding = 4; lastKnownFileType = sourcecode.swift; name = Wifi.swift; path = Applivery/Utils/Wifi.swift; sourceTree = "<group>"; };
		FA1569B61DBD465100C651D4 /* DiskStatus.swift */ = {isa = PBXFileReference; fileEncoding = 4; lastKnownFileType = sourcecode.swift; name = DiskStatus.swift; path = Applivery/Utils/DiskStatus.swift; sourceTree = "<group>"; };
		FA1569B81DBD498900C651D4 /* Ram.swift */ = {isa = PBXFileReference; fileEncoding = 4; lastKnownFileType = sourcecode.swift; name = Ram.swift; path = Applivery/Utils/Ram.swift; sourceTree = "<group>"; };
		FA1569BA1DBD52CF00C651D4 /* DeviceMock.swift */ = {isa = PBXFileReference; fileEncoding = 4; lastKnownFileType = sourcecode.swift; name = DeviceMock.swift; path = Mocks/DeviceMock.swift; sourceTree = "<group>"; };
		FA19E48A1C822CA900DC31E8 /* Environments.swift */ = {isa = PBXFileReference; fileEncoding = 4; lastKnownFileType = sourcecode.swift; name = Environments.swift; path = Applivery/Utils/Environments.swift; sourceTree = "<group>"; };
		FA1EE2E51BEAADC800B6EE11 /* JsonTests.swift */ = {isa = PBXFileReference; fileEncoding = 4; lastKnownFileType = sourcecode.swift; path = JsonTests.swift; sourceTree = "<group>"; };
		FA2257E21C8B56E2000B0333 /* Screenshot.swift */ = {isa = PBXFileReference; fileEncoding = 4; lastKnownFileType = sourcecode.swift; name = Screenshot.swift; path = Applivery/Wrappers/Screenshot.swift; sourceTree = "<group>"; };
		FA232D2C1C75388A0097AE79 /* ConfigPersisterTests.swift */ = {isa = PBXFileReference; fileEncoding = 4; lastKnownFileType = sourcecode.swift; name = ConfigPersisterTests.swift; path = Persisters/ConfigPersisterTests.swift; sourceTree = "<group>"; };
		FA232D2E1C753A5F0097AE79 /* UserDefaultsMock.swift */ = {isa = PBXFileReference; fileEncoding = 4; lastKnownFileType = sourcecode.swift; name = UserDefaultsMock.swift; path = Mocks/UserDefaultsMock.swift; sourceTree = "<group>"; };
		FA2900E31C064DAD00778A4C /* Applivery.storyboard */ = {isa = PBXFileReference; fileEncoding = 4; lastKnownFileType = file.storyboard; name = Applivery.storyboard; path = Applivery/Views/Applivery.storyboard; sourceTree = "<group>"; };
		FA2A61CA1C8CE59800DC21FD /* Keyboard.swift */ = {isa = PBXFileReference; fileEncoding = 4; lastKnownFileType = sourcecode.swift; name = Keyboard.swift; path = Applivery/Wrappers/Keyboard.swift; sourceTree = "<group>"; };
		FA2B3DC91C178705002DC5C9 /* UpdatePresenterTests.swift */ = {isa = PBXFileReference; fileEncoding = 4; lastKnownFileType = sourcecode.swift; name = UpdatePresenterTests.swift; path = Presenters/UpdatePresenterTests.swift; sourceTree = "<group>"; };
		FA2B3DCB1C1789AF002DC5C9 /* UpdateViewMock.swift */ = {isa = PBXFileReference; fileEncoding = 4; lastKnownFileType = sourcecode.swift; name = UpdateViewMock.swift; path = Mocks/UpdateViewMock.swift; sourceTree = "<group>"; };
		FA2B3DCD1C178A0F002DC5C9 /* UpdateInteractoMock.swift */ = {isa = PBXFileReference; fileEncoding = 4; lastKnownFileType = sourcecode.swift; name = UpdateInteractoMock.swift; path = Mocks/UpdateInteractoMock.swift; sourceTree = "<group>"; };
		FA2B9C011DC29935009F11C5 /* ErrorCodes.swift */ = {isa = PBXFileReference; fileEncoding = 4; lastKnownFileType = sourcecode.swift; name = ErrorCodes.swift; path = Applivery/SDKConfig/ErrorCodes/ErrorCodes.swift; sourceTree = "<group>"; };
		FA2B9C051DC2AB4F009F11C5 /* DownloadServiceTests.swift */ = {isa = PBXFileReference; fileEncoding = 4; lastKnownFileType = sourcecode.swift; name = DownloadServiceTests.swift; path = Network/DownloadServiceTests.swift; sourceTree = "<group>"; };
		FA2B9C081DC2AC65009F11C5 /* StubResponseHelper.swift */ = {isa = PBXFileReference; fileEncoding = 4; lastKnownFileType = sourcecode.swift; name = StubResponseHelper.swift; path = Helpers/StubResponseHelper.swift; sourceTree = "<group>"; };
		FA2B9C0A1DC2AFEE009F11C5 /* request_token_ok.json */ = {isa = PBXFileReference; fileEncoding = 4; lastKnownFileType = text.json; name = request_token_ok.json; path = Mocks/JSON/request_token_ok.json; sourceTree = "<group>"; };
		FA2B9C0C1DC2B3AC009F11C5 /* request_token_ok_no_token.json */ = {isa = PBXFileReference; fileEncoding = 4; lastKnownFileType = text.json; name = request_token_ok_no_token.json; path = Mocks/JSON/request_token_ok_no_token.json; sourceTree = "<group>"; };
		FA2C455B1C4D20A300E72847 /* en */ = {isa = PBXFileReference; lastKnownFileType = text.plist.strings; name = en; path = en.lproj/Localizable.strings; sourceTree = "<group>"; };
		FA2C455D1C4D228A00E72847 /* NSBundle+Applivery.swift */ = {isa = PBXFileReference; fileEncoding = 4; lastKnownFileType = sourcecode.swift; name = "NSBundle+Applivery.swift"; path = "Applivery/Utils/NSBundle+Applivery.swift"; sourceTree = "<group>"; };
		FA3211D31C3EA11700668099 /* DownloadDataManager.swift */ = {isa = PBXFileReference; fileEncoding = 4; lastKnownFileType = sourcecode.swift; lineEnding = 0; name = DownloadDataManager.swift; path = Applivery/Data/DownloadDataManager.swift; sourceTree = "<group>"; xcLanguageSpecificationIdentifier = xcode.lang.swift; };
		FA3211D51C3EA6D300668099 /* Localize.swift */ = {isa = PBXFileReference; fileEncoding = 4; lastKnownFileType = sourcecode.swift; name = Localize.swift; path = Applivery/Utils/Localize.swift; sourceTree = "<group>"; };
		FA3211D71C3EE15E00668099 /* DownloadDataManagerMock.swift */ = {isa = PBXFileReference; fileEncoding = 4; lastKnownFileType = sourcecode.swift; name = DownloadDataManagerMock.swift; path = Mocks/DownloadDataManagerMock.swift; sourceTree = "<group>"; };
		FA388B6A1C7CF3D500004042 /* EventDetector.swift */ = {isa = PBXFileReference; fileEncoding = 4; lastKnownFileType = sourcecode.swift; name = EventDetector.swift; path = Applivery/Wrappers/EventDetector.swift; sourceTree = "<group>"; };
		FA3A693C1BC2F9B700179176 /* ConfigDataManagerTests.swift */ = {isa = PBXFileReference; fileEncoding = 4; lastKnownFileType = sourcecode.swift; name = ConfigDataManagerTests.swift; path = Data/ConfigDataManagerTests.swift; sourceTree = "<group>"; };
		FA3A693F1BC2FC1200179176 /* App.swift */ = {isa = PBXFileReference; fileEncoding = 4; lastKnownFileType = sourcecode.swift; lineEnding = 0; name = App.swift; path = Applivery/Wrappers/App.swift; sourceTree = "<group>"; xcLanguageSpecificationIdentifier = xcode.lang.swift; };
		FA3A69411BC2FC6F00179176 /* AppMock.swift */ = {isa = PBXFileReference; fileEncoding = 4; lastKnownFileType = sourcecode.swift; lineEnding = 0; name = AppMock.swift; path = Mocks/AppMock.swift; sourceTree = "<group>"; xcLanguageSpecificationIdentifier = xcode.lang.swift; };
		FA3A69441BC2FCFB00179176 /* ConfigPersister.swift */ = {isa = PBXFileReference; fileEncoding = 4; lastKnownFileType = sourcecode.swift; name = ConfigPersister.swift; path = Applivery/Data/Persisters/ConfigPersister.swift; sourceTree = "<group>"; };
		FA3A69461BC3064A00179176 /* ConfigPersisterMock.swift */ = {isa = PBXFileReference; fileEncoding = 4; lastKnownFileType = sourcecode.swift; name = ConfigPersisterMock.swift; path = Mocks/ConfigPersisterMock.swift; sourceTree = "<group>"; };
		FA3D97831DEB79DB00CCC11B /* PreviewVC.swift */ = {isa = PBXFileReference; fileEncoding = 4; lastKnownFileType = sourcecode.swift; name = PreviewVC.swift; path = Applivery/Views/Feedback/Preview/PreviewVC.swift; sourceTree = "<group>"; };
		FA48CB541CC2CCEF007A5293 /* ScreenshotInteractorTests.swift */ = {isa = PBXFileReference; fileEncoding = 4; lastKnownFileType = sourcecode.swift; name = ScreenshotInteractorTests.swift; path = Interactors/ScreenshotInteractorTests.swift; sourceTree = "<group>"; };
		FA48CB561CC2CE24007A5293 /* ImageManagerMock.swift */ = {isa = PBXFileReference; fileEncoding = 4; lastKnownFileType = sourcecode.swift; name = ImageManagerMock.swift; path = Mocks/ImageManagerMock.swift; sourceTree = "<group>"; };
		FA48CB591CC2D08A007A5293 /* FeedbackInteractorTests.swift */ = {isa = PBXFileReference; fileEncoding = 4; lastKnownFileType = sourcecode.swift; lineEnding = 0; name = FeedbackInteractorTests.swift; path = Interactors/FeedbackInteractorTests.swift; sourceTree = "<group>"; xcLanguageSpecificationIdentifier = xcode.lang.swift; };
		FA48CB5B1CC2D15B007A5293 /* FeedbackServiceMock.swift */ = {isa = PBXFileReference; fileEncoding = 4; lastKnownFileType = sourcecode.swift; name = FeedbackServiceMock.swift; path = Mocks/FeedbackServiceMock.swift; sourceTree = "<group>"; };
		FA49AEBA1C4AF95B000D5DFF /* Images.xcassets */ = {isa = PBXFileReference; lastKnownFileType = folder.assetcatalog; name = Images.xcassets; path = Resources/Images.xcassets; sourceTree = "<group>"; };
		FA4EBF521C7D009000664C1E /* EventDetectorMock.swift */ = {isa = PBXFileReference; fileEncoding = 4; lastKnownFileType = sourcecode.swift; name = EventDetectorMock.swift; path = Mocks/EventDetectorMock.swift; sourceTree = "<group>"; };
		FA4F1C5A1C53920300AC3E61 /* UpdateCoordinatorTests.swift */ = {isa = PBXFileReference; fileEncoding = 4; lastKnownFileType = sourcecode.swift; name = UpdateCoordinatorTests.swift; path = Coordinators/UpdateCoordinatorTests.swift; sourceTree = "<group>"; };
		FA53DE261BC188E200DF2EB1 /* StartInteractor.swift */ = {isa = PBXFileReference; fileEncoding = 4; lastKnownFileType = sourcecode.swift; name = StartInteractor.swift; path = Applivery/Interactors/StartInteractor.swift; sourceTree = "<group>"; };
		FA53DE2C1BC18D4100DF2EB1 /* StartInteractorTests.swift */ = {isa = PBXFileReference; fileEncoding = 4; lastKnownFileType = sourcecode.swift; name = StartInteractorTests.swift; path = Interactors/StartInteractorTests.swift; sourceTree = "<group>"; };
		FA53DE2F1BC18ECB00DF2EB1 /* ConfigDataManager.swift */ = {isa = PBXFileReference; fileEncoding = 4; lastKnownFileType = sourcecode.swift; lineEnding = 0; name = ConfigDataManager.swift; path = Applivery/Data/ConfigDataManager.swift; sourceTree = "<group>"; xcLanguageSpecificationIdentifier = xcode.lang.swift; };
		FA53DE321BC18F6D00DF2EB1 /* Config.swift */ = {isa = PBXFileReference; fileEncoding = 4; lastKnownFileType = sourcecode.swift; name = Config.swift; path = Applivery/Model/Config.swift; sourceTree = "<group>"; };
		FA53DE341BC193EA00DF2EB1 /* ConfigDataManagerMock.swift */ = {isa = PBXFileReference; fileEncoding = 4; lastKnownFileType = sourcecode.swift; name = ConfigDataManagerMock.swift; path = Mocks/ConfigDataManagerMock.swift; sourceTree = "<group>"; };
		FA53DE361BC1950300DF2EB1 /* StartInteractorOutputMock.swift */ = {isa = PBXFileReference; fileEncoding = 4; lastKnownFileType = sourcecode.swift; name = StartInteractorOutputMock.swift; path = Mocks/StartInteractorOutputMock.swift; sourceTree = "<group>"; };
		FA53DE3B1BC1B38900DF2EB1 /* StartInteractorMock.swift */ = {isa = PBXFileReference; fileEncoding = 4; lastKnownFileType = sourcecode.swift; name = StartInteractorMock.swift; path = Mocks/StartInteractorMock.swift; sourceTree = "<group>"; };
		FA5EA63F1E6CB61500590120 /* Nimble.framework */ = {isa = PBXFileReference; lastKnownFileType = wrapper.framework; name = Nimble.framework; path = Carthage/Build/iOS/Nimble.framework; sourceTree = "<group>"; };
		FA5EA6401E6CB61500590120 /* Quick.framework */ = {isa = PBXFileReference; lastKnownFileType = wrapper.framework; name = Quick.framework; path = Carthage/Build/iOS/Quick.framework; sourceTree = "<group>"; };
		FA5EA6451E6CB70C00590120 /* Cartfile.private */ = {isa = PBXFileReference; fileEncoding = 4; lastKnownFileType = text; path = Cartfile.private; sourceTree = "<group>"; };
		FA5EA64B1E6CCB6600590120 /* AppliveryBehaviorTests.xctest */ = {isa = PBXFileReference; explicitFileType = wrapper.cfbundle; includeInIndex = 0; path = AppliveryBehaviorTests.xctest; sourceTree = BUILT_PRODUCTS_DIR; };
		FA5EA64D1E6CCB6600590120 /* AppliveryBehaviorTests.swift */ = {isa = PBXFileReference; lastKnownFileType = sourcecode.swift; path = AppliveryBehaviorTests.swift; sourceTree = "<group>"; };
		FA5EA64F1E6CCB6600590120 /* Info.plist */ = {isa = PBXFileReference; lastKnownFileType = text.plist.xml; path = Info.plist; sourceTree = "<group>"; };
		FA68D8F21BC040B000589DE4 /* Applivery.framework */ = {isa = PBXFileReference; explicitFileType = wrapper.framework; includeInIndex = 0; path = Applivery.framework; sourceTree = BUILT_PRODUCTS_DIR; };
		FA68D8F51BC040B100589DE4 /* Applivery.h */ = {isa = PBXFileReference; lastKnownFileType = sourcecode.c.h; path = Applivery.h; sourceTree = "<group>"; };
		FA68D8F71BC040B100589DE4 /* Info.plist */ = {isa = PBXFileReference; lastKnownFileType = text.plist.xml; path = Info.plist; sourceTree = "<group>"; };
		FA68D8FC1BC040B100589DE4 /* AppliveryTests.xctest */ = {isa = PBXFileReference; explicitFileType = wrapper.cfbundle; includeInIndex = 0; path = AppliveryTests.xctest; sourceTree = BUILT_PRODUCTS_DIR; };
		FA68D9011BC040B100589DE4 /* AppliveryTests.swift */ = {isa = PBXFileReference; lastKnownFileType = sourcecode.swift; path = AppliveryTests.swift; sourceTree = "<group>"; };
		FA68D9031BC040B100589DE4 /* Info.plist */ = {isa = PBXFileReference; lastKnownFileType = text.plist.xml; path = Info.plist; sourceTree = "<group>"; };
		FA68D90E1BC046E300589DE4 /* Applivery.swift */ = {isa = PBXFileReference; fileEncoding = 4; lastKnownFileType = sourcecode.swift; name = Applivery.swift; path = Applivery/Applivery.swift; sourceTree = "<group>"; };
		FA73BF7C1C8B02E800619258 /* ScreenshotInteractor.swift */ = {isa = PBXFileReference; fileEncoding = 4; lastKnownFileType = sourcecode.swift; name = ScreenshotInteractor.swift; path = Applivery/Interactors/ScreenshotInteractor.swift; sourceTree = "<group>"; };
		FA73BF7F1C8B040D00619258 /* ImageManager.swift */ = {isa = PBXFileReference; fileEncoding = 4; lastKnownFileType = sourcecode.swift; name = ImageManager.swift; path = Applivery/Managers/ImageManager.swift; sourceTree = "<group>"; };
		FA8D78151BC46064005741D8 /* ConfigService.swift */ = {isa = PBXFileReference; fileEncoding = 4; lastKnownFileType = sourcecode.swift; name = ConfigService.swift; path = Applivery/Data/Services/ConfigService.swift; sourceTree = "<group>"; };
		FA8D78171BC46584005741D8 /* ConfigServiceMock.swift */ = {isa = PBXFileReference; fileEncoding = 4; lastKnownFileType = sourcecode.swift; name = ConfigServiceMock.swift; path = Mocks/ConfigServiceMock.swift; sourceTree = "<group>"; };
		FA929A081C4AF13700130DF4 /* Font+Load.swift */ = {isa = PBXFileReference; fileEncoding = 4; lastKnownFileType = sourcecode.swift; name = "Font+Load.swift"; path = "Applivery/Utils/Font+Load.swift"; sourceTree = "<group>"; };
		FA952FCE1C838C9700C32DD0 /* FeedbackCoordinatorMock.swift */ = {isa = PBXFileReference; fileEncoding = 4; lastKnownFileType = sourcecode.swift; name = FeedbackCoordinatorMock.swift; path = Mocks/FeedbackCoordinatorMock.swift; sourceTree = "<group>"; };
		FA952FD21C838FB500C32DD0 /* UpdatePresenter.swift */ = {isa = PBXFileReference; fileEncoding = 4; lastKnownFileType = sourcecode.swift; name = UpdatePresenter.swift; path = Applivery/Views/Update/UpdatePresenter.swift; sourceTree = "<group>"; };
		FA952FD31C838FB500C32DD0 /* UpdateVC.swift */ = {isa = PBXFileReference; fileEncoding = 4; lastKnownFileType = sourcecode.swift; name = UpdateVC.swift; path = Applivery/Views/Update/UpdateVC.swift; sourceTree = "<group>"; };
		FA952FD71C83901000C32DD0 /* FeedbackVC.swift */ = {isa = PBXFileReference; fileEncoding = 4; lastKnownFileType = sourcecode.swift; name = FeedbackVC.swift; path = Applivery/Views/Feedback/FeedbackVC.swift; sourceTree = "<group>"; };
		FA952FD91C83904100C32DD0 /* FeedbackPresenter.swift */ = {isa = PBXFileReference; fileEncoding = 4; lastKnownFileType = sourcecode.swift; name = FeedbackPresenter.swift; path = Applivery/Views/Feedback/FeedbackPresenter.swift; sourceTree = "<group>"; };
		FA952FDB1C83909000C32DD0 /* FeedbackInteractor.swift */ = {isa = PBXFileReference; fileEncoding = 4; lastKnownFileType = sourcecode.swift; name = FeedbackInteractor.swift; path = Applivery/Interactors/FeedbackInteractor.swift; sourceTree = "<group>"; };
		FA952FDD1C83929100C32DD0 /* Storyboard+Applivery.swift */ = {isa = PBXFileReference; fileEncoding = 4; lastKnownFileType = sourcecode.swift; name = "Storyboard+Applivery.swift"; path = "Applivery/Utils/Storyboard+Applivery.swift"; sourceTree = "<group>"; };
		FAA50D4B1C7D21D300CE7B65 /* ResponseTests.swift */ = {isa = PBXFileReference; fileEncoding = 4; lastKnownFileType = sourcecode.swift; name = ResponseTests.swift; path = Network/ResponseTests.swift; sourceTree = "<group>"; };
		FAA50D4D1C7D232500CE7B65 /* NSError+Applivery.swift */ = {isa = PBXFileReference; fileEncoding = 4; lastKnownFileType = sourcecode.swift; name = "NSError+Applivery.swift"; path = "Applivery/Utils/NSError+Applivery.swift"; sourceTree = "<group>"; };
		FAADA5341DBBF25B00300A5E /* FeedbackServiceTests.swift */ = {isa = PBXFileReference; fileEncoding = 4; lastKnownFileType = sourcecode.swift; lineEnding = 0; name = FeedbackServiceTests.swift; path = Network/FeedbackServiceTests.swift; sourceTree = "<group>"; xcLanguageSpecificationIdentifier = xcode.lang.swift; };
		FAADA53A1DBC14EB00300A5E /* OHHTTPStubs.framework */ = {isa = PBXFileReference; lastKnownFileType = wrapper.framework; name = OHHTTPStubs.framework; path = Carthage/Build/iOS/OHHTTPStubs.framework; sourceTree = "<group>"; };
		FAC394741C95996B00F14778 /* ButtonFeedbackType.swift */ = {isa = PBXFileReference; fileEncoding = 4; lastKnownFileType = sourcecode.swift; name = ButtonFeedbackType.swift; path = Applivery/Components/ButtonFeedbackType.swift; sourceTree = "<group>"; };
		FAC394791C959ADE00F14778 /* UIColor+Applivery.swift */ = {isa = PBXFileReference; fileEncoding = 4; lastKnownFileType = sourcecode.swift; name = "UIColor+Applivery.swift"; path = "Applivery/Utils/UIColor+Applivery.swift"; sourceTree = "<group>"; };
		FAC3947B1C959EB100F14778 /* UIColor+Hex.swift */ = {isa = PBXFileReference; fileEncoding = 4; lastKnownFileType = sourcecode.swift; name = "UIColor+Hex.swift"; path = "Applivery/Utils/UIColor+Hex.swift"; sourceTree = "<group>"; };
		FAC3947D1C95D9FF00F14778 /* Feedback.swift */ = {isa = PBXFileReference; fileEncoding = 4; lastKnownFileType = sourcecode.swift; name = Feedback.swift; path = Applivery/Model/Feedback.swift; sourceTree = "<group>"; };
		FAC3947F1C95EA3000F14778 /* FeedbackService.swift */ = {isa = PBXFileReference; fileEncoding = 4; lastKnownFileType = sourcecode.swift; lineEnding = 0; name = FeedbackService.swift; path = Applivery/Data/Services/FeedbackService.swift; sourceTree = "<group>"; xcLanguageSpecificationIdentifier = xcode.lang.swift; };
		FAC394811C96078A00F14778 /* UIDevice+ModelName.swift */ = {isa = PBXFileReference; fileEncoding = 4; lastKnownFileType = sourcecode.swift; name = "UIDevice+ModelName.swift"; path = "Applivery/Utils/UIDevice+ModelName.swift"; sourceTree = "<group>"; };
		FACEF8C71C14663B00B03FC0 /* Background.swift */ = {isa = PBXFileReference; fileEncoding = 4; lastKnownFileType = sourcecode.swift; name = Background.swift; path = Applivery/Utils/Background.swift; sourceTree = "<group>"; };
		FAD2A15A1C010D8B001967FD /* UpdateCoordinator.swift */ = {isa = PBXFileReference; fileEncoding = 4; lastKnownFileType = sourcecode.swift; lineEnding = 0; name = UpdateCoordinator.swift; path = Applivery/Coordinators/UpdateCoordinator.swift; sourceTree = "<group>"; xcLanguageSpecificationIdentifier = xcode.lang.swift; };
		FAD2A15C1C010EA6001967FD /* UpdateCoordinatorMock.swift */ = {isa = PBXFileReference; fileEncoding = 4; lastKnownFileType = sourcecode.swift; name = UpdateCoordinatorMock.swift; path = Mocks/UpdateCoordinatorMock.swift; sourceTree = "<group>"; };
		FAD2A1641C011E2B001967FD /* UpdateInteractor.swift */ = {isa = PBXFileReference; fileEncoding = 4; lastKnownFileType = sourcecode.swift; lineEnding = 0; name = UpdateInteractor.swift; path = Applivery/Interactors/UpdateInteractor.swift; sourceTree = "<group>"; xcLanguageSpecificationIdentifier = xcode.lang.swift; };
		FAD910FF1BCEE58B00D56617 /* Json.swift */ = {isa = PBXFileReference; fileEncoding = 4; lastKnownFileType = sourcecode.swift; name = Json.swift; path = Applivery/Utils/Json.swift; sourceTree = "<group>"; };
		FAEC86651C83824D00A43298 /* FeedbackCoordinator.swift */ = {isa = PBXFileReference; fileEncoding = 4; lastKnownFileType = sourcecode.swift; name = FeedbackCoordinator.swift; path = Applivery/Coordinators/FeedbackCoordinator.swift; sourceTree = "<group>"; };
		FAED0E771CC97C99000FD5EB /* FeedbackPresenterTests.swift */ = {isa = PBXFileReference; fileEncoding = 4; lastKnownFileType = sourcecode.swift; lineEnding = 0; name = FeedbackPresenterTests.swift; path = Presenters/FeedbackPresenterTests.swift; sourceTree = "<group>"; xcLanguageSpecificationIdentifier = xcode.lang.swift; };
		FAED0E791CC97EF2000FD5EB /* ScreenshotInteractorMock.swift */ = {isa = PBXFileReference; fileEncoding = 4; lastKnownFileType = sourcecode.swift; name = ScreenshotInteractorMock.swift; path = Mocks/ScreenshotInteractorMock.swift; sourceTree = "<group>"; };
		FAED0E7B1CC980D2000FD5EB /* FeedbackViewMock.swift */ = {isa = PBXFileReference; fileEncoding = 4; lastKnownFileType = sourcecode.swift; name = FeedbackViewMock.swift; path = Mocks/FeedbackViewMock.swift; sourceTree = "<group>"; };
		FAED0E7D1CC991DD000FD5EB /* FeedbackInteractorMock.swift */ = {isa = PBXFileReference; fileEncoding = 4; lastKnownFileType = sourcecode.swift; name = FeedbackInteractorMock.swift; path = Mocks/FeedbackInteractorMock.swift; sourceTree = "<group>"; };
		FAF382031C25E828007AF670 /* UpdateInteractorTests.swift */ = {isa = PBXFileReference; fileEncoding = 4; lastKnownFileType = sourcecode.swift; name = UpdateInteractorTests.swift; path = Interactors/UpdateInteractorTests.swift; sourceTree = "<group>"; };
		FAFA85751BCBDB26004E1974 /* GlobalConfig.swift */ = {isa = PBXFileReference; fileEncoding = 4; lastKnownFileType = sourcecode.swift; name = GlobalConfig.swift; path = Applivery/SDKConfig/GlobalConfig.swift; sourceTree = "<group>"; };
		FAFA85791BCC07B6004E1974 /* Log.swift */ = {isa = PBXFileReference; fileEncoding = 4; lastKnownFileType = sourcecode.swift; name = Log.swift; path = Applivery/Utils/Log.swift; sourceTree = "<group>"; };
		FAFA857C1BCC2EE7004E1974 /* Request.swift */ = {isa = PBXFileReference; fileEncoding = 4; lastKnownFileType = sourcecode.swift; name = Request.swift; path = Applivery/Data/Services/Request.swift; sourceTree = "<group>"; };
		FAFA857E1BCC3389004E1974 /* Response.swift */ = {isa = PBXFileReference; fileEncoding = 4; lastKnownFileType = sourcecode.swift; name = Response.swift; path = Applivery/Data/Services/Response.swift; sourceTree = "<group>"; };
		FAFBE4601C3EEA9A0039BD8C /* UpdateInteractorOutputMock.swift */ = {isa = PBXFileReference; fileEncoding = 4; lastKnownFileType = sourcecode.swift; name = UpdateInteractorOutputMock.swift; path = Mocks/UpdateInteractorOutputMock.swift; sourceTree = "<group>"; };
		FAFBE4621C3EF66E0039BD8C /* DownloadService.swift */ = {isa = PBXFileReference; fileEncoding = 4; lastKnownFileType = sourcecode.swift; lineEnding = 0; name = DownloadService.swift; path = Applivery/Data/Services/DownloadService.swift; sourceTree = "<group>"; xcLanguageSpecificationIdentifier = xcode.lang.swift; };
		FAFBE4641C3EFD890039BD8C /* DownloadDataManagerTests.swift */ = {isa = PBXFileReference; fileEncoding = 4; lastKnownFileType = sourcecode.swift; name = DownloadDataManagerTests.swift; path = Data/DownloadDataManagerTests.swift; sourceTree = "<group>"; };
		FAFBE4661C3EFEC40039BD8C /* DownloadServiceMock.swift */ = {isa = PBXFileReference; fileEncoding = 4; lastKnownFileType = sourcecode.swift; lineEnding = 0; name = DownloadServiceMock.swift; path = Mocks/DownloadServiceMock.swift; sourceTree = "<group>"; xcLanguageSpecificationIdentifier = xcode.lang.swift; };
		FAFF01241C57A2DE00DB7C8E /* fontawesome-webfont.ttf */ = {isa = PBXFileReference; lastKnownFileType = file; name = "fontawesome-webfont.ttf"; path = "Resources/Fonts/fontawesome-webfont.ttf"; sourceTree = "<group>"; };
		FAFF01251C57A2DE00DB7C8E /* Lato-Light.ttf */ = {isa = PBXFileReference; lastKnownFileType = file; name = "Lato-Light.ttf"; path = "Resources/Fonts/Lato-Light.ttf"; sourceTree = "<group>"; };
		FAFF01261C57A2DE00DB7C8E /* Lato-Regular.ttf */ = {isa = PBXFileReference; lastKnownFileType = file; name = "Lato-Regular.ttf"; path = "Resources/Fonts/Lato-Regular.ttf"; sourceTree = "<group>"; };
/* End PBXFileReference section */

/* Begin PBXFrameworksBuildPhase section */
		FA5EA6481E6CCB6600590120 /* Frameworks */ = {
			isa = PBXFrameworksBuildPhase;
			buildActionMask = 2147483647;
			files = (
				FA5EA6501E6CCB6600590120 /* Applivery.framework in Frameworks */,
				FA5EA6581E6CCBCE00590120 /* OHHTTPStubs.framework in Frameworks */,
				FA5EA6561E6CCBC800590120 /* Nimble.framework in Frameworks */,
				FA5EA6571E6CCBCB00590120 /* Quick.framework in Frameworks */,
			);
			runOnlyForDeploymentPostprocessing = 0;
		};
		FA68D8EE1BC040B000589DE4 /* Frameworks */ = {
			isa = PBXFrameworksBuildPhase;
			buildActionMask = 2147483647;
			files = (
			);
			runOnlyForDeploymentPostprocessing = 0;
		};
		FA68D8F91BC040B100589DE4 /* Frameworks */ = {
			isa = PBXFrameworksBuildPhase;
			buildActionMask = 2147483647;
			files = (
				FA68D8FD1BC040B100589DE4 /* Applivery.framework in Frameworks */,
				FA0883D31DBC1AF4008A553A /* OHHTTPStubs.framework in Frameworks */,
			);
			runOnlyForDeploymentPostprocessing = 0;
		};
/* End PBXFrameworksBuildPhase section */

/* Begin PBXGroup section */
		FA0883D61DBC22DA008A553A /* JSON */ = {
			isa = PBXGroup;
			children = (
				FA0883D71DBC231E008A553A /* feedback_ok.json */,
				FA0883DB1DBC3C03008A553A /* ko.json */,
				FA2B9C0A1DC2AFEE009F11C5 /* request_token_ok.json */,
				FA2B9C0C1DC2B3AC009F11C5 /* request_token_ok_no_token.json */,
			);
			name = JSON;
			sourceTree = "<group>";
		};
		FA0FCE5B1DC4D22500B92075 /* Supporting Files */ = {
			isa = PBXGroup;
			children = (
				FA68D8F51BC040B100589DE4 /* Applivery.h */,
				FA68D8F71BC040B100589DE4 /* Info.plist */,
			);
			name = "Supporting Files";
			sourceTree = "<group>";
		};
		FA232D2B1C7538540097AE79 /* Persisters */ = {
			isa = PBXGroup;
			children = (
				FA232D2C1C75388A0097AE79 /* ConfigPersisterTests.swift */,
			);
			name = Persisters;
			sourceTree = "<group>";
		};
		FA2B3DC81C178644002DC5C9 /* Presenters */ = {
			isa = PBXGroup;
			children = (
				FA2B3DC91C178705002DC5C9 /* UpdatePresenterTests.swift */,
				FAED0E771CC97C99000FD5EB /* FeedbackPresenterTests.swift */,
			);
			name = Presenters;
			sourceTree = "<group>";
		};
		FA2B9BFF1DC298FD009F11C5 /* Constants */ = {
			isa = PBXGroup;
			children = (
				FA2B9C011DC29935009F11C5 /* ErrorCodes.swift */,
			);
			name = Constants;
			sourceTree = "<group>";
		};
		FA2B9C001DC29905009F11C5 /* Global */ = {
			isa = PBXGroup;
			children = (
				FAFA85751BCBDB26004E1974 /* GlobalConfig.swift */,
				FA2B9BFF1DC298FD009F11C5 /* Constants */,
			);
			name = Global;
			sourceTree = "<group>";
		};
		FA2B9C071DC2AC2F009F11C5 /* Helpers */ = {
			isa = PBXGroup;
			children = (
				FA2B9C081DC2AC65009F11C5 /* StubResponseHelper.swift */,
			);
			name = Helpers;
			sourceTree = "<group>";
		};
		FA3A693B1BC2F99400179176 /* Data */ = {
			isa = PBXGroup;
			children = (
				FA3A693C1BC2F9B700179176 /* ConfigDataManagerTests.swift */,
				FAFBE4641C3EFD890039BD8C /* DownloadDataManagerTests.swift */,
			);
			name = Data;
			sourceTree = "<group>";
		};
		FA3A693E1BC2FBE500179176 /* Wrappers */ = {
			isa = PBXGroup;
			children = (
				FA3A693F1BC2FC1200179176 /* App.swift */,
				FA388B6A1C7CF3D500004042 /* EventDetector.swift */,
				FA2257E21C8B56E2000B0333 /* Screenshot.swift */,
				FA2A61CA1C8CE59800DC21FD /* Keyboard.swift */,
				FA1569B21DBCFB7700C651D4 /* Device.swift */,
			);
			name = Wrappers;
			sourceTree = "<group>";
		};
		FA3A69431BC2FCD300179176 /* Persisters */ = {
			isa = PBXGroup;
			children = (
				FA3A69441BC2FCFB00179176 /* ConfigPersister.swift */,
			);
			name = Persisters;
			sourceTree = "<group>";
		};
		FA3D97821DEB79B300CCC11B /* Preview */ = {
			isa = PBXGroup;
			children = (
				FA3D97831DEB79DB00CCC11B /* PreviewVC.swift */,
			);
			name = Preview;
			sourceTree = "<group>";
		};
		FA49AEB81C4AF93B000D5DFF /* Fonts */ = {
			isa = PBXGroup;
			children = (
				FAFF01241C57A2DE00DB7C8E /* fontawesome-webfont.ttf */,
				FAFF01251C57A2DE00DB7C8E /* Lato-Light.ttf */,
				FAFF01261C57A2DE00DB7C8E /* Lato-Regular.ttf */,
			);
			name = Fonts;
			sourceTree = "<group>";
		};
		FA4F1C591C5391E400AC3E61 /* Coordinators */ = {
			isa = PBXGroup;
			children = (
				FA4F1C5A1C53920300AC3E61 /* UpdateCoordinatorTests.swift */,
			);
			name = Coordinators;
			sourceTree = "<group>";
		};
		FA53DE231BC1884500DF2EB1 /* Interactors */ = {
			isa = PBXGroup;
			children = (
				FA53DE261BC188E200DF2EB1 /* StartInteractor.swift */,
				FAD2A1641C011E2B001967FD /* UpdateInteractor.swift */,
				FA952FDB1C83909000C32DD0 /* FeedbackInteractor.swift */,
				FA73BF7C1C8B02E800619258 /* ScreenshotInteractor.swift */,
			);
			name = Interactors;
			sourceTree = "<group>";
		};
		FA53DE2A1BC18D1800DF2EB1 /* Mocks */ = {
			isa = PBXGroup;
			children = (
				FA0883D61DBC22DA008A553A /* JSON */,
				FA53DE341BC193EA00DF2EB1 /* ConfigDataManagerMock.swift */,
				FA53DE361BC1950300DF2EB1 /* StartInteractorOutputMock.swift */,
				FA53DE3B1BC1B38900DF2EB1 /* StartInteractorMock.swift */,
				FA3A69411BC2FC6F00179176 /* AppMock.swift */,
				FA3A69461BC3064A00179176 /* ConfigPersisterMock.swift */,
				FA8D78171BC46584005741D8 /* ConfigServiceMock.swift */,
				FAD2A15C1C010EA6001967FD /* UpdateCoordinatorMock.swift */,
				FA952FCE1C838C9700C32DD0 /* FeedbackCoordinatorMock.swift */,
				FA2B3DCB1C1789AF002DC5C9 /* UpdateViewMock.swift */,
				FA2B3DCD1C178A0F002DC5C9 /* UpdateInteractoMock.swift */,
				FA3211D71C3EE15E00668099 /* DownloadDataManagerMock.swift */,
				FAFBE4601C3EEA9A0039BD8C /* UpdateInteractorOutputMock.swift */,
				FAFBE4661C3EFEC40039BD8C /* DownloadServiceMock.swift */,
				FA232D2E1C753A5F0097AE79 /* UserDefaultsMock.swift */,
				FA4EBF521C7D009000664C1E /* EventDetectorMock.swift */,
				FA48CB561CC2CE24007A5293 /* ImageManagerMock.swift */,
				FA48CB5B1CC2D15B007A5293 /* FeedbackServiceMock.swift */,
				FAED0E791CC97EF2000FD5EB /* ScreenshotInteractorMock.swift */,
				FAED0E7B1CC980D2000FD5EB /* FeedbackViewMock.swift */,
				FAED0E7D1CC991DD000FD5EB /* FeedbackInteractorMock.swift */,
				FA1569BA1DBD52CF00C651D4 /* DeviceMock.swift */,
			);
			name = Mocks;
			sourceTree = "<group>";
		};
		FA53DE2B1BC18D2200DF2EB1 /* Interactors */ = {
			isa = PBXGroup;
			children = (
				FA53DE2C1BC18D4100DF2EB1 /* StartInteractorTests.swift */,
				FAF382031C25E828007AF670 /* UpdateInteractorTests.swift */,
				FA48CB541CC2CCEF007A5293 /* ScreenshotInteractorTests.swift */,
				FA48CB591CC2D08A007A5293 /* FeedbackInteractorTests.swift */,
			);
			name = Interactors;
			sourceTree = "<group>";
		};
		FA53DE2E1BC18E9A00DF2EB1 /* Data */ = {
			isa = PBXGroup;
			children = (
				FA53DE2F1BC18ECB00DF2EB1 /* ConfigDataManager.swift */,
				FA3211D31C3EA11700668099 /* DownloadDataManager.swift */,
				FA3A69431BC2FCD300179176 /* Persisters */,
				FA8D78141BC46037005741D8 /* Services */,
			);
			name = Data;
			sourceTree = "<group>";
		};
		FA53DE311BC18F5000DF2EB1 /* Model */ = {
			isa = PBXGroup;
			children = (
				FA53DE321BC18F6D00DF2EB1 /* Config.swift */,
				FAC3947D1C95D9FF00F14778 /* Feedback.swift */,
			);
			name = Model;
			sourceTree = "<group>";
		};
		FA5EA64C1E6CCB6600590120 /* AppliveryBehaviorTests */ = {
			isa = PBXGroup;
			children = (
				FA5EA64D1E6CCB6600590120 /* AppliveryBehaviorTests.swift */,
				FA5EA64F1E6CCB6600590120 /* Info.plist */,
			);
			path = AppliveryBehaviorTests;
			sourceTree = "<group>";
		};
		FA68D8E81BC040B000589DE4 = {
			isa = PBXGroup;
			children = (
				FA68D8F41BC040B000589DE4 /* AppliverySDK */,
				FA68D9001BC040B100589DE4 /* AppliverySDKTests */,
				FA5EA64C1E6CCB6600590120 /* AppliveryBehaviorTests */,
				FAADA5381DBC123D00300A5E /* Frameworks */,
				FA68D8F31BC040B000589DE4 /* Products */,
			);
			sourceTree = "<group>";
		};
		FA68D8F31BC040B000589DE4 /* Products */ = {
			isa = PBXGroup;
			children = (
				FA68D8F21BC040B000589DE4 /* Applivery.framework */,
				FA68D8FC1BC040B100589DE4 /* AppliveryTests.xctest */,
				FA5EA64B1E6CCB6600590120 /* AppliveryBehaviorTests.xctest */,
			);
			name = Products;
			sourceTree = "<group>";
		};
		FA68D8F41BC040B000589DE4 /* AppliverySDK */ = {
			isa = PBXGroup;
			children = (
				FA68D90E1BC046E300589DE4 /* Applivery.swift */,
				FA68D90D1BC046AB00589DE4 /* Source */,
				FAF382051C2614F6007AF670 /* Resources */,
				FA0FCE5B1DC4D22500B92075 /* Supporting Files */,
			);
			path = AppliverySDK;
			sourceTree = "<group>";
		};
		FA68D9001BC040B100589DE4 /* AppliverySDKTests */ = {
			isa = PBXGroup;
			children = (
				FA68D9011BC040B100589DE4 /* AppliveryTests.swift */,
				FA4F1C591C5391E400AC3E61 /* Coordinators */,
				FA2B3DC81C178644002DC5C9 /* Presenters */,
				FA53DE2B1BC18D2200DF2EB1 /* Interactors */,
				FA3A693B1BC2F99400179176 /* Data */,
				FAA50D4A1C7D21B500CE7B65 /* Network */,
				FA232D2B1C7538540097AE79 /* Persisters */,
				FAD2A16C1C01220E001967FD /* Utils */,
				FA53DE2A1BC18D1800DF2EB1 /* Mocks */,
				FA2B9C071DC2AC2F009F11C5 /* Helpers */,
				FA68D9031BC040B100589DE4 /* Info.plist */,
			);
			path = AppliverySDKTests;
			sourceTree = "<group>";
		};
		FA68D90D1BC046AB00589DE4 /* Source */ = {
			isa = PBXGroup;
			children = (
				FA2B9C001DC29905009F11C5 /* Global */,
				FAD2A1591C010D3F001967FD /* Coordinators */,
				FAD2A15E1C011CA8001967FD /* Views */,
				FAC394731C95994800F14778 /* Components */,
				FA53DE231BC1884500DF2EB1 /* Interactors */,
				FA53DE311BC18F5000DF2EB1 /* Model */,
				FA53DE2E1BC18E9A00DF2EB1 /* Data */,
				FA73BF7E1C8B03DC00619258 /* Managers */,
				FA3A693E1BC2FBE500179176 /* Wrappers */,
				FAFA85781BCC0789004E1974 /* Utils */,
			);
			name = Source;
			sourceTree = "<group>";
		};
		FA73BF7E1C8B03DC00619258 /* Managers */ = {
			isa = PBXGroup;
			children = (
				FA73BF7F1C8B040D00619258 /* ImageManager.swift */,
			);
			name = Managers;
			sourceTree = "<group>";
		};
		FA8D78141BC46037005741D8 /* Services */ = {
			isa = PBXGroup;
			children = (
				FAFA857C1BCC2EE7004E1974 /* Request.swift */,
				FAFA857E1BCC3389004E1974 /* Response.swift */,
				FA8D78151BC46064005741D8 /* ConfigService.swift */,
				FAFBE4621C3EF66E0039BD8C /* DownloadService.swift */,
				FAC3947F1C95EA3000F14778 /* FeedbackService.swift */,
			);
			name = Services;
			sourceTree = "<group>";
		};
		FA952FD11C838F4B00C32DD0 /* Update */ = {
			isa = PBXGroup;
			children = (
				FA952FD31C838FB500C32DD0 /* UpdateVC.swift */,
				FA952FD21C838FB500C32DD0 /* UpdatePresenter.swift */,
			);
			name = Update;
			sourceTree = "<group>";
		};
		FA952FD61C838FB900C32DD0 /* Feedback */ = {
			isa = PBXGroup;
			children = (
				FA952FD71C83901000C32DD0 /* FeedbackVC.swift */,
				FA952FD91C83904100C32DD0 /* FeedbackPresenter.swift */,
				FA3D97821DEB79B300CCC11B /* Preview */,
			);
			name = Feedback;
			sourceTree = "<group>";
		};
		FAA50D4A1C7D21B500CE7B65 /* Network */ = {
			isa = PBXGroup;
			children = (
				FAA50D4B1C7D21D300CE7B65 /* ResponseTests.swift */,
				FAADA5341DBBF25B00300A5E /* FeedbackServiceTests.swift */,
				FA2B9C051DC2AB4F009F11C5 /* DownloadServiceTests.swift */,
			);
			name = Network;
			sourceTree = "<group>";
		};
		FAADA5381DBC123D00300A5E /* Frameworks */ = {
			isa = PBXGroup;
			children = (
				FA5EA6451E6CB70C00590120 /* Cartfile.private */,
				FA5EA63F1E6CB61500590120 /* Nimble.framework */,
				FA5EA6401E6CB61500590120 /* Quick.framework */,
				FAADA53A1DBC14EB00300A5E /* OHHTTPStubs.framework */,
			);
			name = Frameworks;
			sourceTree = "<group>";
		};
		FAC394731C95994800F14778 /* Components */ = {
			isa = PBXGroup;
			children = (
				FAC394741C95996B00F14778 /* ButtonFeedbackType.swift */,
			);
			name = Components;
			sourceTree = "<group>";
		};
		FAD2A1591C010D3F001967FD /* Coordinators */ = {
			isa = PBXGroup;
			children = (
				FAD2A15A1C010D8B001967FD /* UpdateCoordinator.swift */,
				FAEC86651C83824D00A43298 /* FeedbackCoordinator.swift */,
			);
			name = Coordinators;
			sourceTree = "<group>";
		};
		FAD2A15E1C011CA8001967FD /* Views */ = {
			isa = PBXGroup;
			children = (
				FA2900E31C064DAD00778A4C /* Applivery.storyboard */,
				FA952FD11C838F4B00C32DD0 /* Update */,
				FA952FD61C838FB900C32DD0 /* Feedback */,
			);
			name = Views;
			sourceTree = "<group>";
		};
		FAD2A16C1C01220E001967FD /* Utils */ = {
			isa = PBXGroup;
			children = (
				FA1EE2E51BEAADC800B6EE11 /* JsonTests.swift */,
			);
			name = Utils;
			sourceTree = "<group>";
		};
		FAF382051C2614F6007AF670 /* Resources */ = {
			isa = PBXGroup;
			children = (
				FA49AEBA1C4AF95B000D5DFF /* Images.xcassets */,
				FA2C455C1C4D20A300E72847 /* Localizable.strings */,
				FA49AEB81C4AF93B000D5DFF /* Fonts */,
			);
			name = Resources;
			sourceTree = "<group>";
		};
		FAFA85781BCC0789004E1974 /* Utils */ = {
			isa = PBXGroup;
			children = (
				FAFA85791BCC07B6004E1974 /* Log.swift */,
				FAD910FF1BCEE58B00D56617 /* Json.swift */,
				FACEF8C71C14663B00B03FC0 /* Background.swift */,
				FA3211D51C3EA6D300668099 /* Localize.swift */,
				FA929A081C4AF13700130DF4 /* Font+Load.swift */,
				FA2C455D1C4D228A00E72847 /* NSBundle+Applivery.swift */,
				FAA50D4D1C7D232500CE7B65 /* NSError+Applivery.swift */,
				FA19E48A1C822CA900DC31E8 /* Environments.swift */,
				FA952FDD1C83929100C32DD0 /* Storyboard+Applivery.swift */,
				FAC394791C959ADE00F14778 /* UIColor+Applivery.swift */,
				FAC3947B1C959EB100F14778 /* UIColor+Hex.swift */,
				FAC394811C96078A00F14778 /* UIDevice+ModelName.swift */,
				FA0883D91DBC311C008A553A /* Result.swift */,
				FA1569B41DBD313200C651D4 /* Wifi.swift */,
				FA1569B61DBD465100C651D4 /* DiskStatus.swift */,
				FA1569B81DBD498900C651D4 /* Ram.swift */,
			);
			name = Utils;
			sourceTree = "<group>";
		};
/* End PBXGroup section */

/* Begin PBXHeadersBuildPhase section */
		FA68D8EF1BC040B000589DE4 /* Headers */ = {
			isa = PBXHeadersBuildPhase;
			buildActionMask = 2147483647;
			files = (
				FA68D8F61BC040B100589DE4 /* Applivery.h in Headers */,
			);
			runOnlyForDeploymentPostprocessing = 0;
		};
/* End PBXHeadersBuildPhase section */

/* Begin PBXNativeTarget section */
		FA5EA64A1E6CCB6600590120 /* AppliveryBehaviorTests */ = {
			isa = PBXNativeTarget;
			buildConfigurationList = FA5EA6551E6CCB6600590120 /* Build configuration list for PBXNativeTarget "AppliveryBehaviorTests" */;
			buildPhases = (
				FA5EA6471E6CCB6600590120 /* Sources */,
				FA5EA6481E6CCB6600590120 /* Frameworks */,
				FA5EA6491E6CCB6600590120 /* Resources */,
				FA5EA6591E6CCBFD00590120 /* Frameworks */,
			);
			buildRules = (
			);
			dependencies = (
				FA5EA6521E6CCB6600590120 /* PBXTargetDependency */,
			);
			name = AppliveryBehaviorTests;
			productName = AppliveryBehaviorTests;
			productReference = FA5EA64B1E6CCB6600590120 /* AppliveryBehaviorTests.xctest */;
			productType = "com.apple.product-type.bundle.unit-test";
		};
		FA68D8F11BC040B000589DE4 /* Applivery */ = {
			isa = PBXNativeTarget;
			buildConfigurationList = FA68D9061BC040B100589DE4 /* Build configuration list for PBXNativeTarget "Applivery" */;
			buildPhases = (
				FA68D8ED1BC040B000589DE4 /* Sources */,
				FAADA5321DBAC05D00300A5E /* Swiftlint */,
				FA68D8EE1BC040B000589DE4 /* Frameworks */,
				FA68D8EF1BC040B000589DE4 /* Headers */,
				FA68D8F01BC040B000589DE4 /* Resources */,
			);
			buildRules = (
			);
			dependencies = (
			);
			name = Applivery;
			productName = AppliverySDK;
			productReference = FA68D8F21BC040B000589DE4 /* Applivery.framework */;
			productType = "com.apple.product-type.framework";
		};
		FA68D8FB1BC040B100589DE4 /* AppliveryTests */ = {
			isa = PBXNativeTarget;
			buildConfigurationList = FA68D9091BC040B100589DE4 /* Build configuration list for PBXNativeTarget "AppliveryTests" */;
			buildPhases = (
				FA68D8F81BC040B100589DE4 /* Sources */,
				FA68D8F91BC040B100589DE4 /* Frameworks */,
				FA68D8FA1BC040B100589DE4 /* Resources */,
				FAB2ED151DBC1AD800A2E2E0 /* Frameworks */,
			);
			buildRules = (
			);
			dependencies = (
				FA68D8FF1BC040B100589DE4 /* PBXTargetDependency */,
			);
			name = AppliveryTests;
			productName = AppliverySDKTests;
			productReference = FA68D8FC1BC040B100589DE4 /* AppliveryTests.xctest */;
			productType = "com.apple.product-type.bundle.unit-test";
		};
/* End PBXNativeTarget section */

/* Begin PBXProject section */
		FA68D8E91BC040B000589DE4 /* Project object */ = {
			isa = PBXProject;
			attributes = {
				LastSwiftMigration = 0700;
				LastSwiftUpdateCheck = 0820;
				LastUpgradeCheck = 0800;
				ORGANIZATIONNAME = "Applivery S.L.";
				TargetAttributes = {
					FA5EA64A1E6CCB6600590120 = {
						CreatedOnToolsVersion = 8.2.1;
						ProvisioningStyle = Automatic;
					};
					FA68D8F11BC040B000589DE4 = {
						CreatedOnToolsVersion = 7.0.1;
						LastSwiftMigration = 0800;
					};
					FA68D8FB1BC040B100589DE4 = {
						CreatedOnToolsVersion = 7.0.1;
						LastSwiftMigration = 0800;
						ProvisioningStyle = Automatic;
					};
				};
			};
			buildConfigurationList = FA68D8EC1BC040B000589DE4 /* Build configuration list for PBXProject "AppliverySDK" */;
			compatibilityVersion = "Xcode 3.2";
			developmentRegion = English;
			hasScannedForEncodings = 0;
			knownRegions = (
				en,
				Base,
			);
			mainGroup = FA68D8E81BC040B000589DE4;
			productRefGroup = FA68D8F31BC040B000589DE4 /* Products */;
			projectDirPath = "";
			projectRoot = "";
			targets = (
				FA68D8F11BC040B000589DE4 /* Applivery */,
				FA68D8FB1BC040B100589DE4 /* AppliveryTests */,
				FA5EA64A1E6CCB6600590120 /* AppliveryBehaviorTests */,
			);
		};
/* End PBXProject section */

/* Begin PBXResourcesBuildPhase section */
		FA5EA6491E6CCB6600590120 /* Resources */ = {
			isa = PBXResourcesBuildPhase;
			buildActionMask = 2147483647;
			files = (
			);
			runOnlyForDeploymentPostprocessing = 0;
		};
		FA68D8F01BC040B000589DE4 /* Resources */ = {
			isa = PBXResourcesBuildPhase;
			buildActionMask = 2147483647;
			files = (
				FAFF01281C57A2DE00DB7C8E /* Lato-Light.ttf in Resources */,
				FAFF01291C57A2DE00DB7C8E /* Lato-Regular.ttf in Resources */,
				FA2C455A1C4D20A300E72847 /* Localizable.strings in Resources */,
				FAFF01271C57A2DE00DB7C8E /* fontawesome-webfont.ttf in Resources */,
				FA49AEBB1C4AF95B000D5DFF /* Images.xcassets in Resources */,
				FA2900E41C064DAD00778A4C /* Applivery.storyboard in Resources */,
			);
			runOnlyForDeploymentPostprocessing = 0;
		};
		FA68D8FA1BC040B100589DE4 /* Resources */ = {
			isa = PBXResourcesBuildPhase;
			buildActionMask = 2147483647;
			files = (
				FA0883D81DBC231E008A553A /* feedback_ok.json in Resources */,
				FA2B9C0B1DC2AFEE009F11C5 /* request_token_ok.json in Resources */,
				FA0883DC1DBC3C03008A553A /* ko.json in Resources */,
				FA2B9C0D1DC2B3AC009F11C5 /* request_token_ok_no_token.json in Resources */,
			);
			runOnlyForDeploymentPostprocessing = 0;
		};
/* End PBXResourcesBuildPhase section */

/* Begin PBXShellScriptBuildPhase section */
		FAADA5321DBAC05D00300A5E /* Swiftlint */ = {
			isa = PBXShellScriptBuildPhase;
			buildActionMask = 2147483647;
			files = (
			);
			inputPaths = (
			);
			name = Swiftlint;
			outputPaths = (
			);
			runOnlyForDeploymentPostprocessing = 0;
			shellPath = /bin/sh;
			shellScript = "if [ \"${CONFIGURATION}\" != \"Release\" ]; then\n    if which swiftlint >/dev/null; then\n        swiftlint\n    else\n        echo \"warning: SwiftLint not installed, download from https://github.com/realm/SwiftLint\"\n    fi\nfi";
		};
/* End PBXShellScriptBuildPhase section */

/* Begin PBXSourcesBuildPhase section */
		FA5EA6471E6CCB6600590120 /* Sources */ = {
			isa = PBXSourcesBuildPhase;
			buildActionMask = 2147483647;
			files = (
				FA5EA64E1E6CCB6600590120 /* AppliveryBehaviorTests.swift in Sources */,
			);
			runOnlyForDeploymentPostprocessing = 0;
		};
		FA68D8ED1BC040B000589DE4 /* Sources */ = {
			isa = PBXSourcesBuildPhase;
			buildActionMask = 2147483647;
			files = (
				FA68D90F1BC046E300589DE4 /* Applivery.swift in Sources */,
				FA2A61CB1C8CE59800DC21FD /* Keyboard.swift in Sources */,
				FA73BF7D1C8B02E800619258 /* ScreenshotInteractor.swift in Sources */,
				FA3A69451BC2FCFB00179176 /* ConfigPersister.swift in Sources */,
				FA1569B51DBD313200C651D4 /* Wifi.swift in Sources */,
				FA929A091C4AF13700130DF4 /* Font+Load.swift in Sources */,
				FA952FDA1C83904100C32DD0 /* FeedbackPresenter.swift in Sources */,
				FA952FDC1C83909000C32DD0 /* FeedbackInteractor.swift in Sources */,
				FAC394751C95996B00F14778 /* ButtonFeedbackType.swift in Sources */,
				FA2C455E1C4D228A00E72847 /* NSBundle+Applivery.swift in Sources */,
				FA3A69401BC2FC1200179176 /* App.swift in Sources */,
				FA2B9C021DC29935009F11C5 /* ErrorCodes.swift in Sources */,
				FA952FD81C83901000C32DD0 /* FeedbackVC.swift in Sources */,
				FAD911001BCEE58B00D56617 /* Json.swift in Sources */,
				FACEF8C81C14663B00B03FC0 /* Background.swift in Sources */,
				FA73BF801C8B040D00619258 /* ImageManager.swift in Sources */,
				FAEC86661C83824D00A43298 /* FeedbackCoordinator.swift in Sources */,
				FAFBE4631C3EF66E0039BD8C /* DownloadService.swift in Sources */,
				FA0883DA1DBC311C008A553A /* Result.swift in Sources */,
				FAC3947E1C95D9FF00F14778 /* Feedback.swift in Sources */,
				FA388B6B1C7CF3D500004042 /* EventDetector.swift in Sources */,
				FA8D78161BC46064005741D8 /* ConfigService.swift in Sources */,
				FAA50D4E1C7D232500CE7B65 /* NSError+Applivery.swift in Sources */,
				FA2257E31C8B56E2000B0333 /* Screenshot.swift in Sources */,
				FA3D97841DEB79DB00CCC11B /* PreviewVC.swift in Sources */,
				FA3211D61C3EA6D300668099 /* Localize.swift in Sources */,
				FA952FD41C838FB500C32DD0 /* UpdatePresenter.swift in Sources */,
				FAC3947A1C959ADE00F14778 /* UIColor+Applivery.swift in Sources */,
				FA53DE331BC18F6D00DF2EB1 /* Config.swift in Sources */,
				FAD2A15B1C010D8B001967FD /* UpdateCoordinator.swift in Sources */,
				FAFA85761BCBDB26004E1974 /* GlobalConfig.swift in Sources */,
				FAC3947C1C959EB100F14778 /* UIColor+Hex.swift in Sources */,
				FA952FD51C838FB500C32DD0 /* UpdateVC.swift in Sources */,
				FA53DE271BC188E200DF2EB1 /* StartInteractor.swift in Sources */,
				FAFA857F1BCC3389004E1974 /* Response.swift in Sources */,
				FAFA857D1BCC2EE7004E1974 /* Request.swift in Sources */,
				FA1569B71DBD465100C651D4 /* DiskStatus.swift in Sources */,
				FA1569B31DBCFB7700C651D4 /* Device.swift in Sources */,
				FAC394801C95EA3000F14778 /* FeedbackService.swift in Sources */,
				FA3211D41C3EA11700668099 /* DownloadDataManager.swift in Sources */,
				FAFA857A1BCC07B6004E1974 /* Log.swift in Sources */,
				FA19E48B1C822CA900DC31E8 /* Environments.swift in Sources */,
				FA952FDE1C83929100C32DD0 /* Storyboard+Applivery.swift in Sources */,
				FA53DE301BC18ECB00DF2EB1 /* ConfigDataManager.swift in Sources */,
				FAC394821C96078A00F14778 /* UIDevice+ModelName.swift in Sources */,
				FAD2A1651C011E2B001967FD /* UpdateInteractor.swift in Sources */,
				FA1569B91DBD498900C651D4 /* Ram.swift in Sources */,
			);
			runOnlyForDeploymentPostprocessing = 0;
		};
		FA68D8F81BC040B100589DE4 /* Sources */ = {
			isa = PBXSourcesBuildPhase;
			buildActionMask = 2147483647;
			files = (
				FAA50D4C1C7D21D300CE7B65 /* ResponseTests.swift in Sources */,
				FA2B3DCE1C178A0F002DC5C9 /* UpdateInteractoMock.swift in Sources */,
				FA68D9021BC040B100589DE4 /* AppliveryTests.swift in Sources */,
				FAED0E781CC97C99000FD5EB /* FeedbackPresenterTests.swift in Sources */,
				FA48CB5A1CC2D08A007A5293 /* FeedbackInteractorTests.swift in Sources */,
				FA232D2F1C753A5F0097AE79 /* UserDefaultsMock.swift in Sources */,
				FAF382041C25E828007AF670 /* UpdateInteractorTests.swift in Sources */,
				FA53DE3C1BC1B38900DF2EB1 /* StartInteractorMock.swift in Sources */,
				FA1569BB1DBD52CF00C651D4 /* DeviceMock.swift in Sources */,
				FA53DE351BC193EA00DF2EB1 /* ConfigDataManagerMock.swift in Sources */,
				FA2B3DCA1C178705002DC5C9 /* UpdatePresenterTests.swift in Sources */,
				FA3A693D1BC2F9B700179176 /* ConfigDataManagerTests.swift in Sources */,
				FA53DE371BC1950300DF2EB1 /* StartInteractorOutputMock.swift in Sources */,
				FAD2A15D1C010EA6001967FD /* UpdateCoordinatorMock.swift in Sources */,
				FA2B9C091DC2AC65009F11C5 /* StubResponseHelper.swift in Sources */,
				FA3A69471BC3064A00179176 /* ConfigPersisterMock.swift in Sources */,
				FA8D78181BC46584005741D8 /* ConfigServiceMock.swift in Sources */,
				FA4EBF531C7D009000664C1E /* EventDetectorMock.swift in Sources */,
				FAED0E7A1CC97EF2000FD5EB /* ScreenshotInteractorMock.swift in Sources */,
				FA952FD01C838CE000C32DD0 /* FeedbackCoordinatorMock.swift in Sources */,
				FAED0E7E1CC991DD000FD5EB /* FeedbackInteractorMock.swift in Sources */,
				FA53DE2D1BC18D4100DF2EB1 /* StartInteractorTests.swift in Sources */,
				FA2B9C061DC2AB4F009F11C5 /* DownloadServiceTests.swift in Sources */,
				FAFBE4671C3EFEC40039BD8C /* DownloadServiceMock.swift in Sources */,
				FA2B3DCC1C1789AF002DC5C9 /* UpdateViewMock.swift in Sources */,
				FAFBE4651C3EFD890039BD8C /* DownloadDataManagerTests.swift in Sources */,
				FA232D2D1C75388A0097AE79 /* ConfigPersisterTests.swift in Sources */,
				FAFBE4611C3EEA9A0039BD8C /* UpdateInteractorOutputMock.swift in Sources */,
				FA3A69421BC2FC6F00179176 /* AppMock.swift in Sources */,
				FAADA5351DBBF25B00300A5E /* FeedbackServiceTests.swift in Sources */,
				FA4F1C5B1C53920300AC3E61 /* UpdateCoordinatorTests.swift in Sources */,
				FA1EE2E61BEAADC800B6EE11 /* JsonTests.swift in Sources */,
				FAED0E7C1CC980D2000FD5EB /* FeedbackViewMock.swift in Sources */,
				FA48CB5C1CC2D15B007A5293 /* FeedbackServiceMock.swift in Sources */,
				FA48CB581CC2CE43007A5293 /* ImageManagerMock.swift in Sources */,
				FA48CB551CC2CCEF007A5293 /* ScreenshotInteractorTests.swift in Sources */,
				FA3211D81C3EE15E00668099 /* DownloadDataManagerMock.swift in Sources */,
			);
			runOnlyForDeploymentPostprocessing = 0;
		};
/* End PBXSourcesBuildPhase section */

/* Begin PBXTargetDependency section */
		FA5EA6521E6CCB6600590120 /* PBXTargetDependency */ = {
			isa = PBXTargetDependency;
			target = FA68D8F11BC040B000589DE4 /* Applivery */;
			targetProxy = FA5EA6511E6CCB6600590120 /* PBXContainerItemProxy */;
		};
		FA68D8FF1BC040B100589DE4 /* PBXTargetDependency */ = {
			isa = PBXTargetDependency;
			target = FA68D8F11BC040B000589DE4 /* Applivery */;
			targetProxy = FA68D8FE1BC040B100589DE4 /* PBXContainerItemProxy */;
		};
/* End PBXTargetDependency section */

/* Begin PBXVariantGroup section */
		FA2C455C1C4D20A300E72847 /* Localizable.strings */ = {
			isa = PBXVariantGroup;
			children = (
				FA2C455B1C4D20A300E72847 /* en */,
			);
			name = Localizable.strings;
			path = Resources;
			sourceTree = "<group>";
		};
/* End PBXVariantGroup section */

/* Begin XCBuildConfiguration section */
		FA5EA6531E6CCB6600590120 /* Debug */ = {
			isa = XCBuildConfiguration;
			buildSettings = {
				CLANG_ANALYZER_NONNULL = YES;
				CLANG_WARN_DOCUMENTATION_COMMENTS = YES;
				FRAMEWORK_SEARCH_PATHS = (
					"$(inherited)",
					"$(PROJECT_DIR)/Carthage/Build/iOS",
				);
				INFOPLIST_FILE = AppliveryBehaviorTests/Info.plist;
				IPHONEOS_DEPLOYMENT_TARGET = 10.2;
				LD_RUNPATH_SEARCH_PATHS = "$(inherited) @executable_path/Frameworks @loader_path/Frameworks";
				PRODUCT_BUNDLE_IDENTIFIER = com.applivery.AppliveryBehaviorTests;
				PRODUCT_NAME = "$(TARGET_NAME)";
				SWIFT_ACTIVE_COMPILATION_CONDITIONS = DEBUG;
				SWIFT_VERSION = 3.0;
			};
			name = Debug;
		};
		FA5EA6541E6CCB6600590120 /* Release */ = {
			isa = XCBuildConfiguration;
			buildSettings = {
				CLANG_ANALYZER_NONNULL = YES;
				CLANG_WARN_DOCUMENTATION_COMMENTS = YES;
				FRAMEWORK_SEARCH_PATHS = (
					"$(inherited)",
					"$(PROJECT_DIR)/Carthage/Build/iOS",
				);
				INFOPLIST_FILE = AppliveryBehaviorTests/Info.plist;
				IPHONEOS_DEPLOYMENT_TARGET = 10.2;
				LD_RUNPATH_SEARCH_PATHS = "$(inherited) @executable_path/Frameworks @loader_path/Frameworks";
				PRODUCT_BUNDLE_IDENTIFIER = com.applivery.AppliveryBehaviorTests;
				PRODUCT_NAME = "$(TARGET_NAME)";
				SWIFT_VERSION = 3.0;
			};
			name = Release;
		};
		FA68D9041BC040B100589DE4 /* Debug */ = {
			isa = XCBuildConfiguration;
			buildSettings = {
				ALWAYS_SEARCH_USER_PATHS = NO;
				CLANG_CXX_LANGUAGE_STANDARD = "gnu++0x";
				CLANG_CXX_LIBRARY = "libc++";
				CLANG_ENABLE_MODULES = YES;
				CLANG_ENABLE_OBJC_ARC = YES;
				CLANG_WARN_BOOL_CONVERSION = YES;
				CLANG_WARN_CONSTANT_CONVERSION = YES;
				CLANG_WARN_DIRECT_OBJC_ISA_USAGE = YES_ERROR;
				CLANG_WARN_EMPTY_BODY = YES;
				CLANG_WARN_ENUM_CONVERSION = YES;
				CLANG_WARN_INFINITE_RECURSION = YES;
				CLANG_WARN_INT_CONVERSION = YES;
				CLANG_WARN_OBJC_ROOT_CLASS = YES_ERROR;
				CLANG_WARN_SUSPICIOUS_MOVE = YES;
				CLANG_WARN_UNREACHABLE_CODE = YES;
				CLANG_WARN__DUPLICATE_METHOD_MATCH = YES;
				"CODE_SIGN_IDENTITY[sdk=iphoneos*]" = "iPhone Developer";
				COPY_PHASE_STRIP = NO;
				CURRENT_PROJECT_VERSION = 1;
				DEBUG_INFORMATION_FORMAT = dwarf;
				ENABLE_STRICT_OBJC_MSGSEND = YES;
				ENABLE_TESTABILITY = YES;
				GCC_C_LANGUAGE_STANDARD = gnu99;
				GCC_DYNAMIC_NO_PIC = NO;
				GCC_NO_COMMON_BLOCKS = YES;
				GCC_OPTIMIZATION_LEVEL = 0;
				GCC_PREPROCESSOR_DEFINITIONS = (
					"DEBUG=1",
					"$(inherited)",
				);
				GCC_WARN_64_TO_32_BIT_CONVERSION = YES;
				GCC_WARN_ABOUT_RETURN_TYPE = YES_ERROR;
				GCC_WARN_UNDECLARED_SELECTOR = YES;
				GCC_WARN_UNINITIALIZED_AUTOS = YES_AGGRESSIVE;
				GCC_WARN_UNUSED_FUNCTION = YES;
				GCC_WARN_UNUSED_VARIABLE = YES;
				IPHONEOS_DEPLOYMENT_TARGET = 8.0;
				MTL_ENABLE_DEBUG_INFO = YES;
				ONLY_ACTIVE_ARCH = YES;
				SDKROOT = iphoneos;
				SWIFT_OPTIMIZATION_LEVEL = "-Onone";
				TARGETED_DEVICE_FAMILY = "1,2";
				VERSIONING_SYSTEM = "apple-generic";
				VERSION_INFO_PREFIX = "";
			};
			name = Debug;
		};
		FA68D9051BC040B100589DE4 /* Release */ = {
			isa = XCBuildConfiguration;
			buildSettings = {
				ALWAYS_SEARCH_USER_PATHS = NO;
				CLANG_CXX_LANGUAGE_STANDARD = "gnu++0x";
				CLANG_CXX_LIBRARY = "libc++";
				CLANG_ENABLE_MODULES = YES;
				CLANG_ENABLE_OBJC_ARC = YES;
				CLANG_WARN_BOOL_CONVERSION = YES;
				CLANG_WARN_CONSTANT_CONVERSION = YES;
				CLANG_WARN_DIRECT_OBJC_ISA_USAGE = YES_ERROR;
				CLANG_WARN_EMPTY_BODY = YES;
				CLANG_WARN_ENUM_CONVERSION = YES;
				CLANG_WARN_INFINITE_RECURSION = YES;
				CLANG_WARN_INT_CONVERSION = YES;
				CLANG_WARN_OBJC_ROOT_CLASS = YES_ERROR;
				CLANG_WARN_SUSPICIOUS_MOVE = YES;
				CLANG_WARN_UNREACHABLE_CODE = YES;
				CLANG_WARN__DUPLICATE_METHOD_MATCH = YES;
				"CODE_SIGN_IDENTITY[sdk=iphoneos*]" = "iPhone Developer";
				COPY_PHASE_STRIP = NO;
				CURRENT_PROJECT_VERSION = 1;
				DEBUG_INFORMATION_FORMAT = "dwarf-with-dsym";
				ENABLE_NS_ASSERTIONS = NO;
				ENABLE_STRICT_OBJC_MSGSEND = YES;
				GCC_C_LANGUAGE_STANDARD = gnu99;
				GCC_NO_COMMON_BLOCKS = YES;
				GCC_WARN_64_TO_32_BIT_CONVERSION = YES;
				GCC_WARN_ABOUT_RETURN_TYPE = YES_ERROR;
				GCC_WARN_UNDECLARED_SELECTOR = YES;
				GCC_WARN_UNINITIALIZED_AUTOS = YES_AGGRESSIVE;
				GCC_WARN_UNUSED_FUNCTION = YES;
				GCC_WARN_UNUSED_VARIABLE = YES;
				IPHONEOS_DEPLOYMENT_TARGET = 8.0;
				MTL_ENABLE_DEBUG_INFO = NO;
				SDKROOT = iphoneos;
				SWIFT_OPTIMIZATION_LEVEL = "-Owholemodule";
				TARGETED_DEVICE_FAMILY = "1,2";
				VALIDATE_PRODUCT = YES;
				VERSIONING_SYSTEM = "apple-generic";
				VERSION_INFO_PREFIX = "";
			};
			name = Release;
		};
		FA68D9071BC040B100589DE4 /* Debug */ = {
			isa = XCBuildConfiguration;
			buildSettings = {
				APPLICATION_EXTENSION_API_ONLY = NO;
				BITCODE_GENERATION_MODE = bitcode;
				CLANG_ENABLE_MODULES = YES;
				CODE_SIGN_IDENTITY = "iPhone Developer";
				"CODE_SIGN_IDENTITY[sdk=iphoneos*]" = "";
				CURRENT_PROJECT_VERSION = 2.3;
				DEBUG_INFORMATION_FORMAT = dwarf;
				DEFINES_MODULE = YES;
				DYLIB_COMPATIBILITY_VERSION = 2.0;
				DYLIB_CURRENT_VERSION = 2.3;
				DYLIB_INSTALL_NAME_BASE = "@rpath";
				INFOPLIST_FILE = AppliverySDK/Info.plist;
				INSTALL_PATH = "$(LOCAL_LIBRARY_DIR)/Frameworks";
				IPHONEOS_DEPLOYMENT_TARGET = 8.0;
				LD_RUNPATH_SEARCH_PATHS = "$(inherited) @executable_path/Frameworks @loader_path/Frameworks";
				PRODUCT_BUNDLE_IDENTIFIER = com.applivery.sdk;
				PRODUCT_NAME = Applivery;
				SKIP_INSTALL = YES;
				STRIP_INSTALLED_PRODUCT = NO;
				SWIFT_OPTIMIZATION_LEVEL = "-Onone";
				SWIFT_VERSION = 3.0;
			};
			name = Debug;
		};
		FA68D9081BC040B100589DE4 /* Release */ = {
			isa = XCBuildConfiguration;
			buildSettings = {
				APPLICATION_EXTENSION_API_ONLY = NO;
				BITCODE_GENERATION_MODE = bitcode;
				CLANG_ENABLE_MODULES = YES;
				CODE_SIGN_IDENTITY = "iPhone Distribution";
				"CODE_SIGN_IDENTITY[sdk=iphoneos*]" = "";
				CURRENT_PROJECT_VERSION = 2.3;
				DEBUG_INFORMATION_FORMAT = "dwarf-with-dsym";
				DEFINES_MODULE = YES;
				DYLIB_COMPATIBILITY_VERSION = 2.0;
				DYLIB_CURRENT_VERSION = 2.3;
				DYLIB_INSTALL_NAME_BASE = "@rpath";
				INFOPLIST_FILE = AppliverySDK/Info.plist;
				INSTALL_PATH = "$(LOCAL_LIBRARY_DIR)/Frameworks";
				IPHONEOS_DEPLOYMENT_TARGET = 8.0;
				LD_RUNPATH_SEARCH_PATHS = "$(inherited) @executable_path/Frameworks @loader_path/Frameworks";
				PRODUCT_BUNDLE_IDENTIFIER = com.applivery.sdk;
				PRODUCT_NAME = Applivery;
				SKIP_INSTALL = YES;
				STRIP_INSTALLED_PRODUCT = NO;
				SWIFT_OPTIMIZATION_LEVEL = "-Owholemodule";
				SWIFT_VERSION = 3.0;
			};
			name = Release;
		};
		FA68D90A1BC040B100589DE4 /* Debug */ = {
			isa = XCBuildConfiguration;
			buildSettings = {
				"CODE_SIGN_IDENTITY[sdk=iphoneos*]" = "iPhone Developer";
				DEBUG_INFORMATION_FORMAT = "dwarf-with-dsym";
				DEVELOPMENT_TEAM = "";
				FRAMEWORK_SEARCH_PATHS = (
					"$(inherited)",
					"$(PROJECT_DIR)/Carthage/Build/iOS",
				);
				INFOPLIST_FILE = AppliverySDKTests/Info.plist;
				LD_RUNPATH_SEARCH_PATHS = "$(inherited) @executable_path/Frameworks @loader_path/Frameworks";
				PRODUCT_BUNDLE_IDENTIFIER = com.applivery.AppliverySDKTests;
				PRODUCT_NAME = "$(TARGET_NAME)";
				STRIP_INSTALLED_PRODUCT = NO;
				STRIP_STYLE = debugging;
				SWIFT_VERSION = 3.0;
			};
			name = Debug;
		};
		FA68D90B1BC040B100589DE4 /* Release */ = {
			isa = XCBuildConfiguration;
			buildSettings = {
				"CODE_SIGN_IDENTITY[sdk=iphoneos*]" = "iPhone Developer";
				DEVELOPMENT_TEAM = "";
				FRAMEWORK_SEARCH_PATHS = (
					"$(inherited)",
					"$(PROJECT_DIR)/Carthage/Build/iOS",
				);
				INFOPLIST_FILE = AppliverySDKTests/Info.plist;
				LD_RUNPATH_SEARCH_PATHS = "$(inherited) @executable_path/Frameworks @loader_path/Frameworks";
				PRODUCT_BUNDLE_IDENTIFIER = com.applivery.AppliverySDKTests;
				PRODUCT_NAME = "$(TARGET_NAME)";
				STRIP_INSTALLED_PRODUCT = NO;
				STRIP_STYLE = debugging;
				SWIFT_VERSION = 3.0;
			};
			name = Release;
		};
/* End XCBuildConfiguration section */

/* Begin XCConfigurationList section */
		FA5EA6551E6CCB6600590120 /* Build configuration list for PBXNativeTarget "AppliveryBehaviorTests" */ = {
			isa = XCConfigurationList;
			buildConfigurations = (
				FA5EA6531E6CCB6600590120 /* Debug */,
				FA5EA6541E6CCB6600590120 /* Release */,
			);
			defaultConfigurationIsVisible = 0;
		};
		FA68D8EC1BC040B000589DE4 /* Build configuration list for PBXProject "AppliverySDK" */ = {
			isa = XCConfigurationList;
			buildConfigurations = (
				FA68D9041BC040B100589DE4 /* Debug */,
				FA68D9051BC040B100589DE4 /* Release */,
			);
			defaultConfigurationIsVisible = 0;
			defaultConfigurationName = Release;
		};
		FA68D9061BC040B100589DE4 /* Build configuration list for PBXNativeTarget "Applivery" */ = {
			isa = XCConfigurationList;
			buildConfigurations = (
				FA68D9071BC040B100589DE4 /* Debug */,
				FA68D9081BC040B100589DE4 /* Release */,
			);
			defaultConfigurationIsVisible = 0;
			defaultConfigurationName = Release;
		};
		FA68D9091BC040B100589DE4 /* Build configuration list for PBXNativeTarget "AppliveryTests" */ = {
			isa = XCConfigurationList;
			buildConfigurations = (
				FA68D90A1BC040B100589DE4 /* Debug */,
				FA68D90B1BC040B100589DE4 /* Release */,
			);
			defaultConfigurationIsVisible = 0;
			defaultConfigurationName = Release;
		};
/* End XCConfigurationList section */
	};
	rootObject = FA68D8E91BC040B000589DE4 /* Project object */;
}
